// !$*UTF8*$!
{
	archiveVersion = 1;
	classes = {
	};
	objectVersion = 46;
	objects = {

/* Begin PBXBuildFile section */
		1AFAF8B716D35DE700DB1158 /* AppDelegate.cpp in Sources */ = {isa = PBXBuildFile; fileRef = 1AFAF8B316D35DE700DB1158 /* AppDelegate.cpp */; };
		1D60589F0D05DD5A006BFB54 /* Foundation.framework in Frameworks */ = {isa = PBXBuildFile; fileRef = 1D30AB110D05D00D00671497 /* Foundation.framework */; };
		288765A50DF7441C002DB57D /* CoreGraphics.framework in Frameworks */ = {isa = PBXBuildFile; fileRef = 288765A40DF7441C002DB57D /* CoreGraphics.framework */; };
		503AE0F817EB97AB00D1A890 /* Icon.icns in Resources */ = {isa = PBXBuildFile; fileRef = 503AE0F617EB97AB00D1A890 /* Icon.icns */; };
		503AE10017EB989F00D1A890 /* AppController.mm in Sources */ = {isa = PBXBuildFile; fileRef = 503AE0FB17EB989F00D1A890 /* AppController.mm */; };
		503AE10117EB989F00D1A890 /* main.m in Sources */ = {isa = PBXBuildFile; fileRef = 503AE0FC17EB989F00D1A890 /* main.m */; };
		503AE10217EB989F00D1A890 /* RootViewController.mm in Sources */ = {isa = PBXBuildFile; fileRef = 503AE0FF17EB989F00D1A890 /* RootViewController.mm */; };
		503AE10517EB98FF00D1A890 /* main.cpp in Sources */ = {isa = PBXBuildFile; fileRef = 503AE10317EB98FF00D1A890 /* main.cpp */; };
		503AE11217EB99EE00D1A890 /* libcurl.dylib in Frameworks */ = {isa = PBXBuildFile; fileRef = 503AE11117EB99EE00D1A890 /* libcurl.dylib */; };
		503AE11B17EB9C5A00D1A890 /* IOKit.framework in Frameworks */ = {isa = PBXBuildFile; fileRef = 503AE11A17EB9C5A00D1A890 /* IOKit.framework */; };
		5087E75717EB910900C73F5D /* AppDelegate.cpp in Sources */ = {isa = PBXBuildFile; fileRef = 1AFAF8B316D35DE700DB1158 /* AppDelegate.cpp */; };
		5087E76317EB910900C73F5D /* Foundation.framework in Frameworks */ = {isa = PBXBuildFile; fileRef = 1D30AB110D05D00D00671497 /* Foundation.framework */; };
		5087E76517EB910900C73F5D /* CoreGraphics.framework in Frameworks */ = {isa = PBXBuildFile; fileRef = 288765A40DF7441C002DB57D /* CoreGraphics.framework */; };
		5087E76717EB910900C73F5D /* libz.dylib in Frameworks */ = {isa = PBXBuildFile; fileRef = BF170DB412928DE900B8313A /* libz.dylib */; };
		5087E76817EB910900C73F5D /* QuartzCore.framework in Frameworks */ = {isa = PBXBuildFile; fileRef = BF1C47EA1293683800B63C5D /* QuartzCore.framework */; };
		5087E76917EB910900C73F5D /* OpenAL.framework in Frameworks */ = {isa = PBXBuildFile; fileRef = D44C620B132DFF330009C878 /* OpenAL.framework */; };
		5087E76A17EB910900C73F5D /* AVFoundation.framework in Frameworks */ = {isa = PBXBuildFile; fileRef = D44C620D132DFF430009C878 /* AVFoundation.framework */; };
		5087E76B17EB910900C73F5D /* AudioToolbox.framework in Frameworks */ = {isa = PBXBuildFile; fileRef = D44C620F132DFF4E0009C878 /* AudioToolbox.framework */; };
		5087E77D17EB970100C73F5D /* Default-568h@2x.png in Resources */ = {isa = PBXBuildFile; fileRef = 5087E77217EB970100C73F5D /* Default-568h@2x.png */; };
		5087E77E17EB970100C73F5D /* Default.png in Resources */ = {isa = PBXBuildFile; fileRef = 5087E77317EB970100C73F5D /* Default.png */; };
		5087E77F17EB970100C73F5D /* Default@2x.png in Resources */ = {isa = PBXBuildFile; fileRef = 5087E77417EB970100C73F5D /* Default@2x.png */; };
		5087E78017EB970100C73F5D /* Icon-114.png in Resources */ = {isa = PBXBuildFile; fileRef = 5087E77517EB970100C73F5D /* Icon-114.png */; };
		5087E78117EB970100C73F5D /* Icon-120.png in Resources */ = {isa = PBXBuildFile; fileRef = 5087E77617EB970100C73F5D /* Icon-120.png */; };
		5087E78217EB970100C73F5D /* Icon-144.png in Resources */ = {isa = PBXBuildFile; fileRef = 5087E77717EB970100C73F5D /* Icon-144.png */; };
		5087E78317EB970100C73F5D /* Icon-152.png in Resources */ = {isa = PBXBuildFile; fileRef = 5087E77817EB970100C73F5D /* Icon-152.png */; };
		5087E78417EB970100C73F5D /* Icon-57.png in Resources */ = {isa = PBXBuildFile; fileRef = 5087E77917EB970100C73F5D /* Icon-57.png */; };
		5087E78517EB970100C73F5D /* Icon-72.png in Resources */ = {isa = PBXBuildFile; fileRef = 5087E77A17EB970100C73F5D /* Icon-72.png */; };
		5087E78617EB970100C73F5D /* Icon-76.png in Resources */ = {isa = PBXBuildFile; fileRef = 5087E77B17EB970100C73F5D /* Icon-76.png */; };
		5087E78917EB974C00C73F5D /* AppKit.framework in Frameworks */ = {isa = PBXBuildFile; fileRef = 5087E78817EB974C00C73F5D /* AppKit.framework */; };
		5087E78B17EB975400C73F5D /* OpenGL.framework in Frameworks */ = {isa = PBXBuildFile; fileRef = 5087E78A17EB975400C73F5D /* OpenGL.framework */; };
		50EF629617ECD46A001EB2F8 /* Icon-40.png in Resources */ = {isa = PBXBuildFile; fileRef = 50EF629217ECD46A001EB2F8 /* Icon-40.png */; };
		50EF629717ECD46A001EB2F8 /* Icon-58.png in Resources */ = {isa = PBXBuildFile; fileRef = 50EF629317ECD46A001EB2F8 /* Icon-58.png */; };
		50EF629817ECD46A001EB2F8 /* Icon-80.png in Resources */ = {isa = PBXBuildFile; fileRef = 50EF629417ECD46A001EB2F8 /* Icon-80.png */; };
		50EF629917ECD46A001EB2F8 /* Icon-100.png in Resources */ = {isa = PBXBuildFile; fileRef = 50EF629517ECD46A001EB2F8 /* Icon-100.png */; };
		50EF62A217ECD613001EB2F8 /* Icon-29.png in Resources */ = {isa = PBXBuildFile; fileRef = 50EF62A017ECD613001EB2F8 /* Icon-29.png */; };
		50EF62A317ECD613001EB2F8 /* Icon-50.png in Resources */ = {isa = PBXBuildFile; fileRef = 50EF62A117ECD613001EB2F8 /* Icon-50.png */; };
		B302CBEB1850E733003746A6 /* gifTexture.cpp in Sources */ = {isa = PBXBuildFile; fileRef = B302CBE91850E733003746A6 /* gifTexture.cpp */; };
		B302CBEC1850E733003746A6 /* gifTexture.cpp in Sources */ = {isa = PBXBuildFile; fileRef = B302CBE91850E733003746A6 /* gifTexture.cpp */; };
		B302CBFD18519276003746A6 /* sliderScene.cpp in Sources */ = {isa = PBXBuildFile; fileRef = B302CBFB18519276003746A6 /* sliderScene.cpp */; };
		B302CBFE18519276003746A6 /* sliderScene.cpp in Sources */ = {isa = PBXBuildFile; fileRef = B302CBFB18519276003746A6 /* sliderScene.cpp */; };
		B310039A1879B5F40049A6CF /* mainMenuScene.cpp in Sources */ = {isa = PBXBuildFile; fileRef = B31003981879B5F40049A6CF /* mainMenuScene.cpp */; };
		B310039B1879B5F40049A6CF /* mainMenuScene.cpp in Sources */ = {isa = PBXBuildFile; fileRef = B31003981879B5F40049A6CF /* mainMenuScene.cpp */; };
		B31003A0187C067A0049A6CF /* modeSelectScene.cpp in Sources */ = {isa = PBXBuildFile; fileRef = B310039E187C067A0049A6CF /* modeSelectScene.cpp */; };
		B31003A1187C067A0049A6CF /* modeSelectScene.cpp in Sources */ = {isa = PBXBuildFile; fileRef = B310039E187C067A0049A6CF /* modeSelectScene.cpp */; };
		B33DABE018479AC5001403BA /* OpenGLES.framework in Frameworks */ = {isa = PBXBuildFile; fileRef = B33DABDF18479AC5001403BA /* OpenGLES.framework */; };
		B33DABE218479AD0001403BA /* UIKit.framework in Frameworks */ = {isa = PBXBuildFile; fileRef = B33DABE118479AD0001403BA /* UIKit.framework */; };
		B33DAC1F1847A3EA001403BA /* libcocos2dx iOS.a in Frameworks */ = {isa = PBXBuildFile; fileRef = B33DAC0C1847A3B6001403BA /* libcocos2dx iOS.a */; };
		B33DAC201847A3EA001403BA /* libcocos2dx-extensions iOS.a in Frameworks */ = {isa = PBXBuildFile; fileRef = B33DAC0E1847A3B6001403BA /* libcocos2dx-extensions iOS.a */; };
		B33DAC211847A3EA001403BA /* libCocosDenshion iOS.a in Frameworks */ = {isa = PBXBuildFile; fileRef = B33DAC141847A3B6001403BA /* libCocosDenshion iOS.a */; };
		B33DAC231847A412001403BA /* libcurl.a in Frameworks */ = {isa = PBXBuildFile; fileRef = B33DAC221847A412001403BA /* libcurl.a */; };
		B33DAC70184CC6B9001403BA /* dgif_lib.c in Sources */ = {isa = PBXBuildFile; fileRef = B33DAC63184CC6B9001403BA /* dgif_lib.c */; };
		B33DAC71184CC6B9001403BA /* dgif_lib.c in Sources */ = {isa = PBXBuildFile; fileRef = B33DAC63184CC6B9001403BA /* dgif_lib.c */; };
		B33DAC72184CC6B9001403BA /* egif_lib.c in Sources */ = {isa = PBXBuildFile; fileRef = B33DAC64184CC6B9001403BA /* egif_lib.c */; };
		B33DAC73184CC6B9001403BA /* egif_lib.c in Sources */ = {isa = PBXBuildFile; fileRef = B33DAC64184CC6B9001403BA /* egif_lib.c */; };
		B33DAC74184CC6B9001403BA /* gif_err.c in Sources */ = {isa = PBXBuildFile; fileRef = B33DAC65184CC6B9001403BA /* gif_err.c */; };
		B33DAC75184CC6B9001403BA /* gif_err.c in Sources */ = {isa = PBXBuildFile; fileRef = B33DAC65184CC6B9001403BA /* gif_err.c */; };
		B33DAC76184CC6B9001403BA /* gif_font.c in Sources */ = {isa = PBXBuildFile; fileRef = B33DAC66184CC6B9001403BA /* gif_font.c */; };
		B33DAC77184CC6B9001403BA /* gif_font.c in Sources */ = {isa = PBXBuildFile; fileRef = B33DAC66184CC6B9001403BA /* gif_font.c */; };
		B33DAC78184CC6B9001403BA /* gif_hash.c in Sources */ = {isa = PBXBuildFile; fileRef = B33DAC67184CC6B9001403BA /* gif_hash.c */; };
		B33DAC79184CC6B9001403BA /* gif_hash.c in Sources */ = {isa = PBXBuildFile; fileRef = B33DAC67184CC6B9001403BA /* gif_hash.c */; };
		B33DAC7A184CC6B9001403BA /* gifalloc.c in Sources */ = {isa = PBXBuildFile; fileRef = B33DAC6B184CC6B9001403BA /* gifalloc.c */; };
		B33DAC7B184CC6B9001403BA /* gifalloc.c in Sources */ = {isa = PBXBuildFile; fileRef = B33DAC6B184CC6B9001403BA /* gifalloc.c */; };
		B33DAC82184CC6B9001403BA /* quantize.c in Sources */ = {isa = PBXBuildFile; fileRef = B33DAC6F184CC6B9001403BA /* quantize.c */; };
		B33DAC83184CC6B9001403BA /* quantize.c in Sources */ = {isa = PBXBuildFile; fileRef = B33DAC6F184CC6B9001403BA /* quantize.c */; };
		B34FDAD3186A10AA006D05A3 /* pack.cpp in Sources */ = {isa = PBXBuildFile; fileRef = B34FDAD1186A10A9006D05A3 /* pack.cpp */; };
		B34FDAD4186A10AA006D05A3 /* pack.cpp in Sources */ = {isa = PBXBuildFile; fileRef = B34FDAD1186A10A9006D05A3 /* pack.cpp */; };
		B364904918A4E6E900B93930 /* libcrypto.a in Frameworks */ = {isa = PBXBuildFile; fileRef = B364904718A4E6E900B93930 /* libcrypto.a */; };
		B364904A18A4E6E900B93930 /* libssl.a in Frameworks */ = {isa = PBXBuildFile; fileRef = B364904818A4E6E900B93930 /* libssl.a */; };
		B364905A18A51DA300B93930 /* userPackScene.cpp in Sources */ = {isa = PBXBuildFile; fileRef = B364905818A51DA300B93930 /* userPackScene.cpp */; };
		B383F8DE18A4CBA700FA5700 /* b64.c in Sources */ = {isa = PBXBuildFile; fileRef = B383F8C118A4CBA700FA5700 /* b64.c */; };
		B383F8DF18A4CBA700FA5700 /* urlsafe_b64.c in Sources */ = {isa = PBXBuildFile; fileRef = B383F8C318A4CBA700FA5700 /* urlsafe_b64.c */; };
		B383F8E118A4CBA700FA5700 /* cJSON.c in Sources */ = {isa = PBXBuildFile; fileRef = B383F8C718A4CBA700FA5700 /* cJSON.c */; };
		B383F8E218A4CBA700FA5700 /* auth_mac.c in Sources */ = {isa = PBXBuildFile; fileRef = B383F8CA18A4CBA700FA5700 /* auth_mac.c */; };
		B383F8E318A4CBA700FA5700 /* base.c in Sources */ = {isa = PBXBuildFile; fileRef = B383F8CB18A4CBA700FA5700 /* base.c */; };
		B383F8E418A4CBA700FA5700 /* base_io.c in Sources */ = {isa = PBXBuildFile; fileRef = B383F8CD18A4CBA700FA5700 /* base_io.c */; };
		B383F8E518A4CBA700FA5700 /* conf.c in Sources */ = {isa = PBXBuildFile; fileRef = B383F8CE18A4CBA700FA5700 /* conf.c */; };
		B383F8E618A4CBA700FA5700 /* http.c in Sources */ = {isa = PBXBuildFile; fileRef = B383F8D018A4CBA700FA5700 /* http.c */; };
		B383F8E718A4CBA700FA5700 /* io.c in Sources */ = {isa = PBXBuildFile; fileRef = B383F8D218A4CBA700FA5700 /* io.c */; };
		B383F8E818A4CBA700FA5700 /* qiniu.bat in Resources */ = {isa = PBXBuildFile; fileRef = B383F8D418A4CBA700FA5700 /* qiniu.bat */; };
		B383F8E918A4CBA700FA5700 /* qiniu.def in Resources */ = {isa = PBXBuildFile; fileRef = B383F8D518A4CBA700FA5700 /* qiniu.def */; };
		B383F8EA18A4CBA700FA5700 /* qiniu.dsp in Resources */ = {isa = PBXBuildFile; fileRef = B383F8D618A4CBA700FA5700 /* qiniu.dsp */; };
		B383F8EB18A4CBA700FA5700 /* resumable_io.c in Sources */ = {isa = PBXBuildFile; fileRef = B383F8D718A4CBA700FA5700 /* resumable_io.c */; };
		B383F8EC18A4CBA700FA5700 /* rs.c in Sources */ = {isa = PBXBuildFile; fileRef = B383F8D918A4CBA700FA5700 /* rs.c */; };
		B393ED25186DF3B300E372CC /* sqlite3.c in Sources */ = {isa = PBXBuildFile; fileRef = B393ED23186DF3B300E372CC /* sqlite3.c */; };
		B393ED26186DF3B300E372CC /* sqlite3.c in Sources */ = {isa = PBXBuildFile; fileRef = B393ED23186DF3B300E372CC /* sqlite3.c */; };
		B393ED36186EE43100E372CC /* db.cpp in Sources */ = {isa = PBXBuildFile; fileRef = B393ED34186EE43100E372CC /* db.cpp */; };
		B393ED37186EE43100E372CC /* db.cpp in Sources */ = {isa = PBXBuildFile; fileRef = B393ED34186EE43100E372CC /* db.cpp */; };
		B393ED39186EF38D00E372CC /* db in Resources */ = {isa = PBXBuildFile; fileRef = B393ED38186EF38D00E372CC /* db */; };
		B393ED3A186EF38D00E372CC /* db in Resources */ = {isa = PBXBuildFile; fileRef = B393ED38186EF38D00E372CC /* db */; };
		B3A638CF185D9A86009ECDF1 /* http.cpp in Sources */ = {isa = PBXBuildFile; fileRef = B3A638CD185D9A86009ECDF1 /* http.cpp */; };
		B3A638D0185D9A86009ECDF1 /* http.cpp in Sources */ = {isa = PBXBuildFile; fileRef = B3A638CD185D9A86009ECDF1 /* http.cpp */; };
		B3A638E1185DA7C7009ECDF1 /* jsonxx.cc in Sources */ = {isa = PBXBuildFile; fileRef = B3A638DF185DA7C7009ECDF1 /* jsonxx.cc */; };
		B3A638E2185DA7C7009ECDF1 /* jsonxx.cc in Sources */ = {isa = PBXBuildFile; fileRef = B3A638DF185DA7C7009ECDF1 /* jsonxx.cc */; };
		B3A638E6185DBAE9009ECDF1 /* sha.cpp in Sources */ = {isa = PBXBuildFile; fileRef = B3A638E4185DBAE9009ECDF1 /* sha.cpp */; };
		B3A638E7185DBAE9009ECDF1 /* sha.cpp in Sources */ = {isa = PBXBuildFile; fileRef = B3A638E4185DBAE9009ECDF1 /* sha.cpp */; };
		B3A638EA185F58B0009ECDF1 /* gameplay.cpp in Sources */ = {isa = PBXBuildFile; fileRef = B3A638E8185F58B0009ECDF1 /* gameplay.cpp */; };
		B3A638EB185F58B0009ECDF1 /* gameplay.cpp in Sources */ = {isa = PBXBuildFile; fileRef = B3A638E8185F58B0009ECDF1 /* gameplay.cpp */; };
		B3A638ED1861B11B009ECDF1 /* ui in Resources */ = {isa = PBXBuildFile; fileRef = B3A638EC1861B11B009ECDF1 /* ui */; };
		B3A638EE1861B11B009ECDF1 /* ui in Resources */ = {isa = PBXBuildFile; fileRef = B3A638EC1861B11B009ECDF1 /* ui */; };
		B3A639051862F842009ECDF1 /* spriteLoader.cpp in Sources */ = {isa = PBXBuildFile; fileRef = B3A639031862F841009ECDF1 /* spriteLoader.cpp */; };
		B3A639061862F842009ECDF1 /* spriteLoader.cpp in Sources */ = {isa = PBXBuildFile; fileRef = B3A639031862F841009ECDF1 /* spriteLoader.cpp */; };
		B3AA0785186BEEE200706E4D /* util.cpp in Sources */ = {isa = PBXBuildFile; fileRef = B3AA0783186BEEE200706E4D /* util.cpp */; };
		B3AA0786186BEEE200706E4D /* util.cpp in Sources */ = {isa = PBXBuildFile; fileRef = B3AA0783186BEEE200706E4D /* util.cpp */; };
		B3ACE2DF18B227B20005830A /* dragView.cpp in Sources */ = {isa = PBXBuildFile; fileRef = B3ACE2DD18B227B20005830A /* dragView.cpp */; };
		B3AE35CF18B00CA1007BD96D /* util.mm in Sources */ = {isa = PBXBuildFile; fileRef = B3AE35CE18B00CA1007BD96D /* util.mm */; };
		B3BCF356188E7E6D00A1DD08 /* loginScene.cpp in Sources */ = {isa = PBXBuildFile; fileRef = B3BCF354188E7E6C00A1DD08 /* loginScene.cpp */; };
		B3CA1F41188810A0005637A0 /* lang.cpp in Sources */ = {isa = PBXBuildFile; fileRef = B3CA1F3F188810A0005637A0 /* lang.cpp */; };
		B3CA1F42188810A0005637A0 /* lang.cpp in Sources */ = {isa = PBXBuildFile; fileRef = B3CA1F3F188810A0005637A0 /* lang.cpp */; };
		B3CA1F4418881826005637A0 /* lang in Resources */ = {isa = PBXBuildFile; fileRef = B3CA1F4318881825005637A0 /* lang */; };
		B3CA1F4518881826005637A0 /* lang in Resources */ = {isa = PBXBuildFile; fileRef = B3CA1F4318881825005637A0 /* lang */; };
		B3CC386018A392F800056424 /* ELCPicker.mm in Sources */ = {isa = PBXBuildFile; fileRef = B3CC385F18A392F800056424 /* ELCPicker.mm */; };
		B3CC388118A3930B00056424 /* ELCAlbumPickerController.m in Sources */ = {isa = PBXBuildFile; fileRef = B3CC387018A3930B00056424 /* ELCAlbumPickerController.m */; };
		B3CC388218A3930B00056424 /* ELCAsset.m in Sources */ = {isa = PBXBuildFile; fileRef = B3CC387218A3930B00056424 /* ELCAsset.m */; };
		B3CC388318A3930B00056424 /* ELCAssetCell.m in Sources */ = {isa = PBXBuildFile; fileRef = B3CC387418A3930B00056424 /* ELCAssetCell.m */; };
		B3CC388418A3930B00056424 /* ELCAssetTablePicker.m in Sources */ = {isa = PBXBuildFile; fileRef = B3CC387818A3930B00056424 /* ELCAssetTablePicker.m */; };
		B3CC388518A3930B00056424 /* ELCImagePickerController.m in Sources */ = {isa = PBXBuildFile; fileRef = B3CC387A18A3930B00056424 /* ELCImagePickerController.m */; };
		B3CC388618A3930B00056424 /* ELCAlbumPickerController.xib in Resources */ = {isa = PBXBuildFile; fileRef = B3CC387C18A3930B00056424 /* ELCAlbumPickerController.xib */; };
		B3CC388718A3930B00056424 /* ELCAssetPicker.xib in Resources */ = {isa = PBXBuildFile; fileRef = B3CC387D18A3930B00056424 /* ELCAssetPicker.xib */; };
		B3CC388818A3930B00056424 /* ELCAssetTablePicker.xib in Resources */ = {isa = PBXBuildFile; fileRef = B3CC387E18A3930B00056424 /* ELCAssetTablePicker.xib */; };
		B3CC388918A3930B00056424 /* Overlay.png in Resources */ = {isa = PBXBuildFile; fileRef = B3CC387F18A3930B00056424 /* Overlay.png */; };
		B3CC388A18A3930B00056424 /* Overlay@2x.png in Resources */ = {isa = PBXBuildFile; fileRef = B3CC388018A3930B00056424 /* Overlay@2x.png */; };
		B3CC388C18A3944700056424 /* AssetsLibrary.framework in Frameworks */ = {isa = PBXBuildFile; fileRef = B3CC388B18A3944700056424 /* AssetsLibrary.framework */; };
		B3DC5D0A1854B4FF00F732B7 /* default in Resources */ = {isa = PBXBuildFile; fileRef = B3DC5D091854B4FF00F732B7 /* default */; };
		B3DC5D0B1854B4FF00F732B7 /* default in Resources */ = {isa = PBXBuildFile; fileRef = B3DC5D091854B4FF00F732B7 /* default */; };
		B3DC5D0D1854E24C00F732B7 /* img in Resources */ = {isa = PBXBuildFile; fileRef = B3DC5D0C1854E24C00F732B7 /* img */; };
		B3DC5D0E1854E24C00F732B7 /* img in Resources */ = {isa = PBXBuildFile; fileRef = B3DC5D0C1854E24C00F732B7 /* img */; };
		B3E841811857774B0004C636 /* audio in Resources */ = {isa = PBXBuildFile; fileRef = B3E841801857774B0004C636 /* audio */; };
		B3E841821857774B0004C636 /* audio in Resources */ = {isa = PBXBuildFile; fileRef = B3E841801857774B0004C636 /* audio */; };
		B3F01AF1187E87900000B33E /* packsBookScene.cpp in Sources */ = {isa = PBXBuildFile; fileRef = B3F01AEF187E87900000B33E /* packsBookScene.cpp */; };
		B3F01AF2187E87900000B33E /* packsBookScene.cpp in Sources */ = {isa = PBXBuildFile; fileRef = B3F01AEF187E87900000B33E /* packsBookScene.cpp */; };
		B3FB833D18A78CF90037DFB4 /* qiniu.cpp in Sources */ = {isa = PBXBuildFile; fileRef = B3FB833B18A78CF90037DFB4 /* qiniu.cpp */; };
		BF1712471292920000B8313A /* libz.dylib in Frameworks */ = {isa = PBXBuildFile; fileRef = BF170DB412928DE900B8313A /* libz.dylib */; };
		BF1C47F01293687400B63C5D /* QuartzCore.framework in Frameworks */ = {isa = PBXBuildFile; fileRef = BF1C47EA1293683800B63C5D /* QuartzCore.framework */; };
		D44C620C132DFF330009C878 /* OpenAL.framework in Frameworks */ = {isa = PBXBuildFile; fileRef = D44C620B132DFF330009C878 /* OpenAL.framework */; };
		D44C620E132DFF430009C878 /* AVFoundation.framework in Frameworks */ = {isa = PBXBuildFile; fileRef = D44C620D132DFF430009C878 /* AVFoundation.framework */; };
		D44C6210132DFF4E0009C878 /* AudioToolbox.framework in Frameworks */ = {isa = PBXBuildFile; fileRef = D44C620F132DFF4E0009C878 /* AudioToolbox.framework */; };
/* End PBXBuildFile section */

/* Begin PBXContainerItemProxy section */
		B33DABFD1847A3B6001403BA /* PBXContainerItemProxy */ = {
			isa = PBXContainerItemProxy;
			containerPortal = B33DABEA1847A3B2001403BA /* cocos2d_libs.xcodeproj */;
			proxyType = 2;
			remoteGlobalIDString = 1551A33F158F2AB200E66CFE;
			remoteInfo = "cocos2dx Mac";
		};
		B33DABFF1847A3B6001403BA /* PBXContainerItemProxy */ = {
			isa = PBXContainerItemProxy;
			containerPortal = B33DABEA1847A3B2001403BA /* cocos2d_libs.xcodeproj */;
			proxyType = 2;
			remoteGlobalIDString = A03F2FD617814595006731B9;
			remoteInfo = "cocos2dx-extensions Mac";
		};
		B33DAC011847A3B6001403BA /* PBXContainerItemProxy */ = {
			isa = PBXContainerItemProxy;
			containerPortal = B33DABEA1847A3B2001403BA /* cocos2d_libs.xcodeproj */;
			proxyType = 2;
			remoteGlobalIDString = A03F2CB81780BD04006731B9;
			remoteInfo = "chipmunk Mac";
		};
		B33DAC031847A3B6001403BA /* PBXContainerItemProxy */ = {
			isa = PBXContainerItemProxy;
			containerPortal = B33DABEA1847A3B2001403BA /* cocos2d_libs.xcodeproj */;
			proxyType = 2;
			remoteGlobalIDString = A03F2D9B1780BDF7006731B9;
			remoteInfo = "box2d Mac";
		};
		B33DAC051847A3B6001403BA /* PBXContainerItemProxy */ = {
			isa = PBXContainerItemProxy;
			containerPortal = B33DABEA1847A3B2001403BA /* cocos2d_libs.xcodeproj */;
			proxyType = 2;
			remoteGlobalIDString = A03F2ED617814268006731B9;
			remoteInfo = "CocosDenshion Mac";
		};
		B33DAC071847A3B6001403BA /* PBXContainerItemProxy */ = {
			isa = PBXContainerItemProxy;
			containerPortal = B33DABEA1847A3B2001403BA /* cocos2d_libs.xcodeproj */;
			proxyType = 2;
			remoteGlobalIDString = A03F31FD1781479B006731B9;
			remoteInfo = "jsbindings Mac";
		};
		B33DAC091847A3B6001403BA /* PBXContainerItemProxy */ = {
			isa = PBXContainerItemProxy;
			containerPortal = B33DABEA1847A3B2001403BA /* cocos2d_libs.xcodeproj */;
			proxyType = 2;
			remoteGlobalIDString = 1A6FB53017854BC300CDF010;
			remoteInfo = "luabindings Mac";
		};
		B33DAC0B1847A3B6001403BA /* PBXContainerItemProxy */ = {
			isa = PBXContainerItemProxy;
			containerPortal = B33DABEA1847A3B2001403BA /* cocos2d_libs.xcodeproj */;
			proxyType = 2;
			remoteGlobalIDString = A07A4D641783777C0073F6A7;
			remoteInfo = "cocos2dx iOS";
		};
		B33DAC0D1847A3B6001403BA /* PBXContainerItemProxy */ = {
			isa = PBXContainerItemProxy;
			containerPortal = B33DABEA1847A3B2001403BA /* cocos2d_libs.xcodeproj */;
			proxyType = 2;
			remoteGlobalIDString = A07A4EFC1783867C0073F6A7;
			remoteInfo = "cocos2dx-extensions iOS";
		};
		B33DAC0F1847A3B6001403BA /* PBXContainerItemProxy */ = {
			isa = PBXContainerItemProxy;
			containerPortal = B33DABEA1847A3B2001403BA /* cocos2d_libs.xcodeproj */;
			proxyType = 2;
			remoteGlobalIDString = A07A4F3B178387670073F6A7;
			remoteInfo = "chipmunk iOS";
		};
		B33DAC111847A3B6001403BA /* PBXContainerItemProxy */ = {
			isa = PBXContainerItemProxy;
			containerPortal = B33DABEA1847A3B2001403BA /* cocos2d_libs.xcodeproj */;
			proxyType = 2;
			remoteGlobalIDString = A07A4F9E1783876B0073F6A7;
			remoteInfo = "box2d iOS";
		};
		B33DAC131847A3B6001403BA /* PBXContainerItemProxy */ = {
			isa = PBXContainerItemProxy;
			containerPortal = B33DABEA1847A3B2001403BA /* cocos2d_libs.xcodeproj */;
			proxyType = 2;
			remoteGlobalIDString = A07A4FB4178387730073F6A7;
			remoteInfo = "CocosDenshion iOS";
		};
		B33DAC151847A3B6001403BA /* PBXContainerItemProxy */ = {
			isa = PBXContainerItemProxy;
			containerPortal = B33DABEA1847A3B2001403BA /* cocos2d_libs.xcodeproj */;
			proxyType = 2;
			remoteGlobalIDString = A07A5030178387750073F6A7;
			remoteInfo = "jsbindings iOS";
		};
		B33DAC171847A3B6001403BA /* PBXContainerItemProxy */ = {
			isa = PBXContainerItemProxy;
			containerPortal = B33DABEA1847A3B2001403BA /* cocos2d_libs.xcodeproj */;
			proxyType = 2;
			remoteGlobalIDString = 1A119791178526AA00D62A44;
			remoteInfo = "luabindings iOS";
		};
		B33DAC191847A3DC001403BA /* PBXContainerItemProxy */ = {
			isa = PBXContainerItemProxy;
			containerPortal = B33DABEA1847A3B2001403BA /* cocos2d_libs.xcodeproj */;
			proxyType = 1;
			remoteGlobalIDString = A07A4C241783777C0073F6A7;
			remoteInfo = "cocos2dx iOS";
		};
		B33DAC1B1847A3DC001403BA /* PBXContainerItemProxy */ = {
			isa = PBXContainerItemProxy;
			containerPortal = B33DABEA1847A3B2001403BA /* cocos2d_libs.xcodeproj */;
			proxyType = 1;
			remoteGlobalIDString = A07A4E111783867C0073F6A7;
			remoteInfo = "cocos2dx-extensions iOS";
		};
		B33DAC1D1847A3DC001403BA /* PBXContainerItemProxy */ = {
			isa = PBXContainerItemProxy;
			containerPortal = B33DABEA1847A3B2001403BA /* cocos2d_libs.xcodeproj */;
			proxyType = 1;
			remoteGlobalIDString = A07A4F9F178387730073F6A7;
			remoteInfo = "CocosDenshion iOS";
		};
/* End PBXContainerItemProxy section */

/* Begin PBXFileReference section */
		1AFAF8B316D35DE700DB1158 /* AppDelegate.cpp */ = {isa = PBXFileReference; fileEncoding = 4; lastKnownFileType = sourcecode.cpp.cpp; name = AppDelegate.cpp; path = ../Classes/AppDelegate.cpp; sourceTree = "<group>"; };
		1AFAF8B416D35DE700DB1158 /* AppDelegate.h */ = {isa = PBXFileReference; fileEncoding = 4; lastKnownFileType = sourcecode.c.h; name = AppDelegate.h; path = ../Classes/AppDelegate.h; sourceTree = "<group>"; };
		1D30AB110D05D00D00671497 /* Foundation.framework */ = {isa = PBXFileReference; lastKnownFileType = wrapper.framework; name = Foundation.framework; path = System/Library/Frameworks/Foundation.framework; sourceTree = SDKROOT; };
		1D6058910D05DD3D006BFB54 /* delight iOS.app */ = {isa = PBXFileReference; explicitFileType = wrapper.application; includeInIndex = 0; path = "delight iOS.app"; sourceTree = BUILT_PRODUCTS_DIR; };
		1DF5F4DF0D08C38300B7A737 /* UIKit.framework */ = {isa = PBXFileReference; lastKnownFileType = wrapper.framework; name = UIKit.framework; path = System/Library/Frameworks/UIKit.framework; sourceTree = SDKROOT; };
		288765A40DF7441C002DB57D /* CoreGraphics.framework */ = {isa = PBXFileReference; lastKnownFileType = wrapper.framework; name = CoreGraphics.framework; path = System/Library/Frameworks/CoreGraphics.framework; sourceTree = SDKROOT; };
		503AE0F617EB97AB00D1A890 /* Icon.icns */ = {isa = PBXFileReference; lastKnownFileType = image.icns; path = Icon.icns; sourceTree = "<group>"; };
		503AE0F717EB97AB00D1A890 /* Info.plist */ = {isa = PBXFileReference; fileEncoding = 4; lastKnownFileType = text.plist.xml; path = Info.plist; sourceTree = "<group>"; };
		503AE0FA17EB989F00D1A890 /* AppController.h */ = {isa = PBXFileReference; fileEncoding = 4; lastKnownFileType = sourcecode.c.h; name = AppController.h; path = ios/AppController.h; sourceTree = SOURCE_ROOT; };
		503AE0FB17EB989F00D1A890 /* AppController.mm */ = {isa = PBXFileReference; fileEncoding = 4; lastKnownFileType = sourcecode.cpp.objcpp; name = AppController.mm; path = ios/AppController.mm; sourceTree = SOURCE_ROOT; };
		503AE0FC17EB989F00D1A890 /* main.m */ = {isa = PBXFileReference; fileEncoding = 4; lastKnownFileType = sourcecode.c.objc; name = main.m; path = ios/main.m; sourceTree = SOURCE_ROOT; };
		503AE0FD17EB989F00D1A890 /* Prefix.pch */ = {isa = PBXFileReference; fileEncoding = 4; lastKnownFileType = sourcecode.c.h; name = Prefix.pch; path = ios/Prefix.pch; sourceTree = SOURCE_ROOT; };
		503AE0FE17EB989F00D1A890 /* RootViewController.h */ = {isa = PBXFileReference; fileEncoding = 4; lastKnownFileType = sourcecode.c.h; name = RootViewController.h; path = ios/RootViewController.h; sourceTree = SOURCE_ROOT; };
		503AE0FF17EB989F00D1A890 /* RootViewController.mm */ = {isa = PBXFileReference; fileEncoding = 4; lastKnownFileType = sourcecode.cpp.objcpp; name = RootViewController.mm; path = ios/RootViewController.mm; sourceTree = SOURCE_ROOT; };
		503AE10317EB98FF00D1A890 /* main.cpp */ = {isa = PBXFileReference; fileEncoding = 4; lastKnownFileType = sourcecode.cpp.cpp; name = main.cpp; path = mac/main.cpp; sourceTree = "<group>"; };
		503AE10417EB98FF00D1A890 /* Prefix.pch */ = {isa = PBXFileReference; fileEncoding = 4; lastKnownFileType = sourcecode.c.h; name = Prefix.pch; path = mac/Prefix.pch; sourceTree = "<group>"; };
		503AE11117EB99EE00D1A890 /* libcurl.dylib */ = {isa = PBXFileReference; lastKnownFileType = "compiled.mach-o.dylib"; name = libcurl.dylib; path = usr/lib/libcurl.dylib; sourceTree = SDKROOT; };
		503AE11A17EB9C5A00D1A890 /* IOKit.framework */ = {isa = PBXFileReference; lastKnownFileType = wrapper.framework; name = IOKit.framework; path = System/Library/Frameworks/IOKit.framework; sourceTree = SDKROOT; };
		5087E76F17EB910900C73F5D /* delight Mac.app */ = {isa = PBXFileReference; explicitFileType = wrapper.application; includeInIndex = 0; path = "delight Mac.app"; sourceTree = BUILT_PRODUCTS_DIR; };
		5087E77217EB970100C73F5D /* Default-568h@2x.png */ = {isa = PBXFileReference; lastKnownFileType = image.png; path = "Default-568h@2x.png"; sourceTree = "<group>"; };
		5087E77317EB970100C73F5D /* Default.png */ = {isa = PBXFileReference; lastKnownFileType = image.png; path = Default.png; sourceTree = "<group>"; };
		5087E77417EB970100C73F5D /* Default@2x.png */ = {isa = PBXFileReference; lastKnownFileType = image.png; path = "Default@2x.png"; sourceTree = "<group>"; };
		5087E77517EB970100C73F5D /* Icon-114.png */ = {isa = PBXFileReference; lastKnownFileType = image.png; path = "Icon-114.png"; sourceTree = "<group>"; };
		5087E77617EB970100C73F5D /* Icon-120.png */ = {isa = PBXFileReference; lastKnownFileType = image.png; path = "Icon-120.png"; sourceTree = "<group>"; };
		5087E77717EB970100C73F5D /* Icon-144.png */ = {isa = PBXFileReference; lastKnownFileType = image.png; path = "Icon-144.png"; sourceTree = "<group>"; };
		5087E77817EB970100C73F5D /* Icon-152.png */ = {isa = PBXFileReference; lastKnownFileType = image.png; path = "Icon-152.png"; sourceTree = "<group>"; };
		5087E77917EB970100C73F5D /* Icon-57.png */ = {isa = PBXFileReference; lastKnownFileType = image.png; path = "Icon-57.png"; sourceTree = "<group>"; };
		5087E77A17EB970100C73F5D /* Icon-72.png */ = {isa = PBXFileReference; lastKnownFileType = image.png; path = "Icon-72.png"; sourceTree = "<group>"; };
		5087E77B17EB970100C73F5D /* Icon-76.png */ = {isa = PBXFileReference; lastKnownFileType = image.png; path = "Icon-76.png"; sourceTree = "<group>"; };
		5087E77C17EB970100C73F5D /* Info.plist */ = {isa = PBXFileReference; fileEncoding = 4; lastKnownFileType = text.plist.xml; path = Info.plist; sourceTree = "<group>"; };
		5087E78817EB974C00C73F5D /* AppKit.framework */ = {isa = PBXFileReference; lastKnownFileType = wrapper.framework; name = AppKit.framework; path = System/Library/Frameworks/AppKit.framework; sourceTree = SDKROOT; };
		5087E78A17EB975400C73F5D /* OpenGL.framework */ = {isa = PBXFileReference; lastKnownFileType = wrapper.framework; name = OpenGL.framework; path = System/Library/Frameworks/OpenGL.framework; sourceTree = SDKROOT; };
		50EF629217ECD46A001EB2F8 /* Icon-40.png */ = {isa = PBXFileReference; lastKnownFileType = image.png; path = "Icon-40.png"; sourceTree = "<group>"; };
		50EF629317ECD46A001EB2F8 /* Icon-58.png */ = {isa = PBXFileReference; lastKnownFileType = image.png; path = "Icon-58.png"; sourceTree = "<group>"; };
		50EF629417ECD46A001EB2F8 /* Icon-80.png */ = {isa = PBXFileReference; lastKnownFileType = image.png; path = "Icon-80.png"; sourceTree = "<group>"; };
		50EF629517ECD46A001EB2F8 /* Icon-100.png */ = {isa = PBXFileReference; lastKnownFileType = image.png; path = "Icon-100.png"; sourceTree = "<group>"; };
		50EF62A017ECD613001EB2F8 /* Icon-29.png */ = {isa = PBXFileReference; lastKnownFileType = image.png; path = "Icon-29.png"; sourceTree = "<group>"; };
		50EF62A117ECD613001EB2F8 /* Icon-50.png */ = {isa = PBXFileReference; lastKnownFileType = image.png; path = "Icon-50.png"; sourceTree = "<group>"; };
		B302CBE91850E733003746A6 /* gifTexture.cpp */ = {isa = PBXFileReference; fileEncoding = 4; lastKnownFileType = sourcecode.cpp.cpp; name = gifTexture.cpp; path = ../Classes/gifTexture.cpp; sourceTree = "<group>"; };
		B302CBEA1850E733003746A6 /* gifTexture.h */ = {isa = PBXFileReference; fileEncoding = 4; lastKnownFileType = sourcecode.c.h; name = gifTexture.h; path = ../Classes/gifTexture.h; sourceTree = "<group>"; };
		B302CBFB18519276003746A6 /* sliderScene.cpp */ = {isa = PBXFileReference; fileEncoding = 4; lastKnownFileType = sourcecode.cpp.cpp; name = sliderScene.cpp; path = ../Classes/sliderScene.cpp; sourceTree = "<group>"; };
		B302CBFC18519276003746A6 /* sliderScene.h */ = {isa = PBXFileReference; fileEncoding = 4; lastKnownFileType = sourcecode.c.h; name = sliderScene.h; path = ../Classes/sliderScene.h; sourceTree = "<group>"; };
		B31003981879B5F40049A6CF /* mainMenuScene.cpp */ = {isa = PBXFileReference; fileEncoding = 4; lastKnownFileType = sourcecode.cpp.cpp; name = mainMenuScene.cpp; path = ../Classes/mainMenuScene.cpp; sourceTree = "<group>"; };
		B31003991879B5F40049A6CF /* mainMenuScene.h */ = {isa = PBXFileReference; fileEncoding = 4; lastKnownFileType = sourcecode.c.h; name = mainMenuScene.h; path = ../Classes/mainMenuScene.h; sourceTree = "<group>"; };
		B310039E187C067A0049A6CF /* modeSelectScene.cpp */ = {isa = PBXFileReference; fileEncoding = 4; lastKnownFileType = sourcecode.cpp.cpp; name = modeSelectScene.cpp; path = ../Classes/modeSelectScene.cpp; sourceTree = "<group>"; };
		B310039F187C067A0049A6CF /* modeSelectScene.h */ = {isa = PBXFileReference; fileEncoding = 4; lastKnownFileType = sourcecode.c.h; name = modeSelectScene.h; path = ../Classes/modeSelectScene.h; sourceTree = "<group>"; };
		B33DABDF18479AC5001403BA /* OpenGLES.framework */ = {isa = PBXFileReference; lastKnownFileType = wrapper.framework; name = OpenGLES.framework; path = Platforms/iPhoneOS.platform/Developer/SDKs/iPhoneOS7.0.sdk/System/Library/Frameworks/OpenGLES.framework; sourceTree = DEVELOPER_DIR; };
		B33DABE118479AD0001403BA /* UIKit.framework */ = {isa = PBXFileReference; lastKnownFileType = wrapper.framework; name = UIKit.framework; path = Platforms/iPhoneOS.platform/Developer/SDKs/iPhoneOS7.0.sdk/System/Library/Frameworks/UIKit.framework; sourceTree = DEVELOPER_DIR; };
		B33DABEA1847A3B2001403BA /* cocos2d_libs.xcodeproj */ = {isa = PBXFileReference; lastKnownFileType = "wrapper.pb-project"; name = cocos2d_libs.xcodeproj; path = "../../../cocos2d-x-3.0alpha0/cocos2d_libs.xcodeproj"; sourceTree = "<group>"; };
		B33DAC221847A412001403BA /* libcurl.a */ = {isa = PBXFileReference; lastKnownFileType = archive.ar; name = libcurl.a; path = "../../../cocos2d-x-3.0alpha0/cocos2dx/platform/third_party/ios/libraries/libcurl.a"; sourceTree = "<group>"; };
		B33DAC63184CC6B9001403BA /* dgif_lib.c */ = {isa = PBXFileReference; fileEncoding = 4; lastKnownFileType = sourcecode.c.c; path = dgif_lib.c; sourceTree = "<group>"; };
		B33DAC64184CC6B9001403BA /* egif_lib.c */ = {isa = PBXFileReference; fileEncoding = 4; lastKnownFileType = sourcecode.c.c; path = egif_lib.c; sourceTree = "<group>"; };
		B33DAC65184CC6B9001403BA /* gif_err.c */ = {isa = PBXFileReference; fileEncoding = 4; lastKnownFileType = sourcecode.c.c; path = gif_err.c; sourceTree = "<group>"; };
		B33DAC66184CC6B9001403BA /* gif_font.c */ = {isa = PBXFileReference; fileEncoding = 4; lastKnownFileType = sourcecode.c.c; path = gif_font.c; sourceTree = "<group>"; };
		B33DAC67184CC6B9001403BA /* gif_hash.c */ = {isa = PBXFileReference; fileEncoding = 4; lastKnownFileType = sourcecode.c.c; path = gif_hash.c; sourceTree = "<group>"; };
		B33DAC68184CC6B9001403BA /* gif_hash.h */ = {isa = PBXFileReference; fileEncoding = 4; lastKnownFileType = sourcecode.c.h; path = gif_hash.h; sourceTree = "<group>"; };
		B33DAC69184CC6B9001403BA /* gif_lib.h */ = {isa = PBXFileReference; fileEncoding = 4; lastKnownFileType = sourcecode.c.h; path = gif_lib.h; sourceTree = "<group>"; };
		B33DAC6A184CC6B9001403BA /* gif_lib_private.h */ = {isa = PBXFileReference; fileEncoding = 4; lastKnownFileType = sourcecode.c.h; path = gif_lib_private.h; sourceTree = "<group>"; };
		B33DAC6B184CC6B9001403BA /* gifalloc.c */ = {isa = PBXFileReference; fileEncoding = 4; lastKnownFileType = sourcecode.c.c; path = gifalloc.c; sourceTree = "<group>"; };
		B33DAC6F184CC6B9001403BA /* quantize.c */ = {isa = PBXFileReference; fileEncoding = 4; lastKnownFileType = sourcecode.c.c; path = quantize.c; sourceTree = "<group>"; };
		B33F4FCB188BF742000A5AD6 /* sha.cpp */ = {isa = PBXFileReference; lastKnownFileType = sourcecode.cpp.cpp; path = sha.cpp; sourceTree = "<group>"; };
		B33F4FCC188BF742000A5AD6 /* sha.h */ = {isa = PBXFileReference; lastKnownFileType = sourcecode.c.h; path = sha.h; sourceTree = "<group>"; };
		B33F4FCE188BF742000A5AD6 /* dgif_lib.c */ = {isa = PBXFileReference; lastKnownFileType = sourcecode.c.c; path = dgif_lib.c; sourceTree = "<group>"; };
		B33F4FCF188BF742000A5AD6 /* egif_lib.c */ = {isa = PBXFileReference; lastKnownFileType = sourcecode.c.c; path = egif_lib.c; sourceTree = "<group>"; };
		B33F4FD0188BF742000A5AD6 /* gif_err.c */ = {isa = PBXFileReference; lastKnownFileType = sourcecode.c.c; path = gif_err.c; sourceTree = "<group>"; };
		B33F4FD1188BF742000A5AD6 /* gif_font.c */ = {isa = PBXFileReference; lastKnownFileType = sourcecode.c.c; path = gif_font.c; sourceTree = "<group>"; };
		B33F4FD2188BF742000A5AD6 /* gif_hash.c */ = {isa = PBXFileReference; lastKnownFileType = sourcecode.c.c; path = gif_hash.c; sourceTree = "<group>"; };
		B33F4FD3188BF742000A5AD6 /* gif_hash.h */ = {isa = PBXFileReference; lastKnownFileType = sourcecode.c.h; path = gif_hash.h; sourceTree = "<group>"; };
		B33F4FD4188BF742000A5AD6 /* gif_lib.h */ = {isa = PBXFileReference; lastKnownFileType = sourcecode.c.h; path = gif_lib.h; sourceTree = "<group>"; };
		B33F4FD5188BF742000A5AD6 /* gif_lib_private.h */ = {isa = PBXFileReference; lastKnownFileType = sourcecode.c.h; path = gif_lib_private.h; sourceTree = "<group>"; };
		B33F4FD6188BF742000A5AD6 /* gifalloc.c */ = {isa = PBXFileReference; lastKnownFileType = sourcecode.c.c; path = gifalloc.c; sourceTree = "<group>"; };
		B33F4FD7188BF742000A5AD6 /* Makefile.am */ = {isa = PBXFileReference; lastKnownFileType = text; path = Makefile.am; sourceTree = "<group>"; };
		B33F4FD8188BF742000A5AD6 /* Makefile.in */ = {isa = PBXFileReference; lastKnownFileType = text; path = Makefile.in; sourceTree = "<group>"; };
		B33F4FD9188BF742000A5AD6 /* Makefile.unx */ = {isa = PBXFileReference; lastKnownFileType = text; path = Makefile.unx; sourceTree = "<group>"; };
		B33F4FDA188BF742000A5AD6 /* quantize.c */ = {isa = PBXFileReference; lastKnownFileType = sourcecode.c.c; path = quantize.c; sourceTree = "<group>"; };
		B33F4FDC188BF742000A5AD6 /* jsonxx.cc */ = {isa = PBXFileReference; lastKnownFileType = sourcecode.cpp.cpp; path = jsonxx.cc; sourceTree = "<group>"; };
		B33F4FDD188BF742000A5AD6 /* jsonxx.h */ = {isa = PBXFileReference; lastKnownFileType = sourcecode.c.h; path = jsonxx.h; sourceTree = "<group>"; };
		B33F4FDF188BF742000A5AD6 /* lwLog.h */ = {isa = PBXFileReference; lastKnownFileType = sourcecode.c.h; path = lwLog.h; sourceTree = "<group>"; };
		B33F4FE1188BF742000A5AD6 /* sqlite3.c */ = {isa = PBXFileReference; lastKnownFileType = sourcecode.c.c; path = sqlite3.c; sourceTree = "<group>"; };
		B33F4FE2188BF742000A5AD6 /* sqlite3.h */ = {isa = PBXFileReference; lastKnownFileType = sourcecode.c.h; path = sqlite3.h; sourceTree = "<group>"; };
		B33F4FE4188BF742000A5AD6 /* libWeChatSDK.a */ = {isa = PBXFileReference; lastKnownFileType = archive.ar; path = libWeChatSDK.a; sourceTree = "<group>"; };
		B33F4FE5188BF742000A5AD6 /* WXApi.h */ = {isa = PBXFileReference; lastKnownFileType = sourcecode.c.h; path = WXApi.h; sourceTree = "<group>"; };
		B33F4FE6188BF742000A5AD6 /* WXApiObject.h */ = {isa = PBXFileReference; lastKnownFileType = sourcecode.c.h; path = WXApiObject.h; sourceTree = "<group>"; };
		B34FDAD1186A10A9006D05A3 /* pack.cpp */ = {isa = PBXFileReference; fileEncoding = 4; lastKnownFileType = sourcecode.cpp.cpp; name = pack.cpp; path = ../Classes/pack.cpp; sourceTree = "<group>"; };
		B34FDAD2186A10A9006D05A3 /* pack.h */ = {isa = PBXFileReference; fileEncoding = 4; lastKnownFileType = sourcecode.c.h; name = pack.h; path = ../Classes/pack.h; sourceTree = "<group>"; };
		B34FDAE3186A198A006D05A3 /* lwLog.h */ = {isa = PBXFileReference; fileEncoding = 4; lastKnownFileType = sourcecode.c.h; path = lwLog.h; sourceTree = "<group>"; };
		B364904718A4E6E900B93930 /* libcrypto.a */ = {isa = PBXFileReference; lastKnownFileType = archive.ar; name = libcrypto.a; path = ../external/openssl/lib/libcrypto.a; sourceTree = "<group>"; };
		B364904818A4E6E900B93930 /* libssl.a */ = {isa = PBXFileReference; lastKnownFileType = archive.ar; name = libssl.a; path = ../external/openssl/lib/libssl.a; sourceTree = "<group>"; };
		B364905818A51DA300B93930 /* userPackScene.cpp */ = {isa = PBXFileReference; fileEncoding = 4; lastKnownFileType = sourcecode.cpp.cpp; name = userPackScene.cpp; path = ../Classes/userPackScene.cpp; sourceTree = "<group>"; };
		B364905918A51DA300B93930 /* userPackScene.h */ = {isa = PBXFileReference; fileEncoding = 4; lastKnownFileType = sourcecode.c.h; name = userPackScene.h; path = ../Classes/userPackScene.h; sourceTree = "<group>"; };
		B383F8C118A4CBA700FA5700 /* b64.c */ = {isa = PBXFileReference; fileEncoding = 4; lastKnownFileType = sourcecode.c.c; path = b64.c; sourceTree = "<group>"; };
		B383F8C218A4CBA700FA5700 /* b64.h */ = {isa = PBXFileReference; fileEncoding = 4; lastKnownFileType = sourcecode.c.h; path = b64.h; sourceTree = "<group>"; };
		B383F8C318A4CBA700FA5700 /* urlsafe_b64.c */ = {isa = PBXFileReference; fileEncoding = 4; lastKnownFileType = sourcecode.c.c; path = urlsafe_b64.c; sourceTree = "<group>"; };
		B383F8C418A4CBA700FA5700 /* urlsafe_b64.h */ = {isa = PBXFileReference; fileEncoding = 4; lastKnownFileType = sourcecode.c.h; path = urlsafe_b64.h; sourceTree = "<group>"; };
		B383F8C718A4CBA700FA5700 /* cJSON.c */ = {isa = PBXFileReference; fileEncoding = 4; lastKnownFileType = sourcecode.c.c; path = cJSON.c; sourceTree = "<group>"; };
		B383F8C818A4CBA700FA5700 /* cJSON.h */ = {isa = PBXFileReference; fileEncoding = 4; lastKnownFileType = sourcecode.c.h; path = cJSON.h; sourceTree = "<group>"; };
		B383F8CA18A4CBA700FA5700 /* auth_mac.c */ = {isa = PBXFileReference; fileEncoding = 4; lastKnownFileType = sourcecode.c.c; path = auth_mac.c; sourceTree = "<group>"; };
		B383F8CB18A4CBA700FA5700 /* base.c */ = {isa = PBXFileReference; fileEncoding = 4; lastKnownFileType = sourcecode.c.c; path = base.c; sourceTree = "<group>"; };
		B383F8CC18A4CBA700FA5700 /* base.h */ = {isa = PBXFileReference; fileEncoding = 4; lastKnownFileType = sourcecode.c.h; path = base.h; sourceTree = "<group>"; };
		B383F8CD18A4CBA700FA5700 /* base_io.c */ = {isa = PBXFileReference; fileEncoding = 4; lastKnownFileType = sourcecode.c.c; path = base_io.c; sourceTree = "<group>"; };
		B383F8CE18A4CBA700FA5700 /* conf.c */ = {isa = PBXFileReference; fileEncoding = 4; lastKnownFileType = sourcecode.c.c; path = conf.c; sourceTree = "<group>"; };
		B383F8CF18A4CBA700FA5700 /* conf.h */ = {isa = PBXFileReference; fileEncoding = 4; lastKnownFileType = sourcecode.c.h; path = conf.h; sourceTree = "<group>"; };
		B383F8D018A4CBA700FA5700 /* http.c */ = {isa = PBXFileReference; fileEncoding = 4; lastKnownFileType = sourcecode.c.c; path = http.c; sourceTree = "<group>"; };
		B383F8D118A4CBA700FA5700 /* http.h */ = {isa = PBXFileReference; fileEncoding = 4; lastKnownFileType = sourcecode.c.h; path = http.h; sourceTree = "<group>"; };
		B383F8D218A4CBA700FA5700 /* io.c */ = {isa = PBXFileReference; fileEncoding = 4; lastKnownFileType = sourcecode.c.c; path = io.c; sourceTree = "<group>"; };
		B383F8D318A4CBA700FA5700 /* io.h */ = {isa = PBXFileReference; fileEncoding = 4; lastKnownFileType = sourcecode.c.h; path = io.h; sourceTree = "<group>"; };
		B383F8D418A4CBA700FA5700 /* qiniu.bat */ = {isa = PBXFileReference; fileEncoding = 4; lastKnownFileType = text; path = qiniu.bat; sourceTree = "<group>"; };
		B383F8D518A4CBA700FA5700 /* qiniu.def */ = {isa = PBXFileReference; fileEncoding = 4; lastKnownFileType = text; path = qiniu.def; sourceTree = "<group>"; };
		B383F8D618A4CBA700FA5700 /* qiniu.dsp */ = {isa = PBXFileReference; fileEncoding = 4; lastKnownFileType = text; path = qiniu.dsp; sourceTree = "<group>"; };
		B383F8D718A4CBA700FA5700 /* resumable_io.c */ = {isa = PBXFileReference; fileEncoding = 4; lastKnownFileType = sourcecode.c.c; path = resumable_io.c; sourceTree = "<group>"; };
		B383F8D818A4CBA700FA5700 /* resumable_io.h */ = {isa = PBXFileReference; fileEncoding = 4; lastKnownFileType = sourcecode.c.h; path = resumable_io.h; sourceTree = "<group>"; };
		B383F8D918A4CBA700FA5700 /* rs.c */ = {isa = PBXFileReference; fileEncoding = 4; lastKnownFileType = sourcecode.c.c; path = rs.c; sourceTree = "<group>"; };
		B383F8DA18A4CBA700FA5700 /* rs.h */ = {isa = PBXFileReference; fileEncoding = 4; lastKnownFileType = sourcecode.c.h; path = rs.h; sourceTree = "<group>"; };
		B393ED23186DF3B300E372CC /* sqlite3.c */ = {isa = PBXFileReference; fileEncoding = 4; lastKnownFileType = sourcecode.c.c; path = sqlite3.c; sourceTree = "<group>"; };
		B393ED24186DF3B300E372CC /* sqlite3.h */ = {isa = PBXFileReference; fileEncoding = 4; lastKnownFileType = sourcecode.c.h; path = sqlite3.h; sourceTree = "<group>"; };
		B393ED34186EE43100E372CC /* db.cpp */ = {isa = PBXFileReference; fileEncoding = 4; lastKnownFileType = sourcecode.cpp.cpp; name = db.cpp; path = ../Classes/db.cpp; sourceTree = "<group>"; };
		B393ED35186EE43100E372CC /* db.h */ = {isa = PBXFileReference; fileEncoding = 4; lastKnownFileType = sourcecode.c.h; name = db.h; path = ../Classes/db.h; sourceTree = "<group>"; };
		B393ED38186EF38D00E372CC /* db */ = {isa = PBXFileReference; lastKnownFileType = folder; path = db; sourceTree = "<group>"; };
		B3A638CD185D9A86009ECDF1 /* http.cpp */ = {isa = PBXFileReference; fileEncoding = 4; lastKnownFileType = sourcecode.cpp.cpp; name = http.cpp; path = ../Classes/http.cpp; sourceTree = "<group>"; };
		B3A638CE185D9A86009ECDF1 /* http.h */ = {isa = PBXFileReference; fileEncoding = 4; lastKnownFileType = sourcecode.c.h; name = http.h; path = ../Classes/http.h; sourceTree = "<group>"; };
		B3A638DF185DA7C7009ECDF1 /* jsonxx.cc */ = {isa = PBXFileReference; fileEncoding = 4; lastKnownFileType = sourcecode.cpp.cpp; path = jsonxx.cc; sourceTree = "<group>"; };
		B3A638E0185DA7C7009ECDF1 /* jsonxx.h */ = {isa = PBXFileReference; fileEncoding = 4; lastKnownFileType = sourcecode.c.h; path = jsonxx.h; sourceTree = "<group>"; };
		B3A638E4185DBAE9009ECDF1 /* sha.cpp */ = {isa = PBXFileReference; fileEncoding = 4; lastKnownFileType = sourcecode.cpp.cpp; path = sha.cpp; sourceTree = "<group>"; };
		B3A638E5185DBAE9009ECDF1 /* sha.h */ = {isa = PBXFileReference; fileEncoding = 4; lastKnownFileType = sourcecode.c.h; path = sha.h; sourceTree = "<group>"; };
		B3A638E8185F58B0009ECDF1 /* gameplay.cpp */ = {isa = PBXFileReference; fileEncoding = 4; lastKnownFileType = sourcecode.cpp.cpp; name = gameplay.cpp; path = ../Classes/gameplay.cpp; sourceTree = "<group>"; };
		B3A638E9185F58B0009ECDF1 /* gameplay.h */ = {isa = PBXFileReference; fileEncoding = 4; lastKnownFileType = sourcecode.c.h; name = gameplay.h; path = ../Classes/gameplay.h; sourceTree = "<group>"; };
		B3A638EC1861B11B009ECDF1 /* ui */ = {isa = PBXFileReference; lastKnownFileType = folder; path = ui; sourceTree = "<group>"; };
		B3A639031862F841009ECDF1 /* spriteLoader.cpp */ = {isa = PBXFileReference; fileEncoding = 4; lastKnownFileType = sourcecode.cpp.cpp; name = spriteLoader.cpp; path = ../Classes/spriteLoader.cpp; sourceTree = "<group>"; };
		B3A639041862F841009ECDF1 /* spriteLoader.h */ = {isa = PBXFileReference; fileEncoding = 4; lastKnownFileType = sourcecode.c.h; name = spriteLoader.h; path = ../Classes/spriteLoader.h; sourceTree = "<group>"; };
		B3AA0783186BEEE200706E4D /* util.cpp */ = {isa = PBXFileReference; fileEncoding = 4; lastKnownFileType = sourcecode.cpp.cpp; name = util.cpp; path = ../Classes/util.cpp; sourceTree = "<group>"; };
		B3AA0784186BEEE200706E4D /* util.h */ = {isa = PBXFileReference; fileEncoding = 4; lastKnownFileType = sourcecode.c.h; name = util.h; path = ../Classes/util.h; sourceTree = "<group>"; };
		B3ACE2DD18B227B20005830A /* dragView.cpp */ = {isa = PBXFileReference; fileEncoding = 4; lastKnownFileType = sourcecode.cpp.cpp; name = dragView.cpp; path = ../Classes/dragView.cpp; sourceTree = "<group>"; };
		B3ACE2DE18B227B20005830A /* dragView.h */ = {isa = PBXFileReference; fileEncoding = 4; lastKnownFileType = sourcecode.c.h; name = dragView.h; path = ../Classes/dragView.h; sourceTree = "<group>"; };
		B3AE35CE18B00CA1007BD96D /* util.mm */ = {isa = PBXFileReference; fileEncoding = 4; lastKnownFileType = sourcecode.cpp.objcpp; name = util.mm; path = ../Classes/util.mm; sourceTree = "<group>"; };
		B3BCF354188E7E6C00A1DD08 /* loginScene.cpp */ = {isa = PBXFileReference; fileEncoding = 4; lastKnownFileType = sourcecode.cpp.cpp; name = loginScene.cpp; path = ../Classes/loginScene.cpp; sourceTree = "<group>"; };
		B3BCF355188E7E6D00A1DD08 /* loginScene.h */ = {isa = PBXFileReference; fileEncoding = 4; lastKnownFileType = sourcecode.c.h; name = loginScene.h; path = ../Classes/loginScene.h; sourceTree = "<group>"; };
		B3CA1F3F188810A0005637A0 /* lang.cpp */ = {isa = PBXFileReference; fileEncoding = 4; lastKnownFileType = sourcecode.cpp.cpp; name = lang.cpp; path = ../Classes/lang.cpp; sourceTree = "<group>"; };
		B3CA1F40188810A0005637A0 /* lang.h */ = {isa = PBXFileReference; fileEncoding = 4; lastKnownFileType = sourcecode.c.h; name = lang.h; path = ../Classes/lang.h; sourceTree = "<group>"; };
		B3CA1F4318881825005637A0 /* lang */ = {isa = PBXFileReference; lastKnownFileType = folder; path = lang; sourceTree = "<group>"; };
		B3CC385E18A392F800056424 /* ELCPicker.h */ = {isa = PBXFileReference; fileEncoding = 4; lastKnownFileType = sourcecode.c.h; name = ELCPicker.h; path = ../Classes/ELCPicker.h; sourceTree = "<group>"; };
		B3CC385F18A392F800056424 /* ELCPicker.mm */ = {isa = PBXFileReference; fileEncoding = 4; lastKnownFileType = sourcecode.cpp.objcpp; name = ELCPicker.mm; path = ../Classes/ELCPicker.mm; sourceTree = "<group>"; };
		B3CC386F18A3930B00056424 /* ELCAlbumPickerController.h */ = {isa = PBXFileReference; fileEncoding = 4; lastKnownFileType = sourcecode.c.h; path = ELCAlbumPickerController.h; sourceTree = "<group>"; };
		B3CC387018A3930B00056424 /* ELCAlbumPickerController.m */ = {isa = PBXFileReference; fileEncoding = 4; lastKnownFileType = sourcecode.c.objc; path = ELCAlbumPickerController.m; sourceTree = "<group>"; };
		B3CC387118A3930B00056424 /* ELCAsset.h */ = {isa = PBXFileReference; fileEncoding = 4; lastKnownFileType = sourcecode.c.h; path = ELCAsset.h; sourceTree = "<group>"; };
		B3CC387218A3930B00056424 /* ELCAsset.m */ = {isa = PBXFileReference; fileEncoding = 4; lastKnownFileType = sourcecode.c.objc; path = ELCAsset.m; sourceTree = "<group>"; };
		B3CC387318A3930B00056424 /* ELCAssetCell.h */ = {isa = PBXFileReference; fileEncoding = 4; lastKnownFileType = sourcecode.c.h; path = ELCAssetCell.h; sourceTree = "<group>"; };
		B3CC387418A3930B00056424 /* ELCAssetCell.m */ = {isa = PBXFileReference; fileEncoding = 4; lastKnownFileType = sourcecode.c.objc; path = ELCAssetCell.m; sourceTree = "<group>"; };
		B3CC387518A3930B00056424 /* ELCAssetPickerFilterDelegate.h */ = {isa = PBXFileReference; fileEncoding = 4; lastKnownFileType = sourcecode.c.h; path = ELCAssetPickerFilterDelegate.h; sourceTree = "<group>"; };
		B3CC387618A3930B00056424 /* ELCAssetSelectionDelegate.h */ = {isa = PBXFileReference; fileEncoding = 4; lastKnownFileType = sourcecode.c.h; path = ELCAssetSelectionDelegate.h; sourceTree = "<group>"; };
		B3CC387718A3930B00056424 /* ELCAssetTablePicker.h */ = {isa = PBXFileReference; fileEncoding = 4; lastKnownFileType = sourcecode.c.h; path = ELCAssetTablePicker.h; sourceTree = "<group>"; };
		B3CC387818A3930B00056424 /* ELCAssetTablePicker.m */ = {isa = PBXFileReference; fileEncoding = 4; lastKnownFileType = sourcecode.c.objc; path = ELCAssetTablePicker.m; sourceTree = "<group>"; };
		B3CC387918A3930B00056424 /* ELCImagePickerController.h */ = {isa = PBXFileReference; fileEncoding = 4; lastKnownFileType = sourcecode.c.h; path = ELCImagePickerController.h; sourceTree = "<group>"; };
		B3CC387A18A3930B00056424 /* ELCImagePickerController.m */ = {isa = PBXFileReference; fileEncoding = 4; lastKnownFileType = sourcecode.c.objc; path = ELCImagePickerController.m; sourceTree = "<group>"; };
		B3CC387C18A3930B00056424 /* ELCAlbumPickerController.xib */ = {isa = PBXFileReference; fileEncoding = 4; lastKnownFileType = file.xib; path = ELCAlbumPickerController.xib; sourceTree = "<group>"; };
		B3CC387D18A3930B00056424 /* ELCAssetPicker.xib */ = {isa = PBXFileReference; fileEncoding = 4; lastKnownFileType = file.xib; path = ELCAssetPicker.xib; sourceTree = "<group>"; };
		B3CC387E18A3930B00056424 /* ELCAssetTablePicker.xib */ = {isa = PBXFileReference; fileEncoding = 4; lastKnownFileType = file.xib; path = ELCAssetTablePicker.xib; sourceTree = "<group>"; };
		B3CC387F18A3930B00056424 /* Overlay.png */ = {isa = PBXFileReference; lastKnownFileType = image.png; path = Overlay.png; sourceTree = "<group>"; };
		B3CC388018A3930B00056424 /* Overlay@2x.png */ = {isa = PBXFileReference; lastKnownFileType = image.png; path = "Overlay@2x.png"; sourceTree = "<group>"; };
		B3CC388B18A3944700056424 /* AssetsLibrary.framework */ = {isa = PBXFileReference; lastKnownFileType = wrapper.framework; name = AssetsLibrary.framework; path = Platforms/iPhoneOS.platform/Developer/SDKs/iPhoneOS7.0.sdk/System/Library/Frameworks/AssetsLibrary.framework; sourceTree = DEVELOPER_DIR; };
		B3DC5D091854B4FF00F732B7 /* default */ = {isa = PBXFileReference; lastKnownFileType = folder; path = default; sourceTree = "<group>"; };
		B3DC5D0C1854E24C00F732B7 /* img */ = {isa = PBXFileReference; lastKnownFileType = folder; path = img; sourceTree = "<group>"; };
		B3E841801857774B0004C636 /* audio */ = {isa = PBXFileReference; lastKnownFileType = folder; path = audio; sourceTree = "<group>"; };
		B3F01AEF187E87900000B33E /* packsBookScene.cpp */ = {isa = PBXFileReference; fileEncoding = 4; lastKnownFileType = sourcecode.cpp.cpp; name = packsBookScene.cpp; path = ../Classes/packsBookScene.cpp; sourceTree = "<group>"; };
		B3F01AF0187E87900000B33E /* packsBookScene.h */ = {isa = PBXFileReference; fileEncoding = 4; lastKnownFileType = sourcecode.c.h; name = packsBookScene.h; path = ../Classes/packsBookScene.h; sourceTree = "<group>"; };
		B3FB833B18A78CF90037DFB4 /* qiniu.cpp */ = {isa = PBXFileReference; fileEncoding = 4; lastKnownFileType = sourcecode.cpp.cpp; name = qiniu.cpp; path = ../Classes/qiniu.cpp; sourceTree = "<group>"; };
		B3FB833C18A78CF90037DFB4 /* qiniu.h */ = {isa = PBXFileReference; fileEncoding = 4; lastKnownFileType = sourcecode.c.h; name = qiniu.h; path = ../Classes/qiniu.h; sourceTree = "<group>"; };
		BF170DB012928DE900B8313A /* OpenGLES.framework */ = {isa = PBXFileReference; lastKnownFileType = wrapper.framework; name = OpenGLES.framework; path = System/Library/Frameworks/OpenGLES.framework; sourceTree = SDKROOT; };
		BF170DB412928DE900B8313A /* libz.dylib */ = {isa = PBXFileReference; lastKnownFileType = "compiled.mach-o.dylib"; name = libz.dylib; path = usr/lib/libz.dylib; sourceTree = SDKROOT; };
		BF1C47EA1293683800B63C5D /* QuartzCore.framework */ = {isa = PBXFileReference; lastKnownFileType = wrapper.framework; name = QuartzCore.framework; path = System/Library/Frameworks/QuartzCore.framework; sourceTree = SDKROOT; };
		D44C620B132DFF330009C878 /* OpenAL.framework */ = {isa = PBXFileReference; lastKnownFileType = wrapper.framework; name = OpenAL.framework; path = System/Library/Frameworks/OpenAL.framework; sourceTree = SDKROOT; };
		D44C620D132DFF430009C878 /* AVFoundation.framework */ = {isa = PBXFileReference; lastKnownFileType = wrapper.framework; name = AVFoundation.framework; path = System/Library/Frameworks/AVFoundation.framework; sourceTree = SDKROOT; };
		D44C620F132DFF4E0009C878 /* AudioToolbox.framework */ = {isa = PBXFileReference; lastKnownFileType = wrapper.framework; name = AudioToolbox.framework; path = System/Library/Frameworks/AudioToolbox.framework; sourceTree = SDKROOT; };
/* End PBXFileReference section */

/* Begin PBXFrameworksBuildPhase section */
		1D60588F0D05DD3D006BFB54 /* Frameworks */ = {
			isa = PBXFrameworksBuildPhase;
			buildActionMask = 2147483647;
			files = (
				B364904A18A4E6E900B93930 /* libssl.a in Frameworks */,
				B3CC388C18A3944700056424 /* AssetsLibrary.framework in Frameworks */,
				B33DAC231847A412001403BA /* libcurl.a in Frameworks */,
				B33DAC1F1847A3EA001403BA /* libcocos2dx iOS.a in Frameworks */,
				B33DAC201847A3EA001403BA /* libcocos2dx-extensions iOS.a in Frameworks */,
				B33DAC211847A3EA001403BA /* libCocosDenshion iOS.a in Frameworks */,
				B33DABE218479AD0001403BA /* UIKit.framework in Frameworks */,
				B33DABE018479AC5001403BA /* OpenGLES.framework in Frameworks */,
				1D60589F0D05DD5A006BFB54 /* Foundation.framework in Frameworks */,
				288765A50DF7441C002DB57D /* CoreGraphics.framework in Frameworks */,
				BF1712471292920000B8313A /* libz.dylib in Frameworks */,
				BF1C47F01293687400B63C5D /* QuartzCore.framework in Frameworks */,
				B364904918A4E6E900B93930 /* libcrypto.a in Frameworks */,
				D44C620C132DFF330009C878 /* OpenAL.framework in Frameworks */,
				D44C620E132DFF430009C878 /* AVFoundation.framework in Frameworks */,
				D44C6210132DFF4E0009C878 /* AudioToolbox.framework in Frameworks */,
			);
			runOnlyForDeploymentPostprocessing = 0;
		};
		5087E75C17EB910900C73F5D /* Frameworks */ = {
			isa = PBXFrameworksBuildPhase;
			buildActionMask = 2147483647;
			files = (
				503AE11217EB99EE00D1A890 /* libcurl.dylib in Frameworks */,
				5087E76717EB910900C73F5D /* libz.dylib in Frameworks */,
				503AE11B17EB9C5A00D1A890 /* IOKit.framework in Frameworks */,
				5087E78B17EB975400C73F5D /* OpenGL.framework in Frameworks */,
				5087E78917EB974C00C73F5D /* AppKit.framework in Frameworks */,
				5087E76317EB910900C73F5D /* Foundation.framework in Frameworks */,
				5087E76517EB910900C73F5D /* CoreGraphics.framework in Frameworks */,
				5087E76817EB910900C73F5D /* QuartzCore.framework in Frameworks */,
				5087E76917EB910900C73F5D /* OpenAL.framework in Frameworks */,
				5087E76A17EB910900C73F5D /* AVFoundation.framework in Frameworks */,
				5087E76B17EB910900C73F5D /* AudioToolbox.framework in Frameworks */,
			);
			runOnlyForDeploymentPostprocessing = 0;
		};
/* End PBXFrameworksBuildPhase section */

/* Begin PBXGroup section */
		080E96DDFE201D6D7F000001 /* ios */ = {
			isa = PBXGroup;
			children = (
				5087E77117EB970100C73F5D /* Icons */,
				503AE0FA17EB989F00D1A890 /* AppController.h */,
				503AE0FB17EB989F00D1A890 /* AppController.mm */,
				503AE0FC17EB989F00D1A890 /* main.m */,
				503AE0FD17EB989F00D1A890 /* Prefix.pch */,
				503AE0FE17EB989F00D1A890 /* RootViewController.h */,
				503AE0FF17EB989F00D1A890 /* RootViewController.mm */,
			);
			name = ios;
			path = Classes;
			sourceTree = "<group>";
		};
		15AA9C4015B7EC450033D6C2 /* Classes */ = {
			isa = PBXGroup;
			children = (
				B364905818A51DA300B93930 /* userPackScene.cpp */,
				B364905918A51DA300B93930 /* userPackScene.h */,
				B3BCF354188E7E6C00A1DD08 /* loginScene.cpp */,
				B3BCF355188E7E6D00A1DD08 /* loginScene.h */,
				B31003981879B5F40049A6CF /* mainMenuScene.cpp */,
				B31003991879B5F40049A6CF /* mainMenuScene.h */,
				B3ACE2DD18B227B20005830A /* dragView.cpp */,
				B3ACE2DE18B227B20005830A /* dragView.h */,
				B3F01AEF187E87900000B33E /* packsBookScene.cpp */,
				B3F01AF0187E87900000B33E /* packsBookScene.h */,
				B310039E187C067A0049A6CF /* modeSelectScene.cpp */,
				B310039F187C067A0049A6CF /* modeSelectScene.h */,
				B302CBFB18519276003746A6 /* sliderScene.cpp */,
				B302CBFC18519276003746A6 /* sliderScene.h */,
				B3A639031862F841009ECDF1 /* spriteLoader.cpp */,
				B3A639041862F841009ECDF1 /* spriteLoader.h */,
				B3A638E8185F58B0009ECDF1 /* gameplay.cpp */,
				B3A638E9185F58B0009ECDF1 /* gameplay.h */,
				B34FDAD1186A10A9006D05A3 /* pack.cpp */,
				B34FDAD2186A10A9006D05A3 /* pack.h */,
				B302CBE91850E733003746A6 /* gifTexture.cpp */,
				B302CBEA1850E733003746A6 /* gifTexture.h */,
				B3A638CD185D9A86009ECDF1 /* http.cpp */,
				B3A638CE185D9A86009ECDF1 /* http.h */,
				B3AA0783186BEEE200706E4D /* util.cpp */,
				B3AA0784186BEEE200706E4D /* util.h */,
				B393ED34186EE43100E372CC /* db.cpp */,
				B393ED35186EE43100E372CC /* db.h */,
				B3FB833B18A78CF90037DFB4 /* qiniu.cpp */,
				B3FB833C18A78CF90037DFB4 /* qiniu.h */,
				B3CA1F3F188810A0005637A0 /* lang.cpp */,
				B3CA1F40188810A0005637A0 /* lang.h */,
				1AFAF8B316D35DE700DB1158 /* AppDelegate.cpp */,
				1AFAF8B416D35DE700DB1158 /* AppDelegate.h */,
				B3CC385E18A392F800056424 /* ELCPicker.h */,
				B3CC385F18A392F800056424 /* ELCPicker.mm */,
				B3AE35CE18B00CA1007BD96D /* util.mm */,
			);
			name = Classes;
			path = ../classes;
			sourceTree = "<group>";
		};
		19C28FACFE9D520D11CA2CBB /* Products */ = {
			isa = PBXGroup;
			children = (
				1D6058910D05DD3D006BFB54 /* delight iOS.app */,
				5087E76F17EB910900C73F5D /* delight Mac.app */,
			);
			name = Products;
			sourceTree = "<group>";
		};
		29B97314FDCFA39411CA2CEA /* CustomTemplate */ = {
			isa = PBXGroup;
			children = (
				B33DABEA1847A3B2001403BA /* cocos2d_libs.xcodeproj */,
				15AA9C4015B7EC450033D6C2 /* Classes */,
				B33DAC61184CC6B8001403BA /* external */,
				29B97323FDCFA39411CA2CEA /* Frameworks */,
				080E96DDFE201D6D7F000001 /* ios */,
				503AE10617EB990700D1A890 /* mac */,
				19C28FACFE9D520D11CA2CBB /* Products */,
				B33DAC84184CE490001403BA /* res */,
			);
			name = CustomTemplate;
			sourceTree = "<group>";
		};
		29B97323FDCFA39411CA2CEA /* Frameworks */ = {
			isa = PBXGroup;
			children = (
				B364904718A4E6E900B93930 /* libcrypto.a */,
				B364904818A4E6E900B93930 /* libssl.a */,
				B3CC388B18A3944700056424 /* AssetsLibrary.framework */,
				B33F4FC9188BF742000A5AD6 /* external */,
				B33DAC221847A412001403BA /* libcurl.a */,
				B33DABE118479AD0001403BA /* UIKit.framework */,
				B33DABDF18479AC5001403BA /* OpenGLES.framework */,
				503AE11A17EB9C5A00D1A890 /* IOKit.framework */,
				503AE11117EB99EE00D1A890 /* libcurl.dylib */,
				5087E78A17EB975400C73F5D /* OpenGL.framework */,
				5087E78817EB974C00C73F5D /* AppKit.framework */,
				BF170DB412928DE900B8313A /* libz.dylib */,
				D44C620F132DFF4E0009C878 /* AudioToolbox.framework */,
				D44C620D132DFF430009C878 /* AVFoundation.framework */,
				288765A40DF7441C002DB57D /* CoreGraphics.framework */,
				1D30AB110D05D00D00671497 /* Foundation.framework */,
				D44C620B132DFF330009C878 /* OpenAL.framework */,
				BF170DB012928DE900B8313A /* OpenGLES.framework */,
				BF1C47EA1293683800B63C5D /* QuartzCore.framework */,
				1DF5F4DF0D08C38300B7A737 /* UIKit.framework */,
			);
			name = Frameworks;
			sourceTree = "<group>";
		};
		503AE0F517EB97AB00D1A890 /* Icons */ = {
			isa = PBXGroup;
			children = (
				503AE0F617EB97AB00D1A890 /* Icon.icns */,
				503AE0F717EB97AB00D1A890 /* Info.plist */,
			);
			name = Icons;
			path = mac;
			sourceTree = SOURCE_ROOT;
		};
		503AE10617EB990700D1A890 /* mac */ = {
			isa = PBXGroup;
			children = (
				503AE0F517EB97AB00D1A890 /* Icons */,
				503AE10317EB98FF00D1A890 /* main.cpp */,
				503AE10417EB98FF00D1A890 /* Prefix.pch */,
			);
			name = mac;
			sourceTree = "<group>";
		};
		5087E77117EB970100C73F5D /* Icons */ = {
			isa = PBXGroup;
			children = (
				5087E77217EB970100C73F5D /* Default-568h@2x.png */,
				5087E77317EB970100C73F5D /* Default.png */,
				5087E77417EB970100C73F5D /* Default@2x.png */,
				50EF62A017ECD613001EB2F8 /* Icon-29.png */,
				50EF62A117ECD613001EB2F8 /* Icon-50.png */,
				50EF629217ECD46A001EB2F8 /* Icon-40.png */,
				50EF629317ECD46A001EB2F8 /* Icon-58.png */,
				50EF629417ECD46A001EB2F8 /* Icon-80.png */,
				50EF629517ECD46A001EB2F8 /* Icon-100.png */,
				5087E77517EB970100C73F5D /* Icon-114.png */,
				5087E77617EB970100C73F5D /* Icon-120.png */,
				5087E77717EB970100C73F5D /* Icon-144.png */,
				5087E77817EB970100C73F5D /* Icon-152.png */,
				5087E77917EB970100C73F5D /* Icon-57.png */,
				5087E77A17EB970100C73F5D /* Icon-72.png */,
				5087E77B17EB970100C73F5D /* Icon-76.png */,
				5087E77C17EB970100C73F5D /* Info.plist */,
			);
			name = Icons;
			path = ios;
			sourceTree = SOURCE_ROOT;
		};
		B33DABEB1847A3B2001403BA /* Products */ = {
			isa = PBXGroup;
			children = (
				B33DABFE1847A3B6001403BA /* libcocos2dx Mac.a */,
				B33DAC001847A3B6001403BA /* libcocos2dx-extensions Mac.a */,
				B33DAC021847A3B6001403BA /* libchipmunk Mac.a */,
				B33DAC041847A3B6001403BA /* libbox2d Mac.a */,
				B33DAC061847A3B6001403BA /* libCocosDenshion Mac.a */,
				B33DAC081847A3B6001403BA /* libjsbindings Mac.a */,
				B33DAC0A1847A3B6001403BA /* libluabindings Mac.a */,
				B33DAC0C1847A3B6001403BA /* libcocos2dx iOS.a */,
				B33DAC0E1847A3B6001403BA /* libcocos2dx-extensions iOS.a */,
				B33DAC101847A3B6001403BA /* libchipmunk iOS.a */,
				B33DAC121847A3B6001403BA /* libbox2d iOS.a */,
				B33DAC141847A3B6001403BA /* libCocosDenshion iOS.a */,
				B33DAC161847A3B6001403BA /* libjsbindings iOS.a */,
				B33DAC181847A3B6001403BA /* libluabindings iOS.a */,
			);
			name = Products;
			sourceTree = "<group>";
		};
		B33DAC61184CC6B8001403BA /* external */ = {
			isa = PBXGroup;
			children = (
				B383F8BD18A4CBA700FA5700 /* qiniu */,
				B3CC386E18A3930B00056424 /* ELCImagePicker */,
				B393ED22186DF3B300E372CC /* sqlite */,
				B34FDAE2186A198A006D05A3 /* lw */,
				B3A638E3185DBAE9009ECDF1 /* crypto */,
				B3A638DE185DA7C7009ECDF1 /* jsonxx */,
				B33DAC62184CC6B9001403BA /* giflib */,
			);
			name = external;
			path = ../external;
			sourceTree = "<group>";
		};
		B33DAC62184CC6B9001403BA /* giflib */ = {
			isa = PBXGroup;
			children = (
				B33DAC63184CC6B9001403BA /* dgif_lib.c */,
				B33DAC64184CC6B9001403BA /* egif_lib.c */,
				B33DAC65184CC6B9001403BA /* gif_err.c */,
				B33DAC66184CC6B9001403BA /* gif_font.c */,
				B33DAC67184CC6B9001403BA /* gif_hash.c */,
				B33DAC68184CC6B9001403BA /* gif_hash.h */,
				B33DAC69184CC6B9001403BA /* gif_lib.h */,
				B33DAC6A184CC6B9001403BA /* gif_lib_private.h */,
				B33DAC6B184CC6B9001403BA /* gifalloc.c */,
				B33DAC6F184CC6B9001403BA /* quantize.c */,
			);
			path = giflib;
			sourceTree = "<group>";
		};
		B33DAC84184CE490001403BA /* res */ = {
			isa = PBXGroup;
			children = (
				B3CA1F4318881825005637A0 /* lang */,
				B393ED38186EF38D00E372CC /* db */,
				B3A638EC1861B11B009ECDF1 /* ui */,
				B3E841801857774B0004C636 /* audio */,
				B3DC5D0C1854E24C00F732B7 /* img */,
				B3DC5D091854B4FF00F732B7 /* default */,
			);
			name = res;
			path = ../res;
			sourceTree = "<group>";
		};
		B33F4FC9188BF742000A5AD6 /* external */ = {
			isa = PBXGroup;
			children = (
				B33F4FCA188BF742000A5AD6 /* crypto */,
				B33F4FCD188BF742000A5AD6 /* giflib */,
				B33F4FDB188BF742000A5AD6 /* jsonxx */,
				B33F4FDE188BF742000A5AD6 /* lw */,
				B33F4FE0188BF742000A5AD6 /* sqlite */,
				B33F4FE3188BF742000A5AD6 /* weChatSDK */,
			);
			name = external;
			path = ../external;
			sourceTree = "<group>";
		};
		B33F4FCA188BF742000A5AD6 /* crypto */ = {
			isa = PBXGroup;
			children = (
				B33F4FCB188BF742000A5AD6 /* sha.cpp */,
				B33F4FCC188BF742000A5AD6 /* sha.h */,
			);
			path = crypto;
			sourceTree = "<group>";
		};
		B33F4FCD188BF742000A5AD6 /* giflib */ = {
			isa = PBXGroup;
			children = (
				B33F4FCE188BF742000A5AD6 /* dgif_lib.c */,
				B33F4FCF188BF742000A5AD6 /* egif_lib.c */,
				B33F4FD0188BF742000A5AD6 /* gif_err.c */,
				B33F4FD1188BF742000A5AD6 /* gif_font.c */,
				B33F4FD2188BF742000A5AD6 /* gif_hash.c */,
				B33F4FD3188BF742000A5AD6 /* gif_hash.h */,
				B33F4FD4188BF742000A5AD6 /* gif_lib.h */,
				B33F4FD5188BF742000A5AD6 /* gif_lib_private.h */,
				B33F4FD6188BF742000A5AD6 /* gifalloc.c */,
				B33F4FD7188BF742000A5AD6 /* Makefile.am */,
				B33F4FD8188BF742000A5AD6 /* Makefile.in */,
				B33F4FD9188BF742000A5AD6 /* Makefile.unx */,
				B33F4FDA188BF742000A5AD6 /* quantize.c */,
			);
			path = giflib;
			sourceTree = "<group>";
		};
		B33F4FDB188BF742000A5AD6 /* jsonxx */ = {
			isa = PBXGroup;
			children = (
				B33F4FDC188BF742000A5AD6 /* jsonxx.cc */,
				B33F4FDD188BF742000A5AD6 /* jsonxx.h */,
			);
			path = jsonxx;
			sourceTree = "<group>";
		};
		B33F4FDE188BF742000A5AD6 /* lw */ = {
			isa = PBXGroup;
			children = (
				B33F4FDF188BF742000A5AD6 /* lwLog.h */,
			);
			path = lw;
			sourceTree = "<group>";
		};
		B33F4FE0188BF742000A5AD6 /* sqlite */ = {
			isa = PBXGroup;
			children = (
				B33F4FE1188BF742000A5AD6 /* sqlite3.c */,
				B33F4FE2188BF742000A5AD6 /* sqlite3.h */,
			);
			path = sqlite;
			sourceTree = "<group>";
		};
		B33F4FE3188BF742000A5AD6 /* weChatSDK */ = {
			isa = PBXGroup;
			children = (
				B33F4FE4188BF742000A5AD6 /* libWeChatSDK.a */,
				B33F4FE5188BF742000A5AD6 /* WXApi.h */,
				B33F4FE6188BF742000A5AD6 /* WXApiObject.h */,
			);
			path = weChatSDK;
			sourceTree = "<group>";
		};
		B34FDAE2186A198A006D05A3 /* lw */ = {
			isa = PBXGroup;
			children = (
				B34FDAE3186A198A006D05A3 /* lwLog.h */,
			);
			path = lw;
			sourceTree = "<group>";
		};
		B383F8BD18A4CBA700FA5700 /* qiniu */ = {
			isa = PBXGroup;
			children = (
				B383F8C018A4CBA700FA5700 /* b64 */,
				B383F8C618A4CBA700FA5700 /* cJSON */,
				B383F8C918A4CBA700FA5700 /* qiniu */,
			);
			path = qiniu;
			sourceTree = "<group>";
		};
		B383F8C018A4CBA700FA5700 /* b64 */ = {
			isa = PBXGroup;
			children = (
				B383F8C118A4CBA700FA5700 /* b64.c */,
				B383F8C218A4CBA700FA5700 /* b64.h */,
				B383F8C318A4CBA700FA5700 /* urlsafe_b64.c */,
				B383F8C418A4CBA700FA5700 /* urlsafe_b64.h */,
			);
			path = b64;
			sourceTree = "<group>";
		};
		B383F8C618A4CBA700FA5700 /* cJSON */ = {
			isa = PBXGroup;
			children = (
				B383F8C718A4CBA700FA5700 /* cJSON.c */,
				B383F8C818A4CBA700FA5700 /* cJSON.h */,
			);
			path = cJSON;
			sourceTree = "<group>";
		};
		B383F8C918A4CBA700FA5700 /* qiniu */ = {
			isa = PBXGroup;
			children = (
				B383F8CA18A4CBA700FA5700 /* auth_mac.c */,
				B383F8CB18A4CBA700FA5700 /* base.c */,
				B383F8CC18A4CBA700FA5700 /* base.h */,
				B383F8CD18A4CBA700FA5700 /* base_io.c */,
				B383F8CE18A4CBA700FA5700 /* conf.c */,
				B383F8CF18A4CBA700FA5700 /* conf.h */,
				B383F8D018A4CBA700FA5700 /* http.c */,
				B383F8D118A4CBA700FA5700 /* http.h */,
				B383F8D218A4CBA700FA5700 /* io.c */,
				B383F8D318A4CBA700FA5700 /* io.h */,
				B383F8D418A4CBA700FA5700 /* qiniu.bat */,
				B383F8D518A4CBA700FA5700 /* qiniu.def */,
				B383F8D618A4CBA700FA5700 /* qiniu.dsp */,
				B383F8D718A4CBA700FA5700 /* resumable_io.c */,
				B383F8D818A4CBA700FA5700 /* resumable_io.h */,
				B383F8D918A4CBA700FA5700 /* rs.c */,
				B383F8DA18A4CBA700FA5700 /* rs.h */,
			);
			path = qiniu;
			sourceTree = "<group>";
		};
		B393ED22186DF3B300E372CC /* sqlite */ = {
			isa = PBXGroup;
			children = (
				B393ED23186DF3B300E372CC /* sqlite3.c */,
				B393ED24186DF3B300E372CC /* sqlite3.h */,
			);
			path = sqlite;
			sourceTree = "<group>";
		};
		B3A638DE185DA7C7009ECDF1 /* jsonxx */ = {
			isa = PBXGroup;
			children = (
				B3A638DF185DA7C7009ECDF1 /* jsonxx.cc */,
				B3A638E0185DA7C7009ECDF1 /* jsonxx.h */,
			);
			path = jsonxx;
			sourceTree = "<group>";
		};
		B3A638E3185DBAE9009ECDF1 /* crypto */ = {
			isa = PBXGroup;
			children = (
				B3A638E4185DBAE9009ECDF1 /* sha.cpp */,
				B3A638E5185DBAE9009ECDF1 /* sha.h */,
			);
			path = crypto;
			sourceTree = "<group>";
		};
		B3CC386E18A3930B00056424 /* ELCImagePicker */ = {
			isa = PBXGroup;
			children = (
				B3CC386F18A3930B00056424 /* ELCAlbumPickerController.h */,
				B3CC387018A3930B00056424 /* ELCAlbumPickerController.m */,
				B3CC387118A3930B00056424 /* ELCAsset.h */,
				B3CC387218A3930B00056424 /* ELCAsset.m */,
				B3CC387318A3930B00056424 /* ELCAssetCell.h */,
				B3CC387418A3930B00056424 /* ELCAssetCell.m */,
				B3CC387518A3930B00056424 /* ELCAssetPickerFilterDelegate.h */,
				B3CC387618A3930B00056424 /* ELCAssetSelectionDelegate.h */,
				B3CC387718A3930B00056424 /* ELCAssetTablePicker.h */,
				B3CC387818A3930B00056424 /* ELCAssetTablePicker.m */,
				B3CC387918A3930B00056424 /* ELCImagePickerController.h */,
				B3CC387A18A3930B00056424 /* ELCImagePickerController.m */,
				B3CC387B18A3930B00056424 /* Resources */,
			);
			path = ELCImagePicker;
			sourceTree = "<group>";
		};
		B3CC387B18A3930B00056424 /* Resources */ = {
			isa = PBXGroup;
			children = (
				B3CC387C18A3930B00056424 /* ELCAlbumPickerController.xib */,
				B3CC387D18A3930B00056424 /* ELCAssetPicker.xib */,
				B3CC387E18A3930B00056424 /* ELCAssetTablePicker.xib */,
				B3CC387F18A3930B00056424 /* Overlay.png */,
				B3CC388018A3930B00056424 /* Overlay@2x.png */,
			);
			path = Resources;
			sourceTree = "<group>";
		};
/* End PBXGroup section */

/* Begin PBXNativeTarget section */
		1D6058900D05DD3D006BFB54 /* delight iOS */ = {
			isa = PBXNativeTarget;
			buildConfigurationList = 1D6058960D05DD3E006BFB54 /* Build configuration list for PBXNativeTarget "delight iOS" */;
			buildPhases = (
				1D60588D0D05DD3D006BFB54 /* Resources */,
				1D60588E0D05DD3D006BFB54 /* Sources */,
				1D60588F0D05DD3D006BFB54 /* Frameworks */,
			);
			buildRules = (
			);
			dependencies = (
				B33DAC1A1847A3DC001403BA /* PBXTargetDependency */,
				B33DAC1C1847A3DC001403BA /* PBXTargetDependency */,
				B33DAC1E1847A3DC001403BA /* PBXTargetDependency */,
			);
			name = "delight iOS";
			productName = iphone;
			productReference = 1D6058910D05DD3D006BFB54 /* delight iOS.app */;
			productType = "com.apple.product-type.application";
		};
		5087E73D17EB910900C73F5D /* delight Mac */ = {
			isa = PBXNativeTarget;
			buildConfigurationList = 5087E76C17EB910900C73F5D /* Build configuration list for PBXNativeTarget "delight Mac" */;
			buildPhases = (
				5087E74817EB910900C73F5D /* Resources */,
				5087E75617EB910900C73F5D /* Sources */,
				5087E75C17EB910900C73F5D /* Frameworks */,
			);
			buildRules = (
			);
			dependencies = (
			);
			name = "delight Mac";
			productName = iphone;
			productReference = 5087E76F17EB910900C73F5D /* delight Mac.app */;
			productType = "com.apple.product-type.application";
		};
/* End PBXNativeTarget section */

/* Begin PBXProject section */
		29B97313FDCFA39411CA2CEA /* Project object */ = {
			isa = PBXProject;
			attributes = {
				LastUpgradeCheck = 0500;
				TargetAttributes = {
					1D6058900D05DD3D006BFB54 = {
						DevelopmentTeam = H3SSTE2WW4;
					};
				};
			};
			buildConfigurationList = C01FCF4E08A954540054247B /* Build configuration list for PBXProject "delight" */;
			compatibilityVersion = "Xcode 3.2";
			developmentRegion = English;
			hasScannedForEncodings = 1;
			knownRegions = (
				English,
				Japanese,
				French,
				German,
			);
			mainGroup = 29B97314FDCFA39411CA2CEA /* CustomTemplate */;
			projectDirPath = "";
			projectReferences = (
				{
					ProductGroup = B33DABEB1847A3B2001403BA /* Products */;
					ProjectRef = B33DABEA1847A3B2001403BA /* cocos2d_libs.xcodeproj */;
				},
			);
			projectRoot = "";
			targets = (
				1D6058900D05DD3D006BFB54 /* delight iOS */,
				5087E73D17EB910900C73F5D /* delight Mac */,
			);
		};
/* End PBXProject section */

/* Begin PBXReferenceProxy section */
		B33DABFE1847A3B6001403BA /* libcocos2dx Mac.a */ = {
			isa = PBXReferenceProxy;
			fileType = archive.ar;
			path = "libcocos2dx Mac.a";
			remoteRef = B33DABFD1847A3B6001403BA /* PBXContainerItemProxy */;
			sourceTree = BUILT_PRODUCTS_DIR;
		};
		B33DAC001847A3B6001403BA /* libcocos2dx-extensions Mac.a */ = {
			isa = PBXReferenceProxy;
			fileType = archive.ar;
			path = "libcocos2dx-extensions Mac.a";
			remoteRef = B33DABFF1847A3B6001403BA /* PBXContainerItemProxy */;
			sourceTree = BUILT_PRODUCTS_DIR;
		};
		B33DAC021847A3B6001403BA /* libchipmunk Mac.a */ = {
			isa = PBXReferenceProxy;
			fileType = archive.ar;
			path = "libchipmunk Mac.a";
			remoteRef = B33DAC011847A3B6001403BA /* PBXContainerItemProxy */;
			sourceTree = BUILT_PRODUCTS_DIR;
		};
		B33DAC041847A3B6001403BA /* libbox2d Mac.a */ = {
			isa = PBXReferenceProxy;
			fileType = archive.ar;
			path = "libbox2d Mac.a";
			remoteRef = B33DAC031847A3B6001403BA /* PBXContainerItemProxy */;
			sourceTree = BUILT_PRODUCTS_DIR;
		};
		B33DAC061847A3B6001403BA /* libCocosDenshion Mac.a */ = {
			isa = PBXReferenceProxy;
			fileType = archive.ar;
			path = "libCocosDenshion Mac.a";
			remoteRef = B33DAC051847A3B6001403BA /* PBXContainerItemProxy */;
			sourceTree = BUILT_PRODUCTS_DIR;
		};
		B33DAC081847A3B6001403BA /* libjsbindings Mac.a */ = {
			isa = PBXReferenceProxy;
			fileType = archive.ar;
			path = "libjsbindings Mac.a";
			remoteRef = B33DAC071847A3B6001403BA /* PBXContainerItemProxy */;
			sourceTree = BUILT_PRODUCTS_DIR;
		};
		B33DAC0A1847A3B6001403BA /* libluabindings Mac.a */ = {
			isa = PBXReferenceProxy;
			fileType = archive.ar;
			path = "libluabindings Mac.a";
			remoteRef = B33DAC091847A3B6001403BA /* PBXContainerItemProxy */;
			sourceTree = BUILT_PRODUCTS_DIR;
		};
		B33DAC0C1847A3B6001403BA /* libcocos2dx iOS.a */ = {
			isa = PBXReferenceProxy;
			fileType = archive.ar;
			path = "libcocos2dx iOS.a";
			remoteRef = B33DAC0B1847A3B6001403BA /* PBXContainerItemProxy */;
			sourceTree = BUILT_PRODUCTS_DIR;
		};
		B33DAC0E1847A3B6001403BA /* libcocos2dx-extensions iOS.a */ = {
			isa = PBXReferenceProxy;
			fileType = archive.ar;
			path = "libcocos2dx-extensions iOS.a";
			remoteRef = B33DAC0D1847A3B6001403BA /* PBXContainerItemProxy */;
			sourceTree = BUILT_PRODUCTS_DIR;
		};
		B33DAC101847A3B6001403BA /* libchipmunk iOS.a */ = {
			isa = PBXReferenceProxy;
			fileType = archive.ar;
			path = "libchipmunk iOS.a";
			remoteRef = B33DAC0F1847A3B6001403BA /* PBXContainerItemProxy */;
			sourceTree = BUILT_PRODUCTS_DIR;
		};
		B33DAC121847A3B6001403BA /* libbox2d iOS.a */ = {
			isa = PBXReferenceProxy;
			fileType = archive.ar;
			path = "libbox2d iOS.a";
			remoteRef = B33DAC111847A3B6001403BA /* PBXContainerItemProxy */;
			sourceTree = BUILT_PRODUCTS_DIR;
		};
		B33DAC141847A3B6001403BA /* libCocosDenshion iOS.a */ = {
			isa = PBXReferenceProxy;
			fileType = archive.ar;
			path = "libCocosDenshion iOS.a";
			remoteRef = B33DAC131847A3B6001403BA /* PBXContainerItemProxy */;
			sourceTree = BUILT_PRODUCTS_DIR;
		};
		B33DAC161847A3B6001403BA /* libjsbindings iOS.a */ = {
			isa = PBXReferenceProxy;
			fileType = archive.ar;
			path = "libjsbindings iOS.a";
			remoteRef = B33DAC151847A3B6001403BA /* PBXContainerItemProxy */;
			sourceTree = BUILT_PRODUCTS_DIR;
		};
		B33DAC181847A3B6001403BA /* libluabindings iOS.a */ = {
			isa = PBXReferenceProxy;
			fileType = archive.ar;
			path = "libluabindings iOS.a";
			remoteRef = B33DAC171847A3B6001403BA /* PBXContainerItemProxy */;
			sourceTree = BUILT_PRODUCTS_DIR;
		};
/* End PBXReferenceProxy section */

/* Begin PBXResourcesBuildPhase section */
		1D60588D0D05DD3D006BFB54 /* Resources */ = {
			isa = PBXResourcesBuildPhase;
			buildActionMask = 2147483647;
			files = (
				B3A638ED1861B11B009ECDF1 /* ui in Resources */,
				B3DC5D0A1854B4FF00F732B7 /* default in Resources */,
				5087E78117EB970100C73F5D /* Icon-120.png in Resources */,
				5087E78617EB970100C73F5D /* Icon-76.png in Resources */,
				B383F8EA18A4CBA700FA5700 /* qiniu.dsp in Resources */,
				5087E77F17EB970100C73F5D /* Default@2x.png in Resources */,
				50EF629917ECD46A001EB2F8 /* Icon-100.png in Resources */,
				B393ED39186EF38D00E372CC /* db in Resources */,
				B3E841811857774B0004C636 /* audio in Resources */,
				B3CA1F4418881826005637A0 /* lang in Resources */,
				B383F8E918A4CBA700FA5700 /* qiniu.def in Resources */,
				5087E78317EB970100C73F5D /* Icon-152.png in Resources */,
				B3CC388918A3930B00056424 /* Overlay.png in Resources */,
				B383F8E818A4CBA700FA5700 /* qiniu.bat in Resources */,
				5087E77D17EB970100C73F5D /* Default-568h@2x.png in Resources */,
				5087E78517EB970100C73F5D /* Icon-72.png in Resources */,
				B3CC388818A3930B00056424 /* ELCAssetTablePicker.xib in Resources */,
				50EF62A317ECD613001EB2F8 /* Icon-50.png in Resources */,
				5087E78017EB970100C73F5D /* Icon-114.png in Resources */,
				50EF62A217ECD613001EB2F8 /* Icon-29.png in Resources */,
				50EF629617ECD46A001EB2F8 /* Icon-40.png in Resources */,
				B3CC388618A3930B00056424 /* ELCAlbumPickerController.xib in Resources */,
				5087E78217EB970100C73F5D /* Icon-144.png in Resources */,
				B3CC388A18A3930B00056424 /* Overlay@2x.png in Resources */,
				50EF629817ECD46A001EB2F8 /* Icon-80.png in Resources */,
				5087E78417EB970100C73F5D /* Icon-57.png in Resources */,
				B3DC5D0D1854E24C00F732B7 /* img in Resources */,
				B3CC388718A3930B00056424 /* ELCAssetPicker.xib in Resources */,
				5087E77E17EB970100C73F5D /* Default.png in Resources */,
				50EF629717ECD46A001EB2F8 /* Icon-58.png in Resources */,
			);
			runOnlyForDeploymentPostprocessing = 0;
		};
		5087E74817EB910900C73F5D /* Resources */ = {
			isa = PBXResourcesBuildPhase;
			buildActionMask = 2147483647;
			files = (
				B393ED3A186EF38D00E372CC /* db in Resources */,
				B3A638EE1861B11B009ECDF1 /* ui in Resources */,
				B3DC5D0E1854E24C00F732B7 /* img in Resources */,
				B3CA1F4518881826005637A0 /* lang in Resources */,
				B3DC5D0B1854B4FF00F732B7 /* default in Resources */,
				503AE0F817EB97AB00D1A890 /* Icon.icns in Resources */,
				B3E841821857774B0004C636 /* audio in Resources */,
			);
			runOnlyForDeploymentPostprocessing = 0;
		};
/* End PBXResourcesBuildPhase section */

/* Begin PBXSourcesBuildPhase section */
		1D60588E0D05DD3D006BFB54 /* Sources */ = {
			isa = PBXSourcesBuildPhase;
			buildActionMask = 2147483647;
			files = (
				B302CBEB1850E733003746A6 /* gifTexture.cpp in Sources */,
				B33DAC76184CC6B9001403BA /* gif_font.c in Sources */,
				B383F8DE18A4CBA700FA5700 /* b64.c in Sources */,
				B33DAC74184CC6B9001403BA /* gif_err.c in Sources */,
				B3BCF356188E7E6D00A1DD08 /* loginScene.cpp in Sources */,
				B33DAC78184CC6B9001403BA /* gif_hash.c in Sources */,
				B383F8EC18A4CBA700FA5700 /* rs.c in Sources */,
				B3CC386018A392F800056424 /* ELCPicker.mm in Sources */,
				B383F8DF18A4CBA700FA5700 /* urlsafe_b64.c in Sources */,
				B3ACE2DF18B227B20005830A /* dragView.cpp in Sources */,
				503AE10017EB989F00D1A890 /* AppController.mm in Sources */,
				B3AA0785186BEEE200706E4D /* util.cpp in Sources */,
				B34FDAD3186A10AA006D05A3 /* pack.cpp in Sources */,
				B383F8E618A4CBA700FA5700 /* http.c in Sources */,
				B393ED25186DF3B300E372CC /* sqlite3.c in Sources */,
				B383F8E418A4CBA700FA5700 /* base_io.c in Sources */,
				B3CC388418A3930B00056424 /* ELCAssetTablePicker.m in Sources */,
				B383F8E318A4CBA700FA5700 /* base.c in Sources */,
				B310039A1879B5F40049A6CF /* mainMenuScene.cpp in Sources */,
				B3CA1F41188810A0005637A0 /* lang.cpp in Sources */,
				503AE10217EB989F00D1A890 /* RootViewController.mm in Sources */,
				B3A638E6185DBAE9009ECDF1 /* sha.cpp in Sources */,
				1AFAF8B716D35DE700DB1158 /* AppDelegate.cpp in Sources */,
				B3CC388518A3930B00056424 /* ELCImagePickerController.m in Sources */,
				B3F01AF1187E87900000B33E /* packsBookScene.cpp in Sources */,
				B33DAC70184CC6B9001403BA /* dgif_lib.c in Sources */,
				B302CBFD18519276003746A6 /* sliderScene.cpp in Sources */,
				B33DAC72184CC6B9001403BA /* egif_lib.c in Sources */,
				B383F8E718A4CBA700FA5700 /* io.c in Sources */,
				B3CC388118A3930B00056424 /* ELCAlbumPickerController.m in Sources */,
				B3A639051862F842009ECDF1 /* spriteLoader.cpp in Sources */,
				B3A638EA185F58B0009ECDF1 /* gameplay.cpp in Sources */,
				B383F8E518A4CBA700FA5700 /* conf.c in Sources */,
				B383F8E218A4CBA700FA5700 /* auth_mac.c in Sources */,
				B3A638CF185D9A86009ECDF1 /* http.cpp in Sources */,
				B3CC388218A3930B00056424 /* ELCAsset.m in Sources */,
				B3A638E1185DA7C7009ECDF1 /* jsonxx.cc in Sources */,
				B393ED36186EE43100E372CC /* db.cpp in Sources */,
				B33DAC82184CC6B9001403BA /* quantize.c in Sources */,
				B383F8EB18A4CBA700FA5700 /* resumable_io.c in Sources */,
				B33DAC7A184CC6B9001403BA /* gifalloc.c in Sources */,
				B3CC388318A3930B00056424 /* ELCAssetCell.m in Sources */,
				B3FB833D18A78CF90037DFB4 /* qiniu.cpp in Sources */,
				B3AE35CF18B00CA1007BD96D /* util.mm in Sources */,
				B31003A0187C067A0049A6CF /* modeSelectScene.cpp in Sources */,
				503AE10117EB989F00D1A890 /* main.m in Sources */,
				B364905A18A51DA300B93930 /* userPackScene.cpp in Sources */,
				B383F8E118A4CBA700FA5700 /* cJSON.c in Sources */,
			);
			runOnlyForDeploymentPostprocessing = 0;
		};
		5087E75617EB910900C73F5D /* Sources */ = {
			isa = PBXSourcesBuildPhase;
			buildActionMask = 2147483647;
			files = (
				B33DAC73184CC6B9001403BA /* egif_lib.c in Sources */,
				5087E75717EB910900C73F5D /* AppDelegate.cpp in Sources */,
				B3AA0786186BEEE200706E4D /* util.cpp in Sources */,
				B3F01AF2187E87900000B33E /* packsBookScene.cpp in Sources */,
				B33DAC7B184CC6B9001403BA /* gifalloc.c in Sources */,
				B3A638E7185DBAE9009ECDF1 /* sha.cpp in Sources */,
				B31003A1187C067A0049A6CF /* modeSelectScene.cpp in Sources */,
				B33DAC77184CC6B9001403BA /* gif_font.c in Sources */,
				B33DAC79184CC6B9001403BA /* gif_hash.c in Sources */,
				B393ED26186DF3B300E372CC /* sqlite3.c in Sources */,
				503AE10517EB98FF00D1A890 /* main.cpp in Sources */,
				B3CA1F42188810A0005637A0 /* lang.cpp in Sources */,
				B33DAC75184CC6B9001403BA /* gif_err.c in Sources */,
				B393ED37186EE43100E372CC /* db.cpp in Sources */,
				B3A638E2185DA7C7009ECDF1 /* jsonxx.cc in Sources */,
				B3A638D0185D9A86009ECDF1 /* http.cpp in Sources */,
				B3A639061862F842009ECDF1 /* spriteLoader.cpp in Sources */,
				B302CBFE18519276003746A6 /* sliderScene.cpp in Sources */,
				B3A638EB185F58B0009ECDF1 /* gameplay.cpp in Sources */,
				B33DAC83184CC6B9001403BA /* quantize.c in Sources */,
				B34FDAD4186A10AA006D05A3 /* pack.cpp in Sources */,
				B302CBEC1850E733003746A6 /* gifTexture.cpp in Sources */,
				B310039B1879B5F40049A6CF /* mainMenuScene.cpp in Sources */,
				B33DAC71184CC6B9001403BA /* dgif_lib.c in Sources */,
			);
			runOnlyForDeploymentPostprocessing = 0;
		};
/* End PBXSourcesBuildPhase section */

/* Begin PBXTargetDependency section */
		B33DAC1A1847A3DC001403BA /* PBXTargetDependency */ = {
			isa = PBXTargetDependency;
			name = "cocos2dx iOS";
			targetProxy = B33DAC191847A3DC001403BA /* PBXContainerItemProxy */;
		};
		B33DAC1C1847A3DC001403BA /* PBXTargetDependency */ = {
			isa = PBXTargetDependency;
			name = "cocos2dx-extensions iOS";
			targetProxy = B33DAC1B1847A3DC001403BA /* PBXContainerItemProxy */;
		};
		B33DAC1E1847A3DC001403BA /* PBXTargetDependency */ = {
			isa = PBXTargetDependency;
			name = "CocosDenshion iOS";
			targetProxy = B33DAC1D1847A3DC001403BA /* PBXContainerItemProxy */;
		};
/* End PBXTargetDependency section */

/* Begin XCBuildConfiguration section */
		1D6058940D05DD3E006BFB54 /* Debug */ = {
			isa = XCBuildConfiguration;
			buildSettings = {
				ALWAYS_SEARCH_USER_PATHS = NO;
				CLANG_ENABLE_OBJC_ARC = YES;
				CODE_SIGN_IDENTITY = "iPhone Developer";
				"CODE_SIGN_IDENTITY[sdk=iphoneos*]" = "iPhone Developer";
				COMPRESS_PNG_FILES = NO;
				GCC_DYNAMIC_NO_PIC = NO;
				GCC_INLINES_ARE_PRIVATE_EXTERN = NO;
				GCC_PRECOMPILE_PREFIX_HEADER = YES;
				GCC_PREFIX_HEADER = ios/Prefix.pch;
				GCC_PREPROCESSOR_DEFINITIONS = (
					USE_FILE32API,
					CC_TARGET_OS_IPHONE,
					"COCOS2D_DEBUG=1",
					"CC_ENABLE_CHIPMUNK_INTEGRATION=1",
				);
				GCC_SYMBOLS_PRIVATE_EXTERN = NO;
				HEADER_SEARCH_PATHS = (
					"../../../cocos2d-x-3.0alpha0/CocosDenshion/include",
					"../../../cocos2d-x-3.0alpha0/external/chipmunk/include/constraints",
					"../../../cocos2d-x-3.0alpha0/external/chipmunk/include/chipmunk",
					"../../../cocos2d-x-3.0alpha0/extensions",
					"../../../cocos2d-x-3.0alpha0/cocos2dx/kazmath/include",
					"../../../cocos2d-x-3.0alpha0/external",
					"../../../cocos2d-x-3.0alpha0/cocos2dx",
					"../../../cocos2d-x-3.0alpha0/cocos2dx/include",
					"../../../cocos2d-x-3.0alpha0/cocos2dx/platform/third_party/ios",
					"../../../cocos2d-x-3.0alpha0/cocos2dx/platform/ios",
					"../../../cocos2d-x-3.0alpha0/cocos2dx/platform/ios/Simulation",
					../external,
					../external/openssl/include,
					../external/qiniu,
				);
				INFOPLIST_FILE = ios/Info.plist;
				IPHONEOS_DEPLOYMENT_TARGET = 5.0;
				LIBRARY_SEARCH_PATHS = (
					"../../../cocos2d-x-3.0alpha0/cocos2dx/platform/third_party/ios/libraries",
					"../../../cocos2d-x-3.0alpha0/external/libwebsockets/ios/lib",
					"/Users/weili/Documents/projects/2014/cocos2d-x-3.0alpha0/cocos2dx/platform/third_party/ios/libraries",
					/Users/weili/Documents/projects/2014/delight/client/external/WeChatSDK_1.4.2.1,
					/Users/weili/Documents/projects/2014/delight/client/external/openssl/lib,
				);
				PRODUCT_NAME = "delight iOS";
				PROVISIONING_PROFILE = "";
				SDKROOT = iphoneos;
				TARGETED_DEVICE_FAMILY = "1,2";
				USER_HEADER_SEARCH_PATHS = "";
			};
			name = Debug;
		};
		1D6058950D05DD3E006BFB54 /* Release */ = {
			isa = XCBuildConfiguration;
			buildSettings = {
				ALWAYS_SEARCH_USER_PATHS = NO;
				CLANG_ENABLE_OBJC_ARC = YES;
				CODE_SIGN_IDENTITY = "iPhone Developer";
				"CODE_SIGN_IDENTITY[sdk=iphoneos*]" = "iPhone Developer";
				COMPRESS_PNG_FILES = NO;
				GCC_INLINES_ARE_PRIVATE_EXTERN = NO;
				GCC_PRECOMPILE_PREFIX_HEADER = YES;
				GCC_PREFIX_HEADER = ios/Prefix.pch;
				GCC_PREPROCESSOR_DEFINITIONS = (
					USE_FILE32API,
					CC_TARGET_OS_IPHONE,
					"CC_ENABLE_CHIPMUNK_INTEGRATION=1",
				);
				GCC_SYMBOLS_PRIVATE_EXTERN = NO;
				HEADER_SEARCH_PATHS = (
					"../../../cocos2d-x-3.0alpha0/CocosDenshion/include",
					"../../../cocos2d-x-3.0alpha0/external/chipmunk/include/constraints",
					"../../../cocos2d-x-3.0alpha0/external/chipmunk/include/chipmunk",
					"../../../cocos2d-x-3.0alpha0/extensions",
					"../../../cocos2d-x-3.0alpha0/cocos2dx/kazmath/include",
					"../../../cocos2d-x-3.0alpha0/external",
					"../../../cocos2d-x-3.0alpha0/cocos2dx",
					"../../../cocos2d-x-3.0alpha0/cocos2dx/include",
					"../../../cocos2d-x-3.0alpha0/cocos2dx/platform/third_party/ios",
					"../../../cocos2d-x-3.0alpha0/cocos2dx/platform/ios",
					"../../../cocos2d-x-3.0alpha0/cocos2dx/platform/ios/Simulation",
					../external,
					../external/openssl/include,
					../external/qiniu,
				);
				INFOPLIST_FILE = ios/Info.plist;
				IPHONEOS_DEPLOYMENT_TARGET = 5.0;
				LIBRARY_SEARCH_PATHS = (
					"../../../cocos2d-x-3.0alpha0/cocos2dx/platform/third_party/ios/libraries",
					"../../../cocos2d-x-3.0alpha0/external/libwebsockets/ios/lib",
					"/Users/weili/Documents/projects/2014/cocos2d-x-3.0alpha0/cocos2dx/platform/third_party/ios/libraries",
					/Users/weili/Documents/projects/2014/delight/client/external/WeChatSDK_1.4.2.1,
					/Users/weili/Documents/projects/2014/delight/client/external/openssl/lib,
				);
				PRODUCT_NAME = "delight iOS";
				PROVISIONING_PROFILE = "";
				SDKROOT = iphoneos;
				TARGETED_DEVICE_FAMILY = "1,2";
				USER_HEADER_SEARCH_PATHS = "";
			};
			name = Release;
		};
		5087E76D17EB910900C73F5D /* Debug */ = {
			isa = XCBuildConfiguration;
			buildSettings = {
				ALWAYS_SEARCH_USER_PATHS = NO;
				ARCHS = "$(ARCHS_STANDARD_64_BIT)";
				CLANG_CXX_LANGUAGE_STANDARD = "c++0x";
				CLANG_CXX_LIBRARY = "libc++";
				GCC_DYNAMIC_NO_PIC = NO;
				GCC_INLINES_ARE_PRIVATE_EXTERN = NO;
				GCC_PRECOMPILE_PREFIX_HEADER = YES;
				GCC_PREFIX_HEADER = mac/Prefix.pch;
				GCC_PREPROCESSOR_DEFINITIONS = (
					USE_FILE32API,
					CC_TARGET_OS_MAC,
					"COCOS2D_DEBUG=1",
					"CC_ENABLE_CHIPMUNK_INTEGRATION=1",
				);
				GCC_SYMBOLS_PRIVATE_EXTERN = NO;
				HEADER_SEARCH_PATHS = (
					"../../../cocos2d-x-3.0alpha0/CocosDenshion/include",
					"../../../cocos2d-x-3.0alpha0/external/chipmunk/include/constraints",
					"../../../cocos2d-x-3.0alpha0/external/chipmunk/include/chipmunk",
					"../../../cocos2d-x-3.0alpha0/extensions",
					"../../../cocos2d-x-3.0alpha0/cocos2dx/kazmath/include",
					"../../../cocos2d-x-3.0alpha0/external",
					"../../../cocos2d-x-3.0alpha0/cocos2dx",
					"../../../cocos2d-x-3.0alpha0/cocos2dx/include",
					"../../../cocos2d-x-3.0alpha0/cocos2dx/platform/third_party/mac",
					"../../../cocos2d-x-3.0alpha0/cocos2dx/platform/mac",
					../external,
				);
				INFOPLIST_FILE = mac/Info.plist;
				LIBRARY_SEARCH_PATHS = (
					"\"$(SRCROOT)/../../../cocos2dx/platform/third_party/mac/libraries\"",
					"\"$(SRCROOT)/../../../external/libwebsockets/mac/lib\"",
				);
				PRODUCT_NAME = "delight Mac";
				USER_HEADER_SEARCH_PATHS = "";
			};
			name = Debug;
		};
		5087E76E17EB910900C73F5D /* Release */ = {
			isa = XCBuildConfiguration;
			buildSettings = {
				ALWAYS_SEARCH_USER_PATHS = NO;
				ARCHS = "$(ARCHS_STANDARD_64_BIT)";
				CLANG_CXX_LANGUAGE_STANDARD = "c++0x";
				CLANG_CXX_LIBRARY = "libc++";
				GCC_INLINES_ARE_PRIVATE_EXTERN = NO;
				GCC_PRECOMPILE_PREFIX_HEADER = YES;
				GCC_PREFIX_HEADER = mac/Prefix.pch;
				GCC_PREPROCESSOR_DEFINITIONS = (
					USE_FILE32API,
					CC_TARGET_OS_MAC,
					"CC_ENABLE_CHIPMUNK_INTEGRATION=1",
				);
				GCC_SYMBOLS_PRIVATE_EXTERN = NO;
				HEADER_SEARCH_PATHS = (
					"../../../cocos2d-x-3.0alpha0/CocosDenshion/include",
					"../../../cocos2d-x-3.0alpha0/external/chipmunk/include/constraints",
					"../../../cocos2d-x-3.0alpha0/external/chipmunk/include/chipmunk",
					"../../../cocos2d-x-3.0alpha0/extensions",
					"../../../cocos2d-x-3.0alpha0/cocos2dx/kazmath/include",
					"../../../cocos2d-x-3.0alpha0/external",
					"../../../cocos2d-x-3.0alpha0/cocos2dx",
					"../../../cocos2d-x-3.0alpha0/cocos2dx/include",
					"../../../cocos2d-x-3.0alpha0/cocos2dx/platform/third_party/mac",
					"../../../cocos2d-x-3.0alpha0/cocos2dx/platform/mac",
					../external,
				);
				INFOPLIST_FILE = mac/Info.plist;
				LIBRARY_SEARCH_PATHS = (
					"\"$(SRCROOT)/../../../cocos2dx/platform/third_party/mac/libraries\"",
					"\"$(SRCROOT)/../../../external/libwebsockets/mac/lib\"",
				);
				PRODUCT_NAME = "delight Mac";
				USER_HEADER_SEARCH_PATHS = "";
			};
			name = Release;
		};
		C01FCF4F08A954540054247B /* Debug */ = {
			isa = XCBuildConfiguration;
			buildSettings = {
				CLANG_CXX_LANGUAGE_STANDARD = "c++0x";
				CLANG_CXX_LIBRARY = "libc++";
				COPY_PHASE_STRIP = NO;
				GCC_OPTIMIZATION_LEVEL = 0;
				GCC_WARN_ABOUT_RETURN_TYPE = YES;
				GCC_WARN_UNUSED_VARIABLE = YES;
				ONLY_ACTIVE_ARCH = YES;
				PRODUCT_NAME = "$(TARGET_NAME)";
				SDKROOT = macosx;
			};
			name = Debug;
		};
		C01FCF5008A954540054247B /* Release */ = {
			isa = XCBuildConfiguration;
			buildSettings = {
				CLANG_CXX_LANGUAGE_STANDARD = "c++0x";
				CLANG_CXX_LIBRARY = "libc++";
				GCC_WARN_ABOUT_RETURN_TYPE = YES;
				GCC_WARN_UNUSED_VARIABLE = YES;
				OTHER_CFLAGS = "-DNS_BLOCK_ASSERTIONS=1";
				PRODUCT_NAME = "$(TARGET_NAME)";
				SDKROOT = macosx;
				VALIDATE_PRODUCT = YES;
			};
			name = Release;
		};
/* End XCBuildConfiguration section */

/* Begin XCConfigurationList section */
		1D6058960D05DD3E006BFB54 /* Build configuration list for PBXNativeTarget "delight iOS" */ = {
			isa = XCConfigurationList;
			buildConfigurations = (
				1D6058940D05DD3E006BFB54 /* Debug */,
				1D6058950D05DD3E006BFB54 /* Release */,
			);
			defaultConfigurationIsVisible = 0;
			defaultConfigurationName = Debug;
		};
		5087E76C17EB910900C73F5D /* Build configuration list for PBXNativeTarget "delight Mac" */ = {
			isa = XCConfigurationList;
			buildConfigurations = (
				5087E76D17EB910900C73F5D /* Debug */,
				5087E76E17EB910900C73F5D /* Release */,
			);
			defaultConfigurationIsVisible = 0;
			defaultConfigurationName = Debug;
		};
		C01FCF4E08A954540054247B /* Build configuration list for PBXProject "delight" */ = {
			isa = XCConfigurationList;
			buildConfigurations = (
				C01FCF4F08A954540054247B /* Debug */,
				C01FCF5008A954540054247B /* Release */,
			);
			defaultConfigurationIsVisible = 0;
			defaultConfigurationName = Debug;
		};
/* End XCConfigurationList section */
	};
	rootObject = 29B97313FDCFA39411CA2CEA /* Project object */;
}
