// !$*UTF8*$!
{
	archiveVersion = 1;
	classes = {
	};
	objectVersion = 46;
	objects = {

/* Begin PBXBuildFile section */
		1AC6FB1F180E996B004C840B /* libbox2d Mac.a in Frameworks */ = {isa = PBXBuildFile; fileRef = 1AC6FAFF180E9839004C840B /* libbox2d Mac.a */; };
		1AC6FB20180E996B004C840B /* libchipmunk Mac.a in Frameworks */ = {isa = PBXBuildFile; fileRef = 1AC6FAFD180E9839004C840B /* libchipmunk Mac.a */; };
		1AC6FB21180E996B004C840B /* libcocos2dx Mac.a in Frameworks */ = {isa = PBXBuildFile; fileRef = 1AC6FAF9180E9839004C840B /* libcocos2dx Mac.a */; };
		1AC6FB22180E996B004C840B /* libcocos2dx-extensions Mac.a in Frameworks */ = {isa = PBXBuildFile; fileRef = 1AC6FAFB180E9839004C840B /* libcocos2dx-extensions Mac.a */; };
		1AC6FB23180E996B004C840B /* libCocosDenshion Mac.a in Frameworks */ = {isa = PBXBuildFile; fileRef = 1AC6FB01180E9839004C840B /* libCocosDenshion Mac.a */; };
		1AC6FB2E180E99EB004C840B /* libbox2d iOS.a in Frameworks */ = {isa = PBXBuildFile; fileRef = 1AC6FB0D180E9839004C840B /* libbox2d iOS.a */; };
		1AC6FB2F180E99EB004C840B /* libchipmunk iOS.a in Frameworks */ = {isa = PBXBuildFile; fileRef = 1AC6FB0B180E9839004C840B /* libchipmunk iOS.a */; };
		1AC6FB30180E99EB004C840B /* libcocos2dx iOS.a in Frameworks */ = {isa = PBXBuildFile; fileRef = 1AC6FB07180E9839004C840B /* libcocos2dx iOS.a */; };
		1AC6FB31180E99EB004C840B /* libcocos2dx-extensions iOS.a in Frameworks */ = {isa = PBXBuildFile; fileRef = 1AC6FB09180E9839004C840B /* libcocos2dx-extensions iOS.a */; };
		1AC6FB32180E99EB004C840B /* libCocosDenshion iOS.a in Frameworks */ = {isa = PBXBuildFile; fileRef = 1AC6FB0F180E9839004C840B /* libCocosDenshion iOS.a */; };
		1AFAF8B716D35DE700DB1158 /* AppDelegate.cpp in Sources */ = {isa = PBXBuildFile; fileRef = 1AFAF8B316D35DE700DB1158 /* AppDelegate.cpp */; };
		1AFAF8B816D35DE700DB1158 /* HelloWorldScene.cpp in Sources */ = {isa = PBXBuildFile; fileRef = 1AFAF8B516D35DE700DB1158 /* HelloWorldScene.cpp */; };
		1AFAF8BC16D35E4900DB1158 /* CloseNormal.png in Resources */ = {isa = PBXBuildFile; fileRef = 1AFAF8B916D35E4900DB1158 /* CloseNormal.png */; };
		1AFAF8BD16D35E4900DB1158 /* CloseSelected.png in Resources */ = {isa = PBXBuildFile; fileRef = 1AFAF8BA16D35E4900DB1158 /* CloseSelected.png */; };
		1AFAF8BE16D35E4900DB1158 /* HelloWorld.png in Resources */ = {isa = PBXBuildFile; fileRef = 1AFAF8BB16D35E4900DB1158 /* HelloWorld.png */; };
		1D60589F0D05DD5A006BFB54 /* Foundation.framework in Frameworks */ = {isa = PBXBuildFile; fileRef = 1D30AB110D05D00D00671497 /* Foundation.framework */; };
		1DF5F4E00D08C38300B7A737 /* UIKit.framework in Frameworks */ = {isa = PBXBuildFile; fileRef = 1DF5F4DF0D08C38300B7A737 /* UIKit.framework */; };
		288765A50DF7441C002DB57D /* CoreGraphics.framework in Frameworks */ = {isa = PBXBuildFile; fileRef = 288765A40DF7441C002DB57D /* CoreGraphics.framework */; };
		503AE0F817EB97AB00D1A890 /* Icon.icns in Resources */ = {isa = PBXBuildFile; fileRef = 503AE0F617EB97AB00D1A890 /* Icon.icns */; };
		503AE10017EB989F00D1A890 /* AppController.mm in Sources */ = {isa = PBXBuildFile; fileRef = 503AE0FB17EB989F00D1A890 /* AppController.mm */; };
		503AE10117EB989F00D1A890 /* main.m in Sources */ = {isa = PBXBuildFile; fileRef = 503AE0FC17EB989F00D1A890 /* main.m */; };
		503AE10217EB989F00D1A890 /* RootViewController.mm in Sources */ = {isa = PBXBuildFile; fileRef = 503AE0FF17EB989F00D1A890 /* RootViewController.mm */; };
		503AE10517EB98FF00D1A890 /* main.cpp in Sources */ = {isa = PBXBuildFile; fileRef = 503AE10317EB98FF00D1A890 /* main.cpp */; };
		503AE11217EB99EE00D1A890 /* libcurl.dylib in Frameworks */ = {isa = PBXBuildFile; fileRef = 503AE11117EB99EE00D1A890 /* libcurl.dylib */; };
		503AE11B17EB9C5A00D1A890 /* IOKit.framework in Frameworks */ = {isa = PBXBuildFile; fileRef = 503AE11A17EB9C5A00D1A890 /* IOKit.framework */; };
		5087E75317EB910900C73F5D /* CloseNormal.png in Resources */ = {isa = PBXBuildFile; fileRef = 1AFAF8B916D35E4900DB1158 /* CloseNormal.png */; };
		5087E75417EB910900C73F5D /* CloseSelected.png in Resources */ = {isa = PBXBuildFile; fileRef = 1AFAF8BA16D35E4900DB1158 /* CloseSelected.png */; };
		5087E75517EB910900C73F5D /* HelloWorld.png in Resources */ = {isa = PBXBuildFile; fileRef = 1AFAF8BB16D35E4900DB1158 /* HelloWorld.png */; };
		5087E75717EB910900C73F5D /* AppDelegate.cpp in Sources */ = {isa = PBXBuildFile; fileRef = 1AFAF8B316D35DE700DB1158 /* AppDelegate.cpp */; };
		5087E75817EB910900C73F5D /* HelloWorldScene.cpp in Sources */ = {isa = PBXBuildFile; fileRef = 1AFAF8B516D35DE700DB1158 /* HelloWorldScene.cpp */; };
		5087E76317EB910900C73F5D /* Foundation.framework in Frameworks */ = {isa = PBXBuildFile; fileRef = 1D30AB110D05D00D00671497 /* Foundation.framework */; };
		5087E76517EB910900C73F5D /* CoreGraphics.framework in Frameworks */ = {isa = PBXBuildFile; fileRef = 288765A40DF7441C002DB57D /* CoreGraphics.framework */; };
		5087E76717EB910900C73F5D /* libz.dylib in Frameworks */ = {isa = PBXBuildFile; fileRef = BF170DB412928DE900B8313A /* libz.dylib */; };
		5087E76817EB910900C73F5D /* QuartzCore.framework in Frameworks */ = {isa = PBXBuildFile; fileRef = BF1C47EA1293683800B63C5D /* QuartzCore.framework */; };
		5087E76917EB910900C73F5D /* OpenAL.framework in Frameworks */ = {isa = PBXBuildFile; fileRef = D44C620B132DFF330009C878 /* OpenAL.framework */; };
		5087E76A17EB910900C73F5D /* AVFoundation.framework in Frameworks */ = {isa = PBXBuildFile; fileRef = D44C620D132DFF430009C878 /* AVFoundation.framework */; };
		5087E76B17EB910900C73F5D /* AudioToolbox.framework in Frameworks */ = {isa = PBXBuildFile; fileRef = D44C620F132DFF4E0009C878 /* AudioToolbox.framework */; };
		5087E77D17EB970100C73F5D /* Default-568h@2x.png in Resources */ = {isa = PBXBuildFile; fileRef = 5087E77217EB970100C73F5D /* Default-568h@2x.png */; };
		5087E77E17EB970100C73F5D /* Default.png in Resources */ = {isa = PBXBuildFile; fileRef = 5087E77317EB970100C73F5D /* Default.png */; };
		5087E77F17EB970100C73F5D /* Default@2x.png in Resources */ = {isa = PBXBuildFile; fileRef = 5087E77417EB970100C73F5D /* Default@2x.png */; };
		5087E78017EB970100C73F5D /* Icon-114.png in Resources */ = {isa = PBXBuildFile; fileRef = 5087E77517EB970100C73F5D /* Icon-114.png */; };
		5087E78117EB970100C73F5D /* Icon-120.png in Resources */ = {isa = PBXBuildFile; fileRef = 5087E77617EB970100C73F5D /* Icon-120.png */; };
		5087E78217EB970100C73F5D /* Icon-144.png in Resources */ = {isa = PBXBuildFile; fileRef = 5087E77717EB970100C73F5D /* Icon-144.png */; };
		5087E78317EB970100C73F5D /* Icon-152.png in Resources */ = {isa = PBXBuildFile; fileRef = 5087E77817EB970100C73F5D /* Icon-152.png */; };
		5087E78417EB970100C73F5D /* Icon-57.png in Resources */ = {isa = PBXBuildFile; fileRef = 5087E77917EB970100C73F5D /* Icon-57.png */; };
		5087E78517EB970100C73F5D /* Icon-72.png in Resources */ = {isa = PBXBuildFile; fileRef = 5087E77A17EB970100C73F5D /* Icon-72.png */; };
		5087E78617EB970100C73F5D /* Icon-76.png in Resources */ = {isa = PBXBuildFile; fileRef = 5087E77B17EB970100C73F5D /* Icon-76.png */; };
		5087E78917EB974C00C73F5D /* AppKit.framework in Frameworks */ = {isa = PBXBuildFile; fileRef = 5087E78817EB974C00C73F5D /* AppKit.framework */; };
		5087E78B17EB975400C73F5D /* OpenGL.framework in Frameworks */ = {isa = PBXBuildFile; fileRef = 5087E78A17EB975400C73F5D /* OpenGL.framework */; };
		50EF629617ECD46A001EB2F8 /* Icon-40.png in Resources */ = {isa = PBXBuildFile; fileRef = 50EF629217ECD46A001EB2F8 /* Icon-40.png */; };
		50EF629717ECD46A001EB2F8 /* Icon-58.png in Resources */ = {isa = PBXBuildFile; fileRef = 50EF629317ECD46A001EB2F8 /* Icon-58.png */; };
		50EF629817ECD46A001EB2F8 /* Icon-80.png in Resources */ = {isa = PBXBuildFile; fileRef = 50EF629417ECD46A001EB2F8 /* Icon-80.png */; };
		50EF629917ECD46A001EB2F8 /* Icon-100.png in Resources */ = {isa = PBXBuildFile; fileRef = 50EF629517ECD46A001EB2F8 /* Icon-100.png */; };
		50EF62A217ECD613001EB2F8 /* Icon-29.png in Resources */ = {isa = PBXBuildFile; fileRef = 50EF62A017ECD613001EB2F8 /* Icon-29.png */; };
		50EF62A317ECD613001EB2F8 /* Icon-50.png in Resources */ = {isa = PBXBuildFile; fileRef = 50EF62A117ECD613001EB2F8 /* Icon-50.png */; };
		B3319FFB18E3146700270DDA /* loginScene.cpp in Sources */ = {isa = PBXBuildFile; fileRef = B3319FF918E3146700270DDA /* loginScene.cpp */; };
		B331A00418E3153700270DDA /* http.cpp in Sources */ = {isa = PBXBuildFile; fileRef = B3319FFE18E3153700270DDA /* http.cpp */; };
		B331A00518E3153700270DDA /* lang.cpp in Sources */ = {isa = PBXBuildFile; fileRef = B331A00018E3153700270DDA /* lang.cpp */; };
		B331A00618E3153700270DDA /* util.cpp in Sources */ = {isa = PBXBuildFile; fileRef = B331A00218E3153700270DDA /* util.cpp */; };
		B331A01418E315B200270DDA /* sha.cpp in Sources */ = {isa = PBXBuildFile; fileRef = B331A00D18E315B200270DDA /* sha.cpp */; };
		B331A01518E315B200270DDA /* jsonxx.cc in Sources */ = {isa = PBXBuildFile; fileRef = B331A01018E315B200270DDA /* jsonxx.cc */; };
		B331A06018E316A100270DDA /* .gitignore in Resources */ = {isa = PBXBuildFile; fileRef = B331A04418E316A100270DDA /* .gitignore */; };
		B331A06118E316A100270DDA /* .travis.yml in Resources */ = {isa = PBXBuildFile; fileRef = B331A04518E316A100270DDA /* .travis.yml */; };
		B331A06218E316A100270DDA /* b64.c in Sources */ = {isa = PBXBuildFile; fileRef = B331A04718E316A100270DDA /* b64.c */; };
		B331A06318E316A100270DDA /* urlsafe_b64.c in Sources */ = {isa = PBXBuildFile; fileRef = B331A04918E316A100270DDA /* urlsafe_b64.c */; };
		B331A06418E316A100270DDA /* cJSON.c in Sources */ = {isa = PBXBuildFile; fileRef = B331A04C18E316A100270DDA /* cJSON.c */; };
		B331A06518E316A100270DDA /* auth_mac.c in Sources */ = {isa = PBXBuildFile; fileRef = B331A04F18E316A100270DDA /* auth_mac.c */; };
		B331A06618E316A100270DDA /* base.c in Sources */ = {isa = PBXBuildFile; fileRef = B331A05018E316A100270DDA /* base.c */; };
		B331A06718E316A100270DDA /* base_io.c in Sources */ = {isa = PBXBuildFile; fileRef = B331A05218E316A100270DDA /* base_io.c */; };
		B331A06818E316A100270DDA /* conf.c in Sources */ = {isa = PBXBuildFile; fileRef = B331A05318E316A100270DDA /* conf.c */; };
		B331A06918E316A100270DDA /* http.c in Sources */ = {isa = PBXBuildFile; fileRef = B331A05518E316A100270DDA /* http.c */; };
		B331A06A18E316A100270DDA /* io.c in Sources */ = {isa = PBXBuildFile; fileRef = B331A05718E316A100270DDA /* io.c */; };
		B331A06B18E316A100270DDA /* qiniu.bat in Resources */ = {isa = PBXBuildFile; fileRef = B331A05918E316A100270DDA /* qiniu.bat */; };
		B331A06C18E316A100270DDA /* qiniu.def in Resources */ = {isa = PBXBuildFile; fileRef = B331A05A18E316A100270DDA /* qiniu.def */; };
		B331A06D18E316A100270DDA /* qiniu.dsp in Resources */ = {isa = PBXBuildFile; fileRef = B331A05B18E316A100270DDA /* qiniu.dsp */; };
		B331A06E18E316A100270DDA /* resumable_io.c in Sources */ = {isa = PBXBuildFile; fileRef = B331A05C18E316A100270DDA /* resumable_io.c */; };
		B331A06F18E316A100270DDA /* rs.c in Sources */ = {isa = PBXBuildFile; fileRef = B331A05E18E316A100270DDA /* rs.c */; };
		B331A0C218E316CF00270DDA /* LICENSE in Resources */ = {isa = PBXBuildFile; fileRef = B331A07218E316CF00270DDA /* LICENSE */; };
		B331A0C318E316CF00270DDA /* libcrypto.a in Frameworks */ = {isa = PBXBuildFile; fileRef = B331A0C018E316CF00270DDA /* libcrypto.a */; };
		B331A0C418E316D000270DDA /* libssl.a in Frameworks */ = {isa = PBXBuildFile; fileRef = B331A0C118E316CF00270DDA /* libssl.a */; };
		B3BF01BF18E944D1004E109E /* gameplay.cpp in Sources */ = {isa = PBXBuildFile; fileRef = B3BF01BB18E944D1004E109E /* gameplay.cpp */; };
		B3BF01C018E944D1004E109E /* gifTexture.cpp in Sources */ = {isa = PBXBuildFile; fileRef = B3BF01BD18E944D1004E109E /* gifTexture.cpp */; };
		B3BF01D018E94783004E109E /* dgif_lib.c in Sources */ = {isa = PBXBuildFile; fileRef = B3BF01C618E94783004E109E /* dgif_lib.c */; };
		B3BF01D118E94783004E109E /* egif_lib.c in Sources */ = {isa = PBXBuildFile; fileRef = B3BF01C718E94783004E109E /* egif_lib.c */; };
		B3BF01D218E94783004E109E /* gif_err.c in Sources */ = {isa = PBXBuildFile; fileRef = B3BF01C818E94783004E109E /* gif_err.c */; };
		B3BF01D318E94783004E109E /* gif_font.c in Sources */ = {isa = PBXBuildFile; fileRef = B3BF01C918E94783004E109E /* gif_font.c */; };
		B3BF01D418E94783004E109E /* gif_hash.c in Sources */ = {isa = PBXBuildFile; fileRef = B3BF01CA18E94783004E109E /* gif_hash.c */; };
		B3BF01D518E94783004E109E /* gifalloc.c in Sources */ = {isa = PBXBuildFile; fileRef = B3BF01CE18E94783004E109E /* gifalloc.c */; };
		B3BF01D618E94783004E109E /* quantize.c in Sources */ = {isa = PBXBuildFile; fileRef = B3BF01CF18E94783004E109E /* quantize.c */; };
		B3BF01D918E947CD004E109E /* spriteLoader.cpp in Sources */ = {isa = PBXBuildFile; fileRef = B3BF01D718E947CD004E109E /* spriteLoader.cpp */; };
		B3BF01DC18E94CFA004E109E /* sliderScene.cpp in Sources */ = {isa = PBXBuildFile; fileRef = B3BF01DA18E94CFA004E109E /* sliderScene.cpp */; };
		B3BF01DF18E960F9004E109E /* packLoadingScene.cpp in Sources */ = {isa = PBXBuildFile; fileRef = B3BF01DD18E960F9004E109E /* packLoadingScene.cpp */; };
		B3BF01E118EDC597004E109E /* img in Resources */ = {isa = PBXBuildFile; fileRef = B3BF01E018EDC597004E109E /* img */; };
		B3BF984918E324E90022EE49 /* db.cpp in Sources */ = {isa = PBXBuildFile; fileRef = B3BF984718E324E90022EE49 /* db.cpp */; };
		B3BF984D18E3258A0022EE49 /* libsqlite3.dylib in Frameworks */ = {isa = PBXBuildFile; fileRef = B3BF984C18E3258A0022EE49 /* libsqlite3.dylib */; };
		B3BF985018E328330022EE49 /* lang in Resources */ = {isa = PBXBuildFile; fileRef = B3BF984F18E328330022EE49 /* lang */; };
		B3BF985218E3283C0022EE49 /* default in Resources */ = {isa = PBXBuildFile; fileRef = B3BF985118E3283C0022EE49 /* default */; };
		B3BF985518E3284A0022EE49 /* audio in Resources */ = {isa = PBXBuildFile; fileRef = B3BF985318E3284A0022EE49 /* audio */; };
		B3BF985618E3284A0022EE49 /* ui in Resources */ = {isa = PBXBuildFile; fileRef = B3BF985418E3284A0022EE49 /* ui */; };
		B3BF986A18E333000022EE49 /* eventHomeScene.cpp in Sources */ = {isa = PBXBuildFile; fileRef = B3BF986418E333000022EE49 /* eventHomeScene.cpp */; };
		B3BF986B18E333000022EE49 /* eventListScene.cpp in Sources */ = {isa = PBXBuildFile; fileRef = B3BF986618E333000022EE49 /* eventListScene.cpp */; };
		B3BF986C18E333000022EE49 /* eventRoundLayer.cpp in Sources */ = {isa = PBXBuildFile; fileRef = B3BF986818E333000022EE49 /* eventRoundLayer.cpp */; };
		B3BF986F18E3357D0022EE49 /* pack.cpp in Sources */ = {isa = PBXBuildFile; fileRef = B3BF986D18E3357D0022EE49 /* pack.cpp */; };
		B3BF987218E335AB0022EE49 /* dragView.cpp in Sources */ = {isa = PBXBuildFile; fileRef = B3BF987018E335AA0022EE49 /* dragView.cpp */; };
		B3BF987918E40D830022EE49 /* libcurl_arm64.a in Frameworks */ = {isa = PBXBuildFile; fileRef = B331A0C618E3173D00270DDA /* libcurl_arm64.a */; };
		B3BF987A18E40D830022EE49 /* libcurl.a in Frameworks */ = {isa = PBXBuildFile; fileRef = B331A0C718E3173D00270DDA /* libcurl.a */; };
		B3E752A418E5C96E00966119 /* button.cpp in Sources */ = {isa = PBXBuildFile; fileRef = B3E752A218E5C96E00966119 /* button.cpp */; };
		BF171245129291EC00B8313A /* OpenGLES.framework in Frameworks */ = {isa = PBXBuildFile; fileRef = BF170DB012928DE900B8313A /* OpenGLES.framework */; };
		BF1712471292920000B8313A /* libz.dylib in Frameworks */ = {isa = PBXBuildFile; fileRef = BF170DB412928DE900B8313A /* libz.dylib */; };
		BF1C47F01293687400B63C5D /* QuartzCore.framework in Frameworks */ = {isa = PBXBuildFile; fileRef = BF1C47EA1293683800B63C5D /* QuartzCore.framework */; };
		D44C620C132DFF330009C878 /* OpenAL.framework in Frameworks */ = {isa = PBXBuildFile; fileRef = D44C620B132DFF330009C878 /* OpenAL.framework */; };
		D44C620E132DFF430009C878 /* AVFoundation.framework in Frameworks */ = {isa = PBXBuildFile; fileRef = D44C620D132DFF430009C878 /* AVFoundation.framework */; };
		D44C6210132DFF4E0009C878 /* AudioToolbox.framework in Frameworks */ = {isa = PBXBuildFile; fileRef = D44C620F132DFF4E0009C878 /* AudioToolbox.framework */; };
		D6B0611B1803AB670077942B /* CoreMotion.framework in Frameworks */ = {isa = PBXBuildFile; fileRef = D6B0611A1803AB670077942B /* CoreMotion.framework */; };
/* End PBXBuildFile section */

/* Begin PBXContainerItemProxy section */
		1AC6FAF8180E9839004C840B /* PBXContainerItemProxy */ = {
			isa = PBXContainerItemProxy;
			containerPortal = 1AC6FAE5180E9839004C840B /* cocos2d_libs.xcodeproj */;
			proxyType = 2;
			remoteGlobalIDString = 1551A33F158F2AB200E66CFE;
			remoteInfo = "cocos2dx Mac";
		};
		1AC6FAFA180E9839004C840B /* PBXContainerItemProxy */ = {
			isa = PBXContainerItemProxy;
			containerPortal = 1AC6FAE5180E9839004C840B /* cocos2d_libs.xcodeproj */;
			proxyType = 2;
			remoteGlobalIDString = A03F2FD617814595006731B9;
			remoteInfo = "cocos2dx-extensions Mac";
		};
		1AC6FAFC180E9839004C840B /* PBXContainerItemProxy */ = {
			isa = PBXContainerItemProxy;
			containerPortal = 1AC6FAE5180E9839004C840B /* cocos2d_libs.xcodeproj */;
			proxyType = 2;
			remoteGlobalIDString = A03F2CB81780BD04006731B9;
			remoteInfo = "chipmunk Mac";
		};
		1AC6FAFE180E9839004C840B /* PBXContainerItemProxy */ = {
			isa = PBXContainerItemProxy;
			containerPortal = 1AC6FAE5180E9839004C840B /* cocos2d_libs.xcodeproj */;
			proxyType = 2;
			remoteGlobalIDString = A03F2D9B1780BDF7006731B9;
			remoteInfo = "box2d Mac";
		};
		1AC6FB00180E9839004C840B /* PBXContainerItemProxy */ = {
			isa = PBXContainerItemProxy;
			containerPortal = 1AC6FAE5180E9839004C840B /* cocos2d_libs.xcodeproj */;
			proxyType = 2;
			remoteGlobalIDString = A03F2ED617814268006731B9;
			remoteInfo = "CocosDenshion Mac";
		};
		1AC6FB06180E9839004C840B /* PBXContainerItemProxy */ = {
			isa = PBXContainerItemProxy;
			containerPortal = 1AC6FAE5180E9839004C840B /* cocos2d_libs.xcodeproj */;
			proxyType = 2;
			remoteGlobalIDString = A07A4D641783777C0073F6A7;
			remoteInfo = "cocos2dx iOS";
		};
		1AC6FB08180E9839004C840B /* PBXContainerItemProxy */ = {
			isa = PBXContainerItemProxy;
			containerPortal = 1AC6FAE5180E9839004C840B /* cocos2d_libs.xcodeproj */;
			proxyType = 2;
			remoteGlobalIDString = A07A4EFC1783867C0073F6A7;
			remoteInfo = "cocos2dx-extensions iOS";
		};
		1AC6FB0A180E9839004C840B /* PBXContainerItemProxy */ = {
			isa = PBXContainerItemProxy;
			containerPortal = 1AC6FAE5180E9839004C840B /* cocos2d_libs.xcodeproj */;
			proxyType = 2;
			remoteGlobalIDString = A07A4F3B178387670073F6A7;
			remoteInfo = "chipmunk iOS";
		};
		1AC6FB0C180E9839004C840B /* PBXContainerItemProxy */ = {
			isa = PBXContainerItemProxy;
			containerPortal = 1AC6FAE5180E9839004C840B /* cocos2d_libs.xcodeproj */;
			proxyType = 2;
			remoteGlobalIDString = A07A4F9E1783876B0073F6A7;
			remoteInfo = "box2d iOS";
		};
		1AC6FB0E180E9839004C840B /* PBXContainerItemProxy */ = {
			isa = PBXContainerItemProxy;
			containerPortal = 1AC6FAE5180E9839004C840B /* cocos2d_libs.xcodeproj */;
			proxyType = 2;
			remoteGlobalIDString = A07A4FB4178387730073F6A7;
			remoteInfo = "CocosDenshion iOS";
		};
		1AC6FB15180E9959004C840B /* PBXContainerItemProxy */ = {
			isa = PBXContainerItemProxy;
			containerPortal = 1AC6FAE5180E9839004C840B /* cocos2d_libs.xcodeproj */;
			proxyType = 1;
			remoteGlobalIDString = 1551A33E158F2AB200E66CFE;
			remoteInfo = "cocos2dx Mac";
		};
		1AC6FB17180E9959004C840B /* PBXContainerItemProxy */ = {
			isa = PBXContainerItemProxy;
			containerPortal = 1AC6FAE5180E9839004C840B /* cocos2d_libs.xcodeproj */;
			proxyType = 1;
			remoteGlobalIDString = A03F2FC117814595006731B9;
			remoteInfo = "cocos2dx-extensions Mac";
		};
		1AC6FB19180E9959004C840B /* PBXContainerItemProxy */ = {
			isa = PBXContainerItemProxy;
			containerPortal = 1AC6FAE5180E9839004C840B /* cocos2d_libs.xcodeproj */;
			proxyType = 1;
			remoteGlobalIDString = A03F2B781780BD04006731B9;
			remoteInfo = "chipmunk Mac";
		};
		1AC6FB1B180E9959004C840B /* PBXContainerItemProxy */ = {
			isa = PBXContainerItemProxy;
			containerPortal = 1AC6FAE5180E9839004C840B /* cocos2d_libs.xcodeproj */;
			proxyType = 1;
			remoteGlobalIDString = A03F2E9817814268006731B9;
			remoteInfo = "CocosDenshion Mac";
		};
		1AC6FB1D180E9963004C840B /* PBXContainerItemProxy */ = {
			isa = PBXContainerItemProxy;
			containerPortal = 1AC6FAE5180E9839004C840B /* cocos2d_libs.xcodeproj */;
			proxyType = 1;
			remoteGlobalIDString = A03F2D5D1780BDF7006731B9;
			remoteInfo = "box2d Mac";
		};
		1AC6FB24180E99E1004C840B /* PBXContainerItemProxy */ = {
			isa = PBXContainerItemProxy;
			containerPortal = 1AC6FAE5180E9839004C840B /* cocos2d_libs.xcodeproj */;
			proxyType = 1;
			remoteGlobalIDString = A07A4C241783777C0073F6A7;
			remoteInfo = "cocos2dx iOS";
		};
		1AC6FB26180E99E1004C840B /* PBXContainerItemProxy */ = {
			isa = PBXContainerItemProxy;
			containerPortal = 1AC6FAE5180E9839004C840B /* cocos2d_libs.xcodeproj */;
			proxyType = 1;
			remoteGlobalIDString = A07A4E111783867C0073F6A7;
			remoteInfo = "cocos2dx-extensions iOS";
		};
		1AC6FB28180E99E1004C840B /* PBXContainerItemProxy */ = {
			isa = PBXContainerItemProxy;
			containerPortal = 1AC6FAE5180E9839004C840B /* cocos2d_libs.xcodeproj */;
			proxyType = 1;
			remoteGlobalIDString = A07A4EFD178387670073F6A7;
			remoteInfo = "chipmunk iOS";
		};
		1AC6FB2A180E99E1004C840B /* PBXContainerItemProxy */ = {
			isa = PBXContainerItemProxy;
			containerPortal = 1AC6FAE5180E9839004C840B /* cocos2d_libs.xcodeproj */;
			proxyType = 1;
			remoteGlobalIDString = A07A4F3C1783876B0073F6A7;
			remoteInfo = "box2d iOS";
		};
		1AC6FB2C180E99E1004C840B /* PBXContainerItemProxy */ = {
			isa = PBXContainerItemProxy;
			containerPortal = 1AC6FAE5180E9839004C840B /* cocos2d_libs.xcodeproj */;
			proxyType = 1;
			remoteGlobalIDString = A07A4F9F178387730073F6A7;
			remoteInfo = "CocosDenshion iOS";
		};
/* End PBXContainerItemProxy section */

/* Begin PBXFileReference section */
		1AC6FAE5180E9839004C840B /* cocos2d_libs.xcodeproj */ = {isa = PBXFileReference; lastKnownFileType = "wrapper.pb-project"; name = cocos2d_libs.xcodeproj; path = ../cocos2d/build/cocos2d_libs.xcodeproj; sourceTree = "<group>"; };
		1ACB3243164770DE00914215 /* libcurl.a */ = {isa = PBXFileReference; lastKnownFileType = archive.ar; name = libcurl.a; path = ../../cocos2dx/platform/third_party/ios/libraries/libcurl.a; sourceTree = "<group>"; };
		1AFAF8B316D35DE700DB1158 /* AppDelegate.cpp */ = {isa = PBXFileReference; fileEncoding = 4; lastKnownFileType = sourcecode.cpp.cpp; name = AppDelegate.cpp; path = ../Classes/AppDelegate.cpp; sourceTree = "<group>"; };
		1AFAF8B416D35DE700DB1158 /* AppDelegate.h */ = {isa = PBXFileReference; fileEncoding = 4; lastKnownFileType = sourcecode.c.h; name = AppDelegate.h; path = ../Classes/AppDelegate.h; sourceTree = "<group>"; };
		1AFAF8B516D35DE700DB1158 /* HelloWorldScene.cpp */ = {isa = PBXFileReference; fileEncoding = 4; lastKnownFileType = sourcecode.cpp.cpp; name = HelloWorldScene.cpp; path = ../Classes/HelloWorldScene.cpp; sourceTree = "<group>"; };
		1AFAF8B616D35DE700DB1158 /* HelloWorldScene.h */ = {isa = PBXFileReference; fileEncoding = 4; lastKnownFileType = sourcecode.c.h; name = HelloWorldScene.h; path = ../Classes/HelloWorldScene.h; sourceTree = "<group>"; };
		1AFAF8B916D35E4900DB1158 /* CloseNormal.png */ = {isa = PBXFileReference; lastKnownFileType = image.png; path = CloseNormal.png; sourceTree = "<group>"; };
		1AFAF8BA16D35E4900DB1158 /* CloseSelected.png */ = {isa = PBXFileReference; lastKnownFileType = image.png; path = CloseSelected.png; sourceTree = "<group>"; };
		1AFAF8BB16D35E4900DB1158 /* HelloWorld.png */ = {isa = PBXFileReference; lastKnownFileType = image.png; path = HelloWorld.png; sourceTree = "<group>"; };
		1D30AB110D05D00D00671497 /* Foundation.framework */ = {isa = PBXFileReference; lastKnownFileType = wrapper.framework; name = Foundation.framework; path = System/Library/Frameworks/Foundation.framework; sourceTree = SDKROOT; };
		1D6058910D05DD3D006BFB54 /* sliders iOS.app */ = {isa = PBXFileReference; explicitFileType = wrapper.application; includeInIndex = 0; path = "sliders iOS.app"; sourceTree = BUILT_PRODUCTS_DIR; };
		1DF5F4DF0D08C38300B7A737 /* UIKit.framework */ = {isa = PBXFileReference; lastKnownFileType = wrapper.framework; name = UIKit.framework; path = System/Library/Frameworks/UIKit.framework; sourceTree = SDKROOT; };
		288765A40DF7441C002DB57D /* CoreGraphics.framework */ = {isa = PBXFileReference; lastKnownFileType = wrapper.framework; name = CoreGraphics.framework; path = System/Library/Frameworks/CoreGraphics.framework; sourceTree = SDKROOT; };
		503AE0F617EB97AB00D1A890 /* Icon.icns */ = {isa = PBXFileReference; lastKnownFileType = image.icns; path = Icon.icns; sourceTree = "<group>"; };
		503AE0F717EB97AB00D1A890 /* Info.plist */ = {isa = PBXFileReference; fileEncoding = 4; lastKnownFileType = text.plist.xml; path = Info.plist; sourceTree = "<group>"; };
		503AE0FA17EB989F00D1A890 /* AppController.h */ = {isa = PBXFileReference; fileEncoding = 4; lastKnownFileType = sourcecode.c.h; name = AppController.h; path = ios/AppController.h; sourceTree = SOURCE_ROOT; };
		503AE0FB17EB989F00D1A890 /* AppController.mm */ = {isa = PBXFileReference; fileEncoding = 4; lastKnownFileType = sourcecode.cpp.objcpp; name = AppController.mm; path = ios/AppController.mm; sourceTree = SOURCE_ROOT; };
		503AE0FC17EB989F00D1A890 /* main.m */ = {isa = PBXFileReference; fileEncoding = 4; lastKnownFileType = sourcecode.c.objc; name = main.m; path = ios/main.m; sourceTree = SOURCE_ROOT; };
		503AE0FD17EB989F00D1A890 /* Prefix.pch */ = {isa = PBXFileReference; fileEncoding = 4; lastKnownFileType = sourcecode.c.h; name = Prefix.pch; path = ios/Prefix.pch; sourceTree = SOURCE_ROOT; };
		503AE0FE17EB989F00D1A890 /* RootViewController.h */ = {isa = PBXFileReference; fileEncoding = 4; lastKnownFileType = sourcecode.c.h; name = RootViewController.h; path = ios/RootViewController.h; sourceTree = SOURCE_ROOT; };
		503AE0FF17EB989F00D1A890 /* RootViewController.mm */ = {isa = PBXFileReference; fileEncoding = 4; lastKnownFileType = sourcecode.cpp.objcpp; name = RootViewController.mm; path = ios/RootViewController.mm; sourceTree = SOURCE_ROOT; };
		503AE10317EB98FF00D1A890 /* main.cpp */ = {isa = PBXFileReference; fileEncoding = 4; lastKnownFileType = sourcecode.cpp.cpp; name = main.cpp; path = mac/main.cpp; sourceTree = "<group>"; };
		503AE10417EB98FF00D1A890 /* Prefix.pch */ = {isa = PBXFileReference; fileEncoding = 4; lastKnownFileType = sourcecode.c.h; name = Prefix.pch; path = mac/Prefix.pch; sourceTree = "<group>"; };
		503AE11117EB99EE00D1A890 /* libcurl.dylib */ = {isa = PBXFileReference; lastKnownFileType = "compiled.mach-o.dylib"; name = libcurl.dylib; path = usr/lib/libcurl.dylib; sourceTree = SDKROOT; };
		503AE11A17EB9C5A00D1A890 /* IOKit.framework */ = {isa = PBXFileReference; lastKnownFileType = wrapper.framework; name = IOKit.framework; path = System/Library/Frameworks/IOKit.framework; sourceTree = SDKROOT; };
		5087E76F17EB910900C73F5D /* sliders Mac.app */ = {isa = PBXFileReference; explicitFileType = wrapper.application; includeInIndex = 0; path = "sliders Mac.app"; sourceTree = BUILT_PRODUCTS_DIR; };
		5087E77217EB970100C73F5D /* Default-568h@2x.png */ = {isa = PBXFileReference; lastKnownFileType = image.png; path = "Default-568h@2x.png"; sourceTree = "<group>"; };
		5087E77317EB970100C73F5D /* Default.png */ = {isa = PBXFileReference; lastKnownFileType = image.png; path = Default.png; sourceTree = "<group>"; };
		5087E77417EB970100C73F5D /* Default@2x.png */ = {isa = PBXFileReference; lastKnownFileType = image.png; path = "Default@2x.png"; sourceTree = "<group>"; };
		5087E77517EB970100C73F5D /* Icon-114.png */ = {isa = PBXFileReference; lastKnownFileType = image.png; path = "Icon-114.png"; sourceTree = "<group>"; };
		5087E77617EB970100C73F5D /* Icon-120.png */ = {isa = PBXFileReference; lastKnownFileType = image.png; path = "Icon-120.png"; sourceTree = "<group>"; };
		5087E77717EB970100C73F5D /* Icon-144.png */ = {isa = PBXFileReference; lastKnownFileType = image.png; path = "Icon-144.png"; sourceTree = "<group>"; };
		5087E77817EB970100C73F5D /* Icon-152.png */ = {isa = PBXFileReference; lastKnownFileType = image.png; path = "Icon-152.png"; sourceTree = "<group>"; };
		5087E77917EB970100C73F5D /* Icon-57.png */ = {isa = PBXFileReference; lastKnownFileType = image.png; path = "Icon-57.png"; sourceTree = "<group>"; };
		5087E77A17EB970100C73F5D /* Icon-72.png */ = {isa = PBXFileReference; lastKnownFileType = image.png; path = "Icon-72.png"; sourceTree = "<group>"; };
		5087E77B17EB970100C73F5D /* Icon-76.png */ = {isa = PBXFileReference; lastKnownFileType = image.png; path = "Icon-76.png"; sourceTree = "<group>"; };
		5087E77C17EB970100C73F5D /* Info.plist */ = {isa = PBXFileReference; fileEncoding = 4; lastKnownFileType = text.plist.xml; path = Info.plist; sourceTree = "<group>"; };
		5087E78817EB974C00C73F5D /* AppKit.framework */ = {isa = PBXFileReference; lastKnownFileType = wrapper.framework; name = AppKit.framework; path = System/Library/Frameworks/AppKit.framework; sourceTree = SDKROOT; };
		5087E78A17EB975400C73F5D /* OpenGL.framework */ = {isa = PBXFileReference; lastKnownFileType = wrapper.framework; name = OpenGL.framework; path = System/Library/Frameworks/OpenGL.framework; sourceTree = SDKROOT; };
		50EF629217ECD46A001EB2F8 /* Icon-40.png */ = {isa = PBXFileReference; lastKnownFileType = image.png; path = "Icon-40.png"; sourceTree = "<group>"; };
		50EF629317ECD46A001EB2F8 /* Icon-58.png */ = {isa = PBXFileReference; lastKnownFileType = image.png; path = "Icon-58.png"; sourceTree = "<group>"; };
		50EF629417ECD46A001EB2F8 /* Icon-80.png */ = {isa = PBXFileReference; lastKnownFileType = image.png; path = "Icon-80.png"; sourceTree = "<group>"; };
		50EF629517ECD46A001EB2F8 /* Icon-100.png */ = {isa = PBXFileReference; lastKnownFileType = image.png; path = "Icon-100.png"; sourceTree = "<group>"; };
		50EF62A017ECD613001EB2F8 /* Icon-29.png */ = {isa = PBXFileReference; lastKnownFileType = image.png; path = "Icon-29.png"; sourceTree = "<group>"; };
		50EF62A117ECD613001EB2F8 /* Icon-50.png */ = {isa = PBXFileReference; lastKnownFileType = image.png; path = "Icon-50.png"; sourceTree = "<group>"; };
		B3319FF918E3146700270DDA /* loginScene.cpp */ = {isa = PBXFileReference; fileEncoding = 4; lastKnownFileType = sourcecode.cpp.cpp; name = loginScene.cpp; path = ../Classes/loginScene.cpp; sourceTree = "<group>"; };
		B3319FFA18E3146700270DDA /* loginScene.h */ = {isa = PBXFileReference; fileEncoding = 4; lastKnownFileType = sourcecode.c.h; name = loginScene.h; path = ../Classes/loginScene.h; sourceTree = "<group>"; };
		B3319FFE18E3153700270DDA /* http.cpp */ = {isa = PBXFileReference; fileEncoding = 4; lastKnownFileType = sourcecode.cpp.cpp; name = http.cpp; path = ../Classes/http.cpp; sourceTree = "<group>"; };
		B3319FFF18E3153700270DDA /* http.h */ = {isa = PBXFileReference; fileEncoding = 4; lastKnownFileType = sourcecode.c.h; name = http.h; path = ../Classes/http.h; sourceTree = "<group>"; };
		B331A00018E3153700270DDA /* lang.cpp */ = {isa = PBXFileReference; fileEncoding = 4; lastKnownFileType = sourcecode.cpp.cpp; name = lang.cpp; path = ../Classes/lang.cpp; sourceTree = "<group>"; };
		B331A00118E3153700270DDA /* lang.h */ = {isa = PBXFileReference; fileEncoding = 4; lastKnownFileType = sourcecode.c.h; name = lang.h; path = ../Classes/lang.h; sourceTree = "<group>"; };
		B331A00218E3153700270DDA /* util.cpp */ = {isa = PBXFileReference; fileEncoding = 4; lastKnownFileType = sourcecode.cpp.cpp; name = util.cpp; path = ../Classes/util.cpp; sourceTree = "<group>"; };
		B331A00318E3153700270DDA /* util.h */ = {isa = PBXFileReference; fileEncoding = 4; lastKnownFileType = sourcecode.c.h; name = util.h; path = ../Classes/util.h; sourceTree = "<group>"; };
		B331A00D18E315B200270DDA /* sha.cpp */ = {isa = PBXFileReference; fileEncoding = 4; lastKnownFileType = sourcecode.cpp.cpp; path = sha.cpp; sourceTree = "<group>"; };
		B331A00E18E315B200270DDA /* sha.h */ = {isa = PBXFileReference; fileEncoding = 4; lastKnownFileType = sourcecode.c.h; path = sha.h; sourceTree = "<group>"; };
		B331A01018E315B200270DDA /* jsonxx.cc */ = {isa = PBXFileReference; fileEncoding = 4; lastKnownFileType = sourcecode.cpp.cpp; path = jsonxx.cc; sourceTree = "<group>"; };
		B331A01118E315B200270DDA /* jsonxx.h */ = {isa = PBXFileReference; fileEncoding = 4; lastKnownFileType = sourcecode.c.h; path = jsonxx.h; sourceTree = "<group>"; };
		B331A01318E315B200270DDA /* lwLog.h */ = {isa = PBXFileReference; fileEncoding = 4; lastKnownFileType = sourcecode.c.h; path = lwLog.h; sourceTree = "<group>"; };
		B331A04418E316A100270DDA /* .gitignore */ = {isa = PBXFileReference; fileEncoding = 4; lastKnownFileType = text; path = .gitignore; sourceTree = "<group>"; };
		B331A04518E316A100270DDA /* .travis.yml */ = {isa = PBXFileReference; fileEncoding = 4; lastKnownFileType = text; path = .travis.yml; sourceTree = "<group>"; };
		B331A04718E316A100270DDA /* b64.c */ = {isa = PBXFileReference; fileEncoding = 4; lastKnownFileType = sourcecode.c.c; path = b64.c; sourceTree = "<group>"; };
		B331A04818E316A100270DDA /* b64.h */ = {isa = PBXFileReference; fileEncoding = 4; lastKnownFileType = sourcecode.c.h; path = b64.h; sourceTree = "<group>"; };
		B331A04918E316A100270DDA /* urlsafe_b64.c */ = {isa = PBXFileReference; fileEncoding = 4; lastKnownFileType = sourcecode.c.c; path = urlsafe_b64.c; sourceTree = "<group>"; };
		B331A04A18E316A100270DDA /* urlsafe_b64.h */ = {isa = PBXFileReference; fileEncoding = 4; lastKnownFileType = sourcecode.c.h; path = urlsafe_b64.h; sourceTree = "<group>"; };
		B331A04C18E316A100270DDA /* cJSON.c */ = {isa = PBXFileReference; fileEncoding = 4; lastKnownFileType = sourcecode.c.c; path = cJSON.c; sourceTree = "<group>"; };
		B331A04D18E316A100270DDA /* cJSON.h */ = {isa = PBXFileReference; fileEncoding = 4; lastKnownFileType = sourcecode.c.h; path = cJSON.h; sourceTree = "<group>"; };
		B331A04F18E316A100270DDA /* auth_mac.c */ = {isa = PBXFileReference; fileEncoding = 4; lastKnownFileType = sourcecode.c.c; path = auth_mac.c; sourceTree = "<group>"; };
		B331A05018E316A100270DDA /* base.c */ = {isa = PBXFileReference; fileEncoding = 4; lastKnownFileType = sourcecode.c.c; path = base.c; sourceTree = "<group>"; };
		B331A05118E316A100270DDA /* base.h */ = {isa = PBXFileReference; fileEncoding = 4; lastKnownFileType = sourcecode.c.h; path = base.h; sourceTree = "<group>"; };
		B331A05218E316A100270DDA /* base_io.c */ = {isa = PBXFileReference; fileEncoding = 4; lastKnownFileType = sourcecode.c.c; path = base_io.c; sourceTree = "<group>"; };
		B331A05318E316A100270DDA /* conf.c */ = {isa = PBXFileReference; fileEncoding = 4; lastKnownFileType = sourcecode.c.c; path = conf.c; sourceTree = "<group>"; };
		B331A05418E316A100270DDA /* conf.h */ = {isa = PBXFileReference; fileEncoding = 4; lastKnownFileType = sourcecode.c.h; path = conf.h; sourceTree = "<group>"; };
		B331A05518E316A100270DDA /* http.c */ = {isa = PBXFileReference; fileEncoding = 4; lastKnownFileType = sourcecode.c.c; path = http.c; sourceTree = "<group>"; };
		B331A05618E316A100270DDA /* http.h */ = {isa = PBXFileReference; fileEncoding = 4; lastKnownFileType = sourcecode.c.h; path = http.h; sourceTree = "<group>"; };
		B331A05718E316A100270DDA /* io.c */ = {isa = PBXFileReference; fileEncoding = 4; lastKnownFileType = sourcecode.c.c; path = io.c; sourceTree = "<group>"; };
		B331A05818E316A100270DDA /* io.h */ = {isa = PBXFileReference; fileEncoding = 4; lastKnownFileType = sourcecode.c.h; path = io.h; sourceTree = "<group>"; };
		B331A05918E316A100270DDA /* qiniu.bat */ = {isa = PBXFileReference; fileEncoding = 4; lastKnownFileType = text; path = qiniu.bat; sourceTree = "<group>"; };
		B331A05A18E316A100270DDA /* qiniu.def */ = {isa = PBXFileReference; fileEncoding = 4; lastKnownFileType = text; path = qiniu.def; sourceTree = "<group>"; };
		B331A05B18E316A100270DDA /* qiniu.dsp */ = {isa = PBXFileReference; fileEncoding = 4; lastKnownFileType = text; path = qiniu.dsp; sourceTree = "<group>"; };
		B331A05C18E316A100270DDA /* resumable_io.c */ = {isa = PBXFileReference; fileEncoding = 4; lastKnownFileType = sourcecode.c.c; path = resumable_io.c; sourceTree = "<group>"; };
		B331A05D18E316A100270DDA /* resumable_io.h */ = {isa = PBXFileReference; fileEncoding = 4; lastKnownFileType = sourcecode.c.h; path = resumable_io.h; sourceTree = "<group>"; };
		B331A05E18E316A100270DDA /* rs.c */ = {isa = PBXFileReference; fileEncoding = 4; lastKnownFileType = sourcecode.c.c; path = rs.c; sourceTree = "<group>"; };
		B331A05F18E316A100270DDA /* rs.h */ = {isa = PBXFileReference; fileEncoding = 4; lastKnownFileType = sourcecode.c.h; path = rs.h; sourceTree = "<group>"; };
		B331A07218E316CF00270DDA /* LICENSE */ = {isa = PBXFileReference; fileEncoding = 4; lastKnownFileType = text; path = LICENSE; sourceTree = "<group>"; };
		B331A07418E316CF00270DDA /* aes.h */ = {isa = PBXFileReference; fileEncoding = 4; lastKnownFileType = sourcecode.c.h; path = aes.h; sourceTree = "<group>"; };
		B331A07518E316CF00270DDA /* asn1.h */ = {isa = PBXFileReference; fileEncoding = 4; lastKnownFileType = sourcecode.c.h; path = asn1.h; sourceTree = "<group>"; };
		B331A07618E316CF00270DDA /* asn1_mac.h */ = {isa = PBXFileReference; fileEncoding = 4; lastKnownFileType = sourcecode.c.h; path = asn1_mac.h; sourceTree = "<group>"; };
		B331A07718E316CF00270DDA /* asn1t.h */ = {isa = PBXFileReference; fileEncoding = 4; lastKnownFileType = sourcecode.c.h; path = asn1t.h; sourceTree = "<group>"; };
		B331A07818E316CF00270DDA /* bio.h */ = {isa = PBXFileReference; fileEncoding = 4; lastKnownFileType = sourcecode.c.h; path = bio.h; sourceTree = "<group>"; };
		B331A07918E316CF00270DDA /* blowfish.h */ = {isa = PBXFileReference; fileEncoding = 4; lastKnownFileType = sourcecode.c.h; path = blowfish.h; sourceTree = "<group>"; };
		B331A07A18E316CF00270DDA /* bn.h */ = {isa = PBXFileReference; fileEncoding = 4; lastKnownFileType = sourcecode.c.h; path = bn.h; sourceTree = "<group>"; };
		B331A07B18E316CF00270DDA /* buffer.h */ = {isa = PBXFileReference; fileEncoding = 4; lastKnownFileType = sourcecode.c.h; path = buffer.h; sourceTree = "<group>"; };
		B331A07C18E316CF00270DDA /* camellia.h */ = {isa = PBXFileReference; fileEncoding = 4; lastKnownFileType = sourcecode.c.h; path = camellia.h; sourceTree = "<group>"; };
		B331A07D18E316CF00270DDA /* cast.h */ = {isa = PBXFileReference; fileEncoding = 4; lastKnownFileType = sourcecode.c.h; path = cast.h; sourceTree = "<group>"; };
		B331A07E18E316CF00270DDA /* cmac.h */ = {isa = PBXFileReference; fileEncoding = 4; lastKnownFileType = sourcecode.c.h; path = cmac.h; sourceTree = "<group>"; };
		B331A07F18E316CF00270DDA /* cms.h */ = {isa = PBXFileReference; fileEncoding = 4; lastKnownFileType = sourcecode.c.h; path = cms.h; sourceTree = "<group>"; };
		B331A08018E316CF00270DDA /* comp.h */ = {isa = PBXFileReference; fileEncoding = 4; lastKnownFileType = sourcecode.c.h; path = comp.h; sourceTree = "<group>"; };
		B331A08118E316CF00270DDA /* conf.h */ = {isa = PBXFileReference; fileEncoding = 4; lastKnownFileType = sourcecode.c.h; path = conf.h; sourceTree = "<group>"; };
		B331A08218E316CF00270DDA /* conf_api.h */ = {isa = PBXFileReference; fileEncoding = 4; lastKnownFileType = sourcecode.c.h; path = conf_api.h; sourceTree = "<group>"; };
		B331A08318E316CF00270DDA /* crypto.h */ = {isa = PBXFileReference; fileEncoding = 4; lastKnownFileType = sourcecode.c.h; path = crypto.h; sourceTree = "<group>"; };
		B331A08418E316CF00270DDA /* des.h */ = {isa = PBXFileReference; fileEncoding = 4; lastKnownFileType = sourcecode.c.h; path = des.h; sourceTree = "<group>"; };
		B331A08518E316CF00270DDA /* des_old.h */ = {isa = PBXFileReference; fileEncoding = 4; lastKnownFileType = sourcecode.c.h; path = des_old.h; sourceTree = "<group>"; };
		B331A08618E316CF00270DDA /* dh.h */ = {isa = PBXFileReference; fileEncoding = 4; lastKnownFileType = sourcecode.c.h; path = dh.h; sourceTree = "<group>"; };
		B331A08718E316CF00270DDA /* dsa.h */ = {isa = PBXFileReference; fileEncoding = 4; lastKnownFileType = sourcecode.c.h; path = dsa.h; sourceTree = "<group>"; };
		B331A08818E316CF00270DDA /* dso.h */ = {isa = PBXFileReference; fileEncoding = 4; lastKnownFileType = sourcecode.c.h; path = dso.h; sourceTree = "<group>"; };
		B331A08918E316CF00270DDA /* dtls1.h */ = {isa = PBXFileReference; fileEncoding = 4; lastKnownFileType = sourcecode.c.h; path = dtls1.h; sourceTree = "<group>"; };
		B331A08A18E316CF00270DDA /* e_os2.h */ = {isa = PBXFileReference; fileEncoding = 4; lastKnownFileType = sourcecode.c.h; path = e_os2.h; sourceTree = "<group>"; };
		B331A08B18E316CF00270DDA /* ebcdic.h */ = {isa = PBXFileReference; fileEncoding = 4; lastKnownFileType = sourcecode.c.h; path = ebcdic.h; sourceTree = "<group>"; };
		B331A08C18E316CF00270DDA /* ec.h */ = {isa = PBXFileReference; fileEncoding = 4; lastKnownFileType = sourcecode.c.h; path = ec.h; sourceTree = "<group>"; };
		B331A08D18E316CF00270DDA /* ecdh.h */ = {isa = PBXFileReference; fileEncoding = 4; lastKnownFileType = sourcecode.c.h; path = ecdh.h; sourceTree = "<group>"; };
		B331A08E18E316CF00270DDA /* ecdsa.h */ = {isa = PBXFileReference; fileEncoding = 4; lastKnownFileType = sourcecode.c.h; path = ecdsa.h; sourceTree = "<group>"; };
		B331A08F18E316CF00270DDA /* engine.h */ = {isa = PBXFileReference; fileEncoding = 4; lastKnownFileType = sourcecode.c.h; path = engine.h; sourceTree = "<group>"; };
		B331A09018E316CF00270DDA /* err.h */ = {isa = PBXFileReference; fileEncoding = 4; lastKnownFileType = sourcecode.c.h; path = err.h; sourceTree = "<group>"; };
		B331A09118E316CF00270DDA /* evp.h */ = {isa = PBXFileReference; fileEncoding = 4; lastKnownFileType = sourcecode.c.h; path = evp.h; sourceTree = "<group>"; };
		B331A09218E316CF00270DDA /* hmac.h */ = {isa = PBXFileReference; fileEncoding = 4; lastKnownFileType = sourcecode.c.h; path = hmac.h; sourceTree = "<group>"; };
		B331A09318E316CF00270DDA /* idea.h */ = {isa = PBXFileReference; fileEncoding = 4; lastKnownFileType = sourcecode.c.h; path = idea.h; sourceTree = "<group>"; };
		B331A09418E316CF00270DDA /* krb5_asn.h */ = {isa = PBXFileReference; fileEncoding = 4; lastKnownFileType = sourcecode.c.h; path = krb5_asn.h; sourceTree = "<group>"; };
		B331A09518E316CF00270DDA /* kssl.h */ = {isa = PBXFileReference; fileEncoding = 4; lastKnownFileType = sourcecode.c.h; path = kssl.h; sourceTree = "<group>"; };
		B331A09618E316CF00270DDA /* lhash.h */ = {isa = PBXFileReference; fileEncoding = 4; lastKnownFileType = sourcecode.c.h; path = lhash.h; sourceTree = "<group>"; };
		B331A09718E316CF00270DDA /* md4.h */ = {isa = PBXFileReference; fileEncoding = 4; lastKnownFileType = sourcecode.c.h; path = md4.h; sourceTree = "<group>"; };
		B331A09818E316CF00270DDA /* md5.h */ = {isa = PBXFileReference; fileEncoding = 4; lastKnownFileType = sourcecode.c.h; path = md5.h; sourceTree = "<group>"; };
		B331A09918E316CF00270DDA /* mdc2.h */ = {isa = PBXFileReference; fileEncoding = 4; lastKnownFileType = sourcecode.c.h; path = mdc2.h; sourceTree = "<group>"; };
		B331A09A18E316CF00270DDA /* modes.h */ = {isa = PBXFileReference; fileEncoding = 4; lastKnownFileType = sourcecode.c.h; path = modes.h; sourceTree = "<group>"; };
		B331A09B18E316CF00270DDA /* obj_mac.h */ = {isa = PBXFileReference; fileEncoding = 4; lastKnownFileType = sourcecode.c.h; path = obj_mac.h; sourceTree = "<group>"; };
		B331A09C18E316CF00270DDA /* objects.h */ = {isa = PBXFileReference; fileEncoding = 4; lastKnownFileType = sourcecode.c.h; path = objects.h; sourceTree = "<group>"; };
		B331A09D18E316CF00270DDA /* ocsp.h */ = {isa = PBXFileReference; fileEncoding = 4; lastKnownFileType = sourcecode.c.h; path = ocsp.h; sourceTree = "<group>"; };
		B331A09E18E316CF00270DDA /* opensslconf.h */ = {isa = PBXFileReference; fileEncoding = 4; lastKnownFileType = sourcecode.c.h; path = opensslconf.h; sourceTree = "<group>"; };
		B331A09F18E316CF00270DDA /* opensslv.h */ = {isa = PBXFileReference; fileEncoding = 4; lastKnownFileType = sourcecode.c.h; path = opensslv.h; sourceTree = "<group>"; };
		B331A0A018E316CF00270DDA /* ossl_typ.h */ = {isa = PBXFileReference; fileEncoding = 4; lastKnownFileType = sourcecode.c.h; path = ossl_typ.h; sourceTree = "<group>"; };
		B331A0A118E316CF00270DDA /* pem.h */ = {isa = PBXFileReference; fileEncoding = 4; lastKnownFileType = sourcecode.c.h; path = pem.h; sourceTree = "<group>"; };
		B331A0A218E316CF00270DDA /* pem2.h */ = {isa = PBXFileReference; fileEncoding = 4; lastKnownFileType = sourcecode.c.h; path = pem2.h; sourceTree = "<group>"; };
		B331A0A318E316CF00270DDA /* pkcs12.h */ = {isa = PBXFileReference; fileEncoding = 4; lastKnownFileType = sourcecode.c.h; path = pkcs12.h; sourceTree = "<group>"; };
		B331A0A418E316CF00270DDA /* pkcs7.h */ = {isa = PBXFileReference; fileEncoding = 4; lastKnownFileType = sourcecode.c.h; path = pkcs7.h; sourceTree = "<group>"; };
		B331A0A518E316CF00270DDA /* pqueue.h */ = {isa = PBXFileReference; fileEncoding = 4; lastKnownFileType = sourcecode.c.h; path = pqueue.h; sourceTree = "<group>"; };
		B331A0A618E316CF00270DDA /* rand.h */ = {isa = PBXFileReference; fileEncoding = 4; lastKnownFileType = sourcecode.c.h; path = rand.h; sourceTree = "<group>"; };
		B331A0A718E316CF00270DDA /* rc2.h */ = {isa = PBXFileReference; fileEncoding = 4; lastKnownFileType = sourcecode.c.h; path = rc2.h; sourceTree = "<group>"; };
		B331A0A818E316CF00270DDA /* rc4.h */ = {isa = PBXFileReference; fileEncoding = 4; lastKnownFileType = sourcecode.c.h; path = rc4.h; sourceTree = "<group>"; };
		B331A0A918E316CF00270DDA /* ripemd.h */ = {isa = PBXFileReference; fileEncoding = 4; lastKnownFileType = sourcecode.c.h; path = ripemd.h; sourceTree = "<group>"; };
		B331A0AA18E316CF00270DDA /* rsa.h */ = {isa = PBXFileReference; fileEncoding = 4; lastKnownFileType = sourcecode.c.h; path = rsa.h; sourceTree = "<group>"; };
		B331A0AB18E316CF00270DDA /* safestack.h */ = {isa = PBXFileReference; fileEncoding = 4; lastKnownFileType = sourcecode.c.h; path = safestack.h; sourceTree = "<group>"; };
		B331A0AC18E316CF00270DDA /* seed.h */ = {isa = PBXFileReference; fileEncoding = 4; lastKnownFileType = sourcecode.c.h; path = seed.h; sourceTree = "<group>"; };
		B331A0AD18E316CF00270DDA /* sha.h */ = {isa = PBXFileReference; fileEncoding = 4; lastKnownFileType = sourcecode.c.h; path = sha.h; sourceTree = "<group>"; };
		B331A0AE18E316CF00270DDA /* srp.h */ = {isa = PBXFileReference; fileEncoding = 4; lastKnownFileType = sourcecode.c.h; path = srp.h; sourceTree = "<group>"; };
		B331A0AF18E316CF00270DDA /* srtp.h */ = {isa = PBXFileReference; fileEncoding = 4; lastKnownFileType = sourcecode.c.h; path = srtp.h; sourceTree = "<group>"; };
		B331A0B018E316CF00270DDA /* ssl.h */ = {isa = PBXFileReference; fileEncoding = 4; lastKnownFileType = sourcecode.c.h; path = ssl.h; sourceTree = "<group>"; };
		B331A0B118E316CF00270DDA /* ssl2.h */ = {isa = PBXFileReference; fileEncoding = 4; lastKnownFileType = sourcecode.c.h; path = ssl2.h; sourceTree = "<group>"; };
		B331A0B218E316CF00270DDA /* ssl23.h */ = {isa = PBXFileReference; fileEncoding = 4; lastKnownFileType = sourcecode.c.h; path = ssl23.h; sourceTree = "<group>"; };
		B331A0B318E316CF00270DDA /* ssl3.h */ = {isa = PBXFileReference; fileEncoding = 4; lastKnownFileType = sourcecode.c.h; path = ssl3.h; sourceTree = "<group>"; };
		B331A0B418E316CF00270DDA /* stack.h */ = {isa = PBXFileReference; fileEncoding = 4; lastKnownFileType = sourcecode.c.h; path = stack.h; sourceTree = "<group>"; };
		B331A0B518E316CF00270DDA /* symhacks.h */ = {isa = PBXFileReference; fileEncoding = 4; lastKnownFileType = sourcecode.c.h; path = symhacks.h; sourceTree = "<group>"; };
		B331A0B618E316CF00270DDA /* tls1.h */ = {isa = PBXFileReference; fileEncoding = 4; lastKnownFileType = sourcecode.c.h; path = tls1.h; sourceTree = "<group>"; };
		B331A0B718E316CF00270DDA /* ts.h */ = {isa = PBXFileReference; fileEncoding = 4; lastKnownFileType = sourcecode.c.h; path = ts.h; sourceTree = "<group>"; };
		B331A0B818E316CF00270DDA /* txt_db.h */ = {isa = PBXFileReference; fileEncoding = 4; lastKnownFileType = sourcecode.c.h; path = txt_db.h; sourceTree = "<group>"; };
		B331A0B918E316CF00270DDA /* ui.h */ = {isa = PBXFileReference; fileEncoding = 4; lastKnownFileType = sourcecode.c.h; path = ui.h; sourceTree = "<group>"; };
		B331A0BA18E316CF00270DDA /* ui_compat.h */ = {isa = PBXFileReference; fileEncoding = 4; lastKnownFileType = sourcecode.c.h; path = ui_compat.h; sourceTree = "<group>"; };
		B331A0BB18E316CF00270DDA /* whrlpool.h */ = {isa = PBXFileReference; fileEncoding = 4; lastKnownFileType = sourcecode.c.h; path = whrlpool.h; sourceTree = "<group>"; };
		B331A0BC18E316CF00270DDA /* x509.h */ = {isa = PBXFileReference; fileEncoding = 4; lastKnownFileType = sourcecode.c.h; path = x509.h; sourceTree = "<group>"; };
		B331A0BD18E316CF00270DDA /* x509_vfy.h */ = {isa = PBXFileReference; fileEncoding = 4; lastKnownFileType = sourcecode.c.h; path = x509_vfy.h; sourceTree = "<group>"; };
		B331A0BE18E316CF00270DDA /* x509v3.h */ = {isa = PBXFileReference; fileEncoding = 4; lastKnownFileType = sourcecode.c.h; path = x509v3.h; sourceTree = "<group>"; };
		B331A0C018E316CF00270DDA /* libcrypto.a */ = {isa = PBXFileReference; lastKnownFileType = archive.ar; path = libcrypto.a; sourceTree = "<group>"; };
		B331A0C118E316CF00270DDA /* libssl.a */ = {isa = PBXFileReference; lastKnownFileType = archive.ar; path = libssl.a; sourceTree = "<group>"; };
		B331A0C618E3173D00270DDA /* libcurl_arm64.a */ = {isa = PBXFileReference; lastKnownFileType = archive.ar; name = libcurl_arm64.a; path = ../cocos2d/external/curl/prebuilt/ios/libcurl_arm64.a; sourceTree = "<group>"; };
		B331A0C718E3173D00270DDA /* libcurl.a */ = {isa = PBXFileReference; lastKnownFileType = archive.ar; name = libcurl.a; path = ../cocos2d/external/curl/prebuilt/ios/libcurl.a; sourceTree = "<group>"; };
		B3BF01BB18E944D1004E109E /* gameplay.cpp */ = {isa = PBXFileReference; fileEncoding = 4; lastKnownFileType = sourcecode.cpp.cpp; name = gameplay.cpp; path = ../Classes/gameplay.cpp; sourceTree = "<group>"; };
		B3BF01BC18E944D1004E109E /* gameplay.h */ = {isa = PBXFileReference; fileEncoding = 4; lastKnownFileType = sourcecode.c.h; name = gameplay.h; path = ../Classes/gameplay.h; sourceTree = "<group>"; };
		B3BF01BD18E944D1004E109E /* gifTexture.cpp */ = {isa = PBXFileReference; fileEncoding = 4; lastKnownFileType = sourcecode.cpp.cpp; name = gifTexture.cpp; path = ../Classes/gifTexture.cpp; sourceTree = "<group>"; };
		B3BF01BE18E944D1004E109E /* gifTexture.h */ = {isa = PBXFileReference; fileEncoding = 4; lastKnownFileType = sourcecode.c.h; name = gifTexture.h; path = ../Classes/gifTexture.h; sourceTree = "<group>"; };
		B3BF01C618E94783004E109E /* dgif_lib.c */ = {isa = PBXFileReference; fileEncoding = 4; lastKnownFileType = sourcecode.c.c; path = dgif_lib.c; sourceTree = "<group>"; };
		B3BF01C718E94783004E109E /* egif_lib.c */ = {isa = PBXFileReference; fileEncoding = 4; lastKnownFileType = sourcecode.c.c; path = egif_lib.c; sourceTree = "<group>"; };
		B3BF01C818E94783004E109E /* gif_err.c */ = {isa = PBXFileReference; fileEncoding = 4; lastKnownFileType = sourcecode.c.c; path = gif_err.c; sourceTree = "<group>"; };
		B3BF01C918E94783004E109E /* gif_font.c */ = {isa = PBXFileReference; fileEncoding = 4; lastKnownFileType = sourcecode.c.c; path = gif_font.c; sourceTree = "<group>"; };
		B3BF01CA18E94783004E109E /* gif_hash.c */ = {isa = PBXFileReference; fileEncoding = 4; lastKnownFileType = sourcecode.c.c; path = gif_hash.c; sourceTree = "<group>"; };
		B3BF01CB18E94783004E109E /* gif_hash.h */ = {isa = PBXFileReference; fileEncoding = 4; lastKnownFileType = sourcecode.c.h; path = gif_hash.h; sourceTree = "<group>"; };
		B3BF01CC18E94783004E109E /* gif_lib.h */ = {isa = PBXFileReference; fileEncoding = 4; lastKnownFileType = sourcecode.c.h; path = gif_lib.h; sourceTree = "<group>"; };
		B3BF01CD18E94783004E109E /* gif_lib_private.h */ = {isa = PBXFileReference; fileEncoding = 4; lastKnownFileType = sourcecode.c.h; path = gif_lib_private.h; sourceTree = "<group>"; };
		B3BF01CE18E94783004E109E /* gifalloc.c */ = {isa = PBXFileReference; fileEncoding = 4; lastKnownFileType = sourcecode.c.c; path = gifalloc.c; sourceTree = "<group>"; };
		B3BF01CF18E94783004E109E /* quantize.c */ = {isa = PBXFileReference; fileEncoding = 4; lastKnownFileType = sourcecode.c.c; path = quantize.c; sourceTree = "<group>"; };
		B3BF01D718E947CD004E109E /* spriteLoader.cpp */ = {isa = PBXFileReference; fileEncoding = 4; lastKnownFileType = sourcecode.cpp.cpp; name = spriteLoader.cpp; path = ../Classes/spriteLoader.cpp; sourceTree = "<group>"; };
		B3BF01D818E947CD004E109E /* spriteLoader.h */ = {isa = PBXFileReference; fileEncoding = 4; lastKnownFileType = sourcecode.c.h; name = spriteLoader.h; path = ../Classes/spriteLoader.h; sourceTree = "<group>"; };
		B3BF01DA18E94CFA004E109E /* sliderScene.cpp */ = {isa = PBXFileReference; fileEncoding = 4; lastKnownFileType = sourcecode.cpp.cpp; name = sliderScene.cpp; path = ../Classes/sliderScene.cpp; sourceTree = "<group>"; };
		B3BF01DB18E94CFA004E109E /* sliderScene.h */ = {isa = PBXFileReference; fileEncoding = 4; lastKnownFileType = sourcecode.c.h; name = sliderScene.h; path = ../Classes/sliderScene.h; sourceTree = "<group>"; };
		B3BF01DD18E960F9004E109E /* packLoadingScene.cpp */ = {isa = PBXFileReference; fileEncoding = 4; lastKnownFileType = sourcecode.cpp.cpp; name = packLoadingScene.cpp; path = ../Classes/packLoadingScene.cpp; sourceTree = "<group>"; };
		B3BF01DE18E960F9004E109E /* packLoadingScene.h */ = {isa = PBXFileReference; fileEncoding = 4; lastKnownFileType = sourcecode.c.h; name = packLoadingScene.h; path = ../Classes/packLoadingScene.h; sourceTree = "<group>"; };
		B3BF01E018EDC597004E109E /* img */ = {isa = PBXFileReference; lastKnownFileType = folder; name = img; path = ../res/img; sourceTree = "<group>"; };
		B3BF984718E324E90022EE49 /* db.cpp */ = {isa = PBXFileReference; fileEncoding = 4; lastKnownFileType = sourcecode.cpp.cpp; name = db.cpp; path = ../Classes/db.cpp; sourceTree = "<group>"; };
		B3BF984818E324E90022EE49 /* db.h */ = {isa = PBXFileReference; fileEncoding = 4; lastKnownFileType = sourcecode.c.h; name = db.h; path = ../Classes/db.h; sourceTree = "<group>"; };
		B3BF984C18E3258A0022EE49 /* libsqlite3.dylib */ = {isa = PBXFileReference; lastKnownFileType = "compiled.mach-o.dylib"; name = libsqlite3.dylib; path = Platforms/iPhoneOS.platform/Developer/SDKs/iPhoneOS7.1.sdk/usr/lib/libsqlite3.dylib; sourceTree = DEVELOPER_DIR; };
		B3BF984F18E328330022EE49 /* lang */ = {isa = PBXFileReference; lastKnownFileType = folder; name = lang; path = ../res/lang; sourceTree = "<group>"; };
		B3BF985118E3283C0022EE49 /* default */ = {isa = PBXFileReference; lastKnownFileType = folder; name = default; path = ../res/default; sourceTree = "<group>"; };
		B3BF985318E3284A0022EE49 /* audio */ = {isa = PBXFileReference; lastKnownFileType = folder; name = audio; path = ../res/audio; sourceTree = "<group>"; };
		B3BF985418E3284A0022EE49 /* ui */ = {isa = PBXFileReference; lastKnownFileType = folder; name = ui; path = ../res/ui; sourceTree = "<group>"; };
		B3BF986418E333000022EE49 /* eventHomeScene.cpp */ = {isa = PBXFileReference; fileEncoding = 4; lastKnownFileType = sourcecode.cpp.cpp; name = eventHomeScene.cpp; path = ../Classes/eventHomeScene.cpp; sourceTree = "<group>"; };
		B3BF986518E333000022EE49 /* eventHomeScene.h */ = {isa = PBXFileReference; fileEncoding = 4; lastKnownFileType = sourcecode.c.h; name = eventHomeScene.h; path = ../Classes/eventHomeScene.h; sourceTree = "<group>"; };
		B3BF986618E333000022EE49 /* eventListScene.cpp */ = {isa = PBXFileReference; fileEncoding = 4; lastKnownFileType = sourcecode.cpp.cpp; name = eventListScene.cpp; path = ../Classes/eventListScene.cpp; sourceTree = "<group>"; };
		B3BF986718E333000022EE49 /* eventListScene.h */ = {isa = PBXFileReference; fileEncoding = 4; lastKnownFileType = sourcecode.c.h; name = eventListScene.h; path = ../Classes/eventListScene.h; sourceTree = "<group>"; };
		B3BF986818E333000022EE49 /* eventRoundLayer.cpp */ = {isa = PBXFileReference; fileEncoding = 4; lastKnownFileType = sourcecode.cpp.cpp; name = eventRoundLayer.cpp; path = ../Classes/eventRoundLayer.cpp; sourceTree = "<group>"; };
		B3BF986918E333000022EE49 /* eventRoundLayer.h */ = {isa = PBXFileReference; fileEncoding = 4; lastKnownFileType = sourcecode.c.h; name = eventRoundLayer.h; path = ../Classes/eventRoundLayer.h; sourceTree = "<group>"; };
		B3BF986D18E3357D0022EE49 /* pack.cpp */ = {isa = PBXFileReference; fileEncoding = 4; lastKnownFileType = sourcecode.cpp.cpp; name = pack.cpp; path = ../Classes/pack.cpp; sourceTree = "<group>"; };
		B3BF986E18E3357D0022EE49 /* pack.h */ = {isa = PBXFileReference; fileEncoding = 4; lastKnownFileType = sourcecode.c.h; name = pack.h; path = ../Classes/pack.h; sourceTree = "<group>"; };
		B3BF987018E335AA0022EE49 /* dragView.cpp */ = {isa = PBXFileReference; fileEncoding = 4; lastKnownFileType = sourcecode.cpp.cpp; name = dragView.cpp; path = ../Classes/dragView.cpp; sourceTree = "<group>"; };
		B3BF987118E335AB0022EE49 /* dragView.h */ = {isa = PBXFileReference; fileEncoding = 4; lastKnownFileType = sourcecode.c.h; name = dragView.h; path = ../Classes/dragView.h; sourceTree = "<group>"; };
		B3E752A218E5C96E00966119 /* button.cpp */ = {isa = PBXFileReference; fileEncoding = 4; lastKnownFileType = sourcecode.cpp.cpp; name = button.cpp; path = ../Classes/button.cpp; sourceTree = "<group>"; };
		B3E752A318E5C96E00966119 /* button.h */ = {isa = PBXFileReference; fileEncoding = 4; lastKnownFileType = sourcecode.c.h; name = button.h; path = ../Classes/button.h; sourceTree = "<group>"; };
		BF170DB012928DE900B8313A /* OpenGLES.framework */ = {isa = PBXFileReference; lastKnownFileType = wrapper.framework; name = OpenGLES.framework; path = System/Library/Frameworks/OpenGLES.framework; sourceTree = SDKROOT; };
		BF170DB412928DE900B8313A /* libz.dylib */ = {isa = PBXFileReference; lastKnownFileType = "compiled.mach-o.dylib"; name = libz.dylib; path = usr/lib/libz.dylib; sourceTree = SDKROOT; };
		BF1C47EA1293683800B63C5D /* QuartzCore.framework */ = {isa = PBXFileReference; lastKnownFileType = wrapper.framework; name = QuartzCore.framework; path = System/Library/Frameworks/QuartzCore.framework; sourceTree = SDKROOT; };
		D44C620B132DFF330009C878 /* OpenAL.framework */ = {isa = PBXFileReference; lastKnownFileType = wrapper.framework; name = OpenAL.framework; path = System/Library/Frameworks/OpenAL.framework; sourceTree = SDKROOT; };
		D44C620D132DFF430009C878 /* AVFoundation.framework */ = {isa = PBXFileReference; lastKnownFileType = wrapper.framework; name = AVFoundation.framework; path = System/Library/Frameworks/AVFoundation.framework; sourceTree = SDKROOT; };
		D44C620F132DFF4E0009C878 /* AudioToolbox.framework */ = {isa = PBXFileReference; lastKnownFileType = wrapper.framework; name = AudioToolbox.framework; path = System/Library/Frameworks/AudioToolbox.framework; sourceTree = SDKROOT; };
		D6B0611A1803AB670077942B /* CoreMotion.framework */ = {isa = PBXFileReference; lastKnownFileType = wrapper.framework; name = CoreMotion.framework; path = Platforms/iPhoneOS.platform/Developer/SDKs/iPhoneOS7.0.sdk/System/Library/Frameworks/CoreMotion.framework; sourceTree = DEVELOPER_DIR; };
/* End PBXFileReference section */

/* Begin PBXFrameworksBuildPhase section */
		1D60588F0D05DD3D006BFB54 /* Frameworks */ = {
			isa = PBXFrameworksBuildPhase;
			buildActionMask = 2147483647;
			files = (
				B3BF987918E40D830022EE49 /* libcurl_arm64.a in Frameworks */,
				B3BF987A18E40D830022EE49 /* libcurl.a in Frameworks */,
				B331A0C318E316CF00270DDA /* libcrypto.a in Frameworks */,
				B331A0C418E316D000270DDA /* libssl.a in Frameworks */,
				B3BF984D18E3258A0022EE49 /* libsqlite3.dylib in Frameworks */,
				1AC6FB2E180E99EB004C840B /* libbox2d iOS.a in Frameworks */,
				1AC6FB2F180E99EB004C840B /* libchipmunk iOS.a in Frameworks */,
				1AC6FB30180E99EB004C840B /* libcocos2dx iOS.a in Frameworks */,
				1AC6FB31180E99EB004C840B /* libcocos2dx-extensions iOS.a in Frameworks */,
				1AC6FB32180E99EB004C840B /* libCocosDenshion iOS.a in Frameworks */,
				D6B0611B1803AB670077942B /* CoreMotion.framework in Frameworks */,
				1D60589F0D05DD5A006BFB54 /* Foundation.framework in Frameworks */,
				1DF5F4E00D08C38300B7A737 /* UIKit.framework in Frameworks */,
				288765A50DF7441C002DB57D /* CoreGraphics.framework in Frameworks */,
				BF171245129291EC00B8313A /* OpenGLES.framework in Frameworks */,
				BF1712471292920000B8313A /* libz.dylib in Frameworks */,
				BF1C47F01293687400B63C5D /* QuartzCore.framework in Frameworks */,
				D44C620C132DFF330009C878 /* OpenAL.framework in Frameworks */,
				D44C620E132DFF430009C878 /* AVFoundation.framework in Frameworks */,
				D44C6210132DFF4E0009C878 /* AudioToolbox.framework in Frameworks */,
			);
			runOnlyForDeploymentPostprocessing = 0;
		};
		5087E75C17EB910900C73F5D /* Frameworks */ = {
			isa = PBXFrameworksBuildPhase;
			buildActionMask = 2147483647;
			files = (
				1AC6FB1F180E996B004C840B /* libbox2d Mac.a in Frameworks */,
				1AC6FB20180E996B004C840B /* libchipmunk Mac.a in Frameworks */,
				1AC6FB21180E996B004C840B /* libcocos2dx Mac.a in Frameworks */,
				1AC6FB22180E996B004C840B /* libcocos2dx-extensions Mac.a in Frameworks */,
				1AC6FB23180E996B004C840B /* libCocosDenshion Mac.a in Frameworks */,
				503AE11217EB99EE00D1A890 /* libcurl.dylib in Frameworks */,
				5087E76717EB910900C73F5D /* libz.dylib in Frameworks */,
				503AE11B17EB9C5A00D1A890 /* IOKit.framework in Frameworks */,
				5087E78B17EB975400C73F5D /* OpenGL.framework in Frameworks */,
				5087E78917EB974C00C73F5D /* AppKit.framework in Frameworks */,
				5087E76317EB910900C73F5D /* Foundation.framework in Frameworks */,
				5087E76517EB910900C73F5D /* CoreGraphics.framework in Frameworks */,
				5087E76817EB910900C73F5D /* QuartzCore.framework in Frameworks */,
				5087E76917EB910900C73F5D /* OpenAL.framework in Frameworks */,
				5087E76A17EB910900C73F5D /* AVFoundation.framework in Frameworks */,
				5087E76B17EB910900C73F5D /* AudioToolbox.framework in Frameworks */,
			);
			runOnlyForDeploymentPostprocessing = 0;
		};
/* End PBXFrameworksBuildPhase section */

/* Begin PBXGroup section */
		080E96DDFE201D6D7F000001 /* ios */ = {
			isa = PBXGroup;
			children = (
				5087E77117EB970100C73F5D /* Icons */,
				503AE0FA17EB989F00D1A890 /* AppController.h */,
				503AE0FB17EB989F00D1A890 /* AppController.mm */,
				503AE0FC17EB989F00D1A890 /* main.m */,
				503AE0FD17EB989F00D1A890 /* Prefix.pch */,
				503AE0FE17EB989F00D1A890 /* RootViewController.h */,
				503AE0FF17EB989F00D1A890 /* RootViewController.mm */,
			);
			name = ios;
			path = Classes;
			sourceTree = "<group>";
		};
		15AA9C4015B7EC450033D6C2 /* Classes */ = {
			isa = PBXGroup;
			children = (
				B331A00718E3153E00270DDA /* scene */,
				B331A00818E3154F00270DDA /* util */,
				1AFAF8B316D35DE700DB1158 /* AppDelegate.cpp */,
				1AFAF8B416D35DE700DB1158 /* AppDelegate.h */,
				1AFAF8B516D35DE700DB1158 /* HelloWorldScene.cpp */,
				1AFAF8B616D35DE700DB1158 /* HelloWorldScene.h */,
			);
			name = Classes;
			path = ../classes;
			sourceTree = "<group>";
		};
		19C28FACFE9D520D11CA2CBB /* Products */ = {
			isa = PBXGroup;
			children = (
				1D6058910D05DD3D006BFB54 /* sliders iOS.app */,
				5087E76F17EB910900C73F5D /* sliders Mac.app */,
			);
			name = Products;
			sourceTree = "<group>";
		};
		1AC6FAE6180E9839004C840B /* Products */ = {
			isa = PBXGroup;
			children = (
				1AC6FAF9180E9839004C840B /* libcocos2dx Mac.a */,
				1AC6FAFB180E9839004C840B /* libcocos2dx-extensions Mac.a */,
				1AC6FAFD180E9839004C840B /* libchipmunk Mac.a */,
				1AC6FAFF180E9839004C840B /* libbox2d Mac.a */,
				1AC6FB01180E9839004C840B /* libCocosDenshion Mac.a */,
				1AC6FB07180E9839004C840B /* libcocos2dx iOS.a */,
				1AC6FB09180E9839004C840B /* libcocos2dx-extensions iOS.a */,
				1AC6FB0B180E9839004C840B /* libchipmunk iOS.a */,
				1AC6FB0D180E9839004C840B /* libbox2d iOS.a */,
				1AC6FB0F180E9839004C840B /* libCocosDenshion iOS.a */,
			);
			name = Products;
			sourceTree = "<group>";
		};
		29B97314FDCFA39411CA2CEA /* CustomTemplate */ = {
			isa = PBXGroup;
			children = (
				1AC6FAE5180E9839004C840B /* cocos2d_libs.xcodeproj */,
				15AA9C4015B7EC450033D6C2 /* Classes */,
				B3BF984E18E328170022EE49 /* res */,
				B331A00B18E315B200270DDA /* external */,
				29B97323FDCFA39411CA2CEA /* Frameworks */,
				080E96DDFE201D6D7F000001 /* ios */,
				503AE10617EB990700D1A890 /* mac */,
				19C28FACFE9D520D11CA2CBB /* Products */,
				78C7DDAA14EBA5050085D0C2 /* Resources */,
			);
			name = CustomTemplate;
			sourceTree = "<group>";
		};
		29B97323FDCFA39411CA2CEA /* Frameworks */ = {
			isa = PBXGroup;
			children = (
				B3BF984C18E3258A0022EE49 /* libsqlite3.dylib */,
				B331A0C618E3173D00270DDA /* libcurl_arm64.a */,
				B331A0C718E3173D00270DDA /* libcurl.a */,
				D6B0611A1803AB670077942B /* CoreMotion.framework */,
				503AE11A17EB9C5A00D1A890 /* IOKit.framework */,
				503AE11117EB99EE00D1A890 /* libcurl.dylib */,
				5087E78A17EB975400C73F5D /* OpenGL.framework */,
				5087E78817EB974C00C73F5D /* AppKit.framework */,
				1ACB3243164770DE00914215 /* libcurl.a */,
				BF170DB412928DE900B8313A /* libz.dylib */,
				D44C620F132DFF4E0009C878 /* AudioToolbox.framework */,
				D44C620D132DFF430009C878 /* AVFoundation.framework */,
				288765A40DF7441C002DB57D /* CoreGraphics.framework */,
				1D30AB110D05D00D00671497 /* Foundation.framework */,
				D44C620B132DFF330009C878 /* OpenAL.framework */,
				BF170DB012928DE900B8313A /* OpenGLES.framework */,
				BF1C47EA1293683800B63C5D /* QuartzCore.framework */,
				1DF5F4DF0D08C38300B7A737 /* UIKit.framework */,
			);
			name = Frameworks;
			sourceTree = "<group>";
		};
		503AE0F517EB97AB00D1A890 /* Icons */ = {
			isa = PBXGroup;
			children = (
				503AE0F617EB97AB00D1A890 /* Icon.icns */,
				503AE0F717EB97AB00D1A890 /* Info.plist */,
			);
			name = Icons;
			path = mac;
			sourceTree = SOURCE_ROOT;
		};
		503AE10617EB990700D1A890 /* mac */ = {
			isa = PBXGroup;
			children = (
				503AE0F517EB97AB00D1A890 /* Icons */,
				503AE10317EB98FF00D1A890 /* main.cpp */,
				503AE10417EB98FF00D1A890 /* Prefix.pch */,
			);
			name = mac;
			sourceTree = "<group>";
		};
		5087E77117EB970100C73F5D /* Icons */ = {
			isa = PBXGroup;
			children = (
				5087E77217EB970100C73F5D /* Default-568h@2x.png */,
				5087E77317EB970100C73F5D /* Default.png */,
				5087E77417EB970100C73F5D /* Default@2x.png */,
				50EF62A017ECD613001EB2F8 /* Icon-29.png */,
				50EF62A117ECD613001EB2F8 /* Icon-50.png */,
				50EF629217ECD46A001EB2F8 /* Icon-40.png */,
				50EF629317ECD46A001EB2F8 /* Icon-58.png */,
				50EF629417ECD46A001EB2F8 /* Icon-80.png */,
				50EF629517ECD46A001EB2F8 /* Icon-100.png */,
				5087E77517EB970100C73F5D /* Icon-114.png */,
				5087E77617EB970100C73F5D /* Icon-120.png */,
				5087E77717EB970100C73F5D /* Icon-144.png */,
				5087E77817EB970100C73F5D /* Icon-152.png */,
				5087E77917EB970100C73F5D /* Icon-57.png */,
				5087E77A17EB970100C73F5D /* Icon-72.png */,
				5087E77B17EB970100C73F5D /* Icon-76.png */,
				5087E77C17EB970100C73F5D /* Info.plist */,
			);
			name = Icons;
			path = ios;
			sourceTree = SOURCE_ROOT;
		};
		78C7DDAA14EBA5050085D0C2 /* Resources */ = {
			isa = PBXGroup;
			children = (
				1AFAF8B916D35E4900DB1158 /* CloseNormal.png */,
				1AFAF8BA16D35E4900DB1158 /* CloseSelected.png */,
				1AFAF8BB16D35E4900DB1158 /* HelloWorld.png */,
			);
			name = Resources;
			path = ../Resources;
			sourceTree = "<group>";
		};
		B331A00718E3153E00270DDA /* scene */ = {
			isa = PBXGroup;
			children = (
				B3319FF918E3146700270DDA /* loginScene.cpp */,
				B3319FFA18E3146700270DDA /* loginScene.h */,
				B3BF986618E333000022EE49 /* eventListScene.cpp */,
				B3BF986718E333000022EE49 /* eventListScene.h */,
				B3BF986418E333000022EE49 /* eventHomeScene.cpp */,
				B3BF986518E333000022EE49 /* eventHomeScene.h */,
				B3BF986818E333000022EE49 /* eventRoundLayer.cpp */,
				B3BF986918E333000022EE49 /* eventRoundLayer.h */,
				B3BF01DD18E960F9004E109E /* packLoadingScene.cpp */,
				B3BF01DE18E960F9004E109E /* packLoadingScene.h */,
				B3BF01DA18E94CFA004E109E /* sliderScene.cpp */,
				B3BF01DB18E94CFA004E109E /* sliderScene.h */,
			);
			name = scene;
			sourceTree = "<group>";
		};
		B331A00818E3154F00270DDA /* util */ = {
			isa = PBXGroup;
			children = (
				B3BF01BB18E944D1004E109E /* gameplay.cpp */,
				B3BF01BC18E944D1004E109E /* gameplay.h */,
				B3BF01BD18E944D1004E109E /* gifTexture.cpp */,
				B3BF01BE18E944D1004E109E /* gifTexture.h */,
				B3BF01D718E947CD004E109E /* spriteLoader.cpp */,
				B3BF01D818E947CD004E109E /* spriteLoader.h */,
				B3E752A218E5C96E00966119 /* button.cpp */,
				B3E752A318E5C96E00966119 /* button.h */,
				B3BF987018E335AA0022EE49 /* dragView.cpp */,
				B3BF987118E335AB0022EE49 /* dragView.h */,
				B3BF986D18E3357D0022EE49 /* pack.cpp */,
				B3BF986E18E3357D0022EE49 /* pack.h */,
				B3BF984718E324E90022EE49 /* db.cpp */,
				B3BF984818E324E90022EE49 /* db.h */,
				B3319FFE18E3153700270DDA /* http.cpp */,
				B3319FFF18E3153700270DDA /* http.h */,
				B331A00018E3153700270DDA /* lang.cpp */,
				B331A00118E3153700270DDA /* lang.h */,
				B331A00218E3153700270DDA /* util.cpp */,
				B331A00318E3153700270DDA /* util.h */,
			);
			name = util;
			sourceTree = "<group>";
		};
		B331A00B18E315B200270DDA /* external */ = {
			isa = PBXGroup;
			children = (
				B3BF01C518E94783004E109E /* giflib */,
				B331A07018E316CF00270DDA /* openssl */,
				B331A04318E316A100270DDA /* qiniu */,
				B331A00C18E315B200270DDA /* crypto */,
				B331A00F18E315B200270DDA /* jsonxx */,
				B331A01218E315B200270DDA /* lw */,
			);
			name = external;
			path = ../external;
			sourceTree = "<group>";
		};
		B331A00C18E315B200270DDA /* crypto */ = {
			isa = PBXGroup;
			children = (
				B331A00D18E315B200270DDA /* sha.cpp */,
				B331A00E18E315B200270DDA /* sha.h */,
			);
			path = crypto;
			sourceTree = "<group>";
		};
		B331A00F18E315B200270DDA /* jsonxx */ = {
			isa = PBXGroup;
			children = (
				B331A01018E315B200270DDA /* jsonxx.cc */,
				B331A01118E315B200270DDA /* jsonxx.h */,
			);
			path = jsonxx;
			sourceTree = "<group>";
		};
		B331A01218E315B200270DDA /* lw */ = {
			isa = PBXGroup;
			children = (
				B331A01318E315B200270DDA /* lwLog.h */,
			);
			path = lw;
			sourceTree = "<group>";
		};
		B331A04318E316A100270DDA /* qiniu */ = {
			isa = PBXGroup;
			children = (
				B331A04418E316A100270DDA /* .gitignore */,
				B331A04518E316A100270DDA /* .travis.yml */,
				B331A04618E316A100270DDA /* b64 */,
				B331A04B18E316A100270DDA /* cJSON */,
				B331A04E18E316A100270DDA /* qiniu */,
			);
			path = qiniu;
			sourceTree = "<group>";
		};
		B331A04618E316A100270DDA /* b64 */ = {
			isa = PBXGroup;
			children = (
				B331A04718E316A100270DDA /* b64.c */,
				B331A04818E316A100270DDA /* b64.h */,
				B331A04918E316A100270DDA /* urlsafe_b64.c */,
				B331A04A18E316A100270DDA /* urlsafe_b64.h */,
			);
			path = b64;
			sourceTree = "<group>";
		};
		B331A04B18E316A100270DDA /* cJSON */ = {
			isa = PBXGroup;
			children = (
				B331A04C18E316A100270DDA /* cJSON.c */,
				B331A04D18E316A100270DDA /* cJSON.h */,
			);
			path = cJSON;
			sourceTree = "<group>";
		};
		B331A04E18E316A100270DDA /* qiniu */ = {
			isa = PBXGroup;
			children = (
				B331A04F18E316A100270DDA /* auth_mac.c */,
				B331A05018E316A100270DDA /* base.c */,
				B331A05118E316A100270DDA /* base.h */,
				B331A05218E316A100270DDA /* base_io.c */,
				B331A05318E316A100270DDA /* conf.c */,
				B331A05418E316A100270DDA /* conf.h */,
				B331A05518E316A100270DDA /* http.c */,
				B331A05618E316A100270DDA /* http.h */,
				B331A05718E316A100270DDA /* io.c */,
				B331A05818E316A100270DDA /* io.h */,
				B331A05918E316A100270DDA /* qiniu.bat */,
				B331A05A18E316A100270DDA /* qiniu.def */,
				B331A05B18E316A100270DDA /* qiniu.dsp */,
				B331A05C18E316A100270DDA /* resumable_io.c */,
				B331A05D18E316A100270DDA /* resumable_io.h */,
				B331A05E18E316A100270DDA /* rs.c */,
				B331A05F18E316A100270DDA /* rs.h */,
			);
			path = qiniu;
			sourceTree = "<group>";
		};
		B331A07018E316CF00270DDA /* openssl */ = {
			isa = PBXGroup;
			children = (
				B331A07118E316CF00270DDA /* include */,
				B331A0BF18E316CF00270DDA /* lib */,
			);
			path = openssl;
			sourceTree = "<group>";
		};
		B331A07118E316CF00270DDA /* include */ = {
			isa = PBXGroup;
			children = (
				B331A07218E316CF00270DDA /* LICENSE */,
				B331A07318E316CF00270DDA /* openssl */,
			);
			path = include;
			sourceTree = "<group>";
		};
		B331A07318E316CF00270DDA /* openssl */ = {
			isa = PBXGroup;
			children = (
				B331A07418E316CF00270DDA /* aes.h */,
				B331A07518E316CF00270DDA /* asn1.h */,
				B331A07618E316CF00270DDA /* asn1_mac.h */,
				B331A07718E316CF00270DDA /* asn1t.h */,
				B331A07818E316CF00270DDA /* bio.h */,
				B331A07918E316CF00270DDA /* blowfish.h */,
				B331A07A18E316CF00270DDA /* bn.h */,
				B331A07B18E316CF00270DDA /* buffer.h */,
				B331A07C18E316CF00270DDA /* camellia.h */,
				B331A07D18E316CF00270DDA /* cast.h */,
				B331A07E18E316CF00270DDA /* cmac.h */,
				B331A07F18E316CF00270DDA /* cms.h */,
				B331A08018E316CF00270DDA /* comp.h */,
				B331A08118E316CF00270DDA /* conf.h */,
				B331A08218E316CF00270DDA /* conf_api.h */,
				B331A08318E316CF00270DDA /* crypto.h */,
				B331A08418E316CF00270DDA /* des.h */,
				B331A08518E316CF00270DDA /* des_old.h */,
				B331A08618E316CF00270DDA /* dh.h */,
				B331A08718E316CF00270DDA /* dsa.h */,
				B331A08818E316CF00270DDA /* dso.h */,
				B331A08918E316CF00270DDA /* dtls1.h */,
				B331A08A18E316CF00270DDA /* e_os2.h */,
				B331A08B18E316CF00270DDA /* ebcdic.h */,
				B331A08C18E316CF00270DDA /* ec.h */,
				B331A08D18E316CF00270DDA /* ecdh.h */,
				B331A08E18E316CF00270DDA /* ecdsa.h */,
				B331A08F18E316CF00270DDA /* engine.h */,
				B331A09018E316CF00270DDA /* err.h */,
				B331A09118E316CF00270DDA /* evp.h */,
				B331A09218E316CF00270DDA /* hmac.h */,
				B331A09318E316CF00270DDA /* idea.h */,
				B331A09418E316CF00270DDA /* krb5_asn.h */,
				B331A09518E316CF00270DDA /* kssl.h */,
				B331A09618E316CF00270DDA /* lhash.h */,
				B331A09718E316CF00270DDA /* md4.h */,
				B331A09818E316CF00270DDA /* md5.h */,
				B331A09918E316CF00270DDA /* mdc2.h */,
				B331A09A18E316CF00270DDA /* modes.h */,
				B331A09B18E316CF00270DDA /* obj_mac.h */,
				B331A09C18E316CF00270DDA /* objects.h */,
				B331A09D18E316CF00270DDA /* ocsp.h */,
				B331A09E18E316CF00270DDA /* opensslconf.h */,
				B331A09F18E316CF00270DDA /* opensslv.h */,
				B331A0A018E316CF00270DDA /* ossl_typ.h */,
				B331A0A118E316CF00270DDA /* pem.h */,
				B331A0A218E316CF00270DDA /* pem2.h */,
				B331A0A318E316CF00270DDA /* pkcs12.h */,
				B331A0A418E316CF00270DDA /* pkcs7.h */,
				B331A0A518E316CF00270DDA /* pqueue.h */,
				B331A0A618E316CF00270DDA /* rand.h */,
				B331A0A718E316CF00270DDA /* rc2.h */,
				B331A0A818E316CF00270DDA /* rc4.h */,
				B331A0A918E316CF00270DDA /* ripemd.h */,
				B331A0AA18E316CF00270DDA /* rsa.h */,
				B331A0AB18E316CF00270DDA /* safestack.h */,
				B331A0AC18E316CF00270DDA /* seed.h */,
				B331A0AD18E316CF00270DDA /* sha.h */,
				B331A0AE18E316CF00270DDA /* srp.h */,
				B331A0AF18E316CF00270DDA /* srtp.h */,
				B331A0B018E316CF00270DDA /* ssl.h */,
				B331A0B118E316CF00270DDA /* ssl2.h */,
				B331A0B218E316CF00270DDA /* ssl23.h */,
				B331A0B318E316CF00270DDA /* ssl3.h */,
				B331A0B418E316CF00270DDA /* stack.h */,
				B331A0B518E316CF00270DDA /* symhacks.h */,
				B331A0B618E316CF00270DDA /* tls1.h */,
				B331A0B718E316CF00270DDA /* ts.h */,
				B331A0B818E316CF00270DDA /* txt_db.h */,
				B331A0B918E316CF00270DDA /* ui.h */,
				B331A0BA18E316CF00270DDA /* ui_compat.h */,
				B331A0BB18E316CF00270DDA /* whrlpool.h */,
				B331A0BC18E316CF00270DDA /* x509.h */,
				B331A0BD18E316CF00270DDA /* x509_vfy.h */,
				B331A0BE18E316CF00270DDA /* x509v3.h */,
			);
			path = openssl;
			sourceTree = "<group>";
		};
		B331A0BF18E316CF00270DDA /* lib */ = {
			isa = PBXGroup;
			children = (
				B331A0C018E316CF00270DDA /* libcrypto.a */,
				B331A0C118E316CF00270DDA /* libssl.a */,
			);
			path = lib;
			sourceTree = "<group>";
		};
		B3BF01C518E94783004E109E /* giflib */ = {
			isa = PBXGroup;
			children = (
				B3BF01C618E94783004E109E /* dgif_lib.c */,
				B3BF01C718E94783004E109E /* egif_lib.c */,
				B3BF01C818E94783004E109E /* gif_err.c */,
				B3BF01C918E94783004E109E /* gif_font.c */,
				B3BF01CA18E94783004E109E /* gif_hash.c */,
				B3BF01CB18E94783004E109E /* gif_hash.h */,
				B3BF01CC18E94783004E109E /* gif_lib.h */,
				B3BF01CD18E94783004E109E /* gif_lib_private.h */,
				B3BF01CE18E94783004E109E /* gifalloc.c */,
				B3BF01CF18E94783004E109E /* quantize.c */,
			);
			path = giflib;
			sourceTree = "<group>";
		};
		B3BF984E18E328170022EE49 /* res */ = {
			isa = PBXGroup;
			children = (
				B3BF01E018EDC597004E109E /* img */,
				B3BF985318E3284A0022EE49 /* audio */,
				B3BF985418E3284A0022EE49 /* ui */,
				B3BF985118E3283C0022EE49 /* default */,
				B3BF984F18E328330022EE49 /* lang */,
			);
			name = res;
			sourceTree = "<group>";
		};
/* End PBXGroup section */

/* Begin PBXNativeTarget section */
		1D6058900D05DD3D006BFB54 /* sliders iOS */ = {
			isa = PBXNativeTarget;
			buildConfigurationList = 1D6058960D05DD3E006BFB54 /* Build configuration list for PBXNativeTarget "sliders iOS" */;
			buildPhases = (
				1D60588D0D05DD3D006BFB54 /* Resources */,
				1D60588E0D05DD3D006BFB54 /* Sources */,
				1D60588F0D05DD3D006BFB54 /* Frameworks */,
			);
			buildRules = (
			);
			dependencies = (
				1AC6FB25180E99E1004C840B /* PBXTargetDependency */,
				1AC6FB27180E99E1004C840B /* PBXTargetDependency */,
				1AC6FB29180E99E1004C840B /* PBXTargetDependency */,
				1AC6FB2B180E99E1004C840B /* PBXTargetDependency */,
				1AC6FB2D180E99E1004C840B /* PBXTargetDependency */,
			);
			name = "sliders iOS";
			productName = iphone;
			productReference = 1D6058910D05DD3D006BFB54 /* sliders iOS.app */;
			productType = "com.apple.product-type.application";
		};
		5087E73D17EB910900C73F5D /* sliders Mac */ = {
			isa = PBXNativeTarget;
			buildConfigurationList = 5087E76C17EB910900C73F5D /* Build configuration list for PBXNativeTarget "sliders Mac" */;
			buildPhases = (
				5087E74817EB910900C73F5D /* Resources */,
				5087E75617EB910900C73F5D /* Sources */,
				5087E75C17EB910900C73F5D /* Frameworks */,
			);
			buildRules = (
			);
			dependencies = (
				1AC6FB1E180E9963004C840B /* PBXTargetDependency */,
				1AC6FB16180E9959004C840B /* PBXTargetDependency */,
				1AC6FB18180E9959004C840B /* PBXTargetDependency */,
				1AC6FB1A180E9959004C840B /* PBXTargetDependency */,
				1AC6FB1C180E9959004C840B /* PBXTargetDependency */,
			);
			name = "sliders Mac";
			productName = iphone;
			productReference = 5087E76F17EB910900C73F5D /* sliders Mac.app */;
			productType = "com.apple.product-type.application";
		};
/* End PBXNativeTarget section */

/* Begin PBXProject section */
		29B97313FDCFA39411CA2CEA /* Project object */ = {
			isa = PBXProject;
			attributes = {
				LastUpgradeCheck = 0500;
				TargetAttributes = {
					1D6058900D05DD3D006BFB54 = {
						DevelopmentTeam = H3SSTE2WW4;
					};
				};
			};
			buildConfigurationList = C01FCF4E08A954540054247B /* Build configuration list for PBXProject "sliders" */;
			compatibilityVersion = "Xcode 3.2";
			developmentRegion = English;
			hasScannedForEncodings = 1;
			knownRegions = (
				English,
				Japanese,
				French,
				German,
			);
			mainGroup = 29B97314FDCFA39411CA2CEA /* CustomTemplate */;
			projectDirPath = "";
			projectReferences = (
				{
					ProductGroup = 1AC6FAE6180E9839004C840B /* Products */;
					ProjectRef = 1AC6FAE5180E9839004C840B /* cocos2d_libs.xcodeproj */;
				},
			);
			projectRoot = "";
			targets = (
				1D6058900D05DD3D006BFB54 /* sliders iOS */,
				5087E73D17EB910900C73F5D /* sliders Mac */,
			);
		};
/* End PBXProject section */

/* Begin PBXReferenceProxy section */
		1AC6FAF9180E9839004C840B /* libcocos2dx Mac.a */ = {
			isa = PBXReferenceProxy;
			fileType = archive.ar;
			path = "libcocos2dx Mac.a";
			remoteRef = 1AC6FAF8180E9839004C840B /* PBXContainerItemProxy */;
			sourceTree = BUILT_PRODUCTS_DIR;
		};
		1AC6FAFB180E9839004C840B /* libcocos2dx-extensions Mac.a */ = {
			isa = PBXReferenceProxy;
			fileType = archive.ar;
			path = "libcocos2dx-extensions Mac.a";
			remoteRef = 1AC6FAFA180E9839004C840B /* PBXContainerItemProxy */;
			sourceTree = BUILT_PRODUCTS_DIR;
		};
		1AC6FAFD180E9839004C840B /* libchipmunk Mac.a */ = {
			isa = PBXReferenceProxy;
			fileType = archive.ar;
			path = "libchipmunk Mac.a";
			remoteRef = 1AC6FAFC180E9839004C840B /* PBXContainerItemProxy */;
			sourceTree = BUILT_PRODUCTS_DIR;
		};
		1AC6FAFF180E9839004C840B /* libbox2d Mac.a */ = {
			isa = PBXReferenceProxy;
			fileType = archive.ar;
			path = "libbox2d Mac.a";
			remoteRef = 1AC6FAFE180E9839004C840B /* PBXContainerItemProxy */;
			sourceTree = BUILT_PRODUCTS_DIR;
		};
		1AC6FB01180E9839004C840B /* libCocosDenshion Mac.a */ = {
			isa = PBXReferenceProxy;
			fileType = archive.ar;
			path = "libCocosDenshion Mac.a";
			remoteRef = 1AC6FB00180E9839004C840B /* PBXContainerItemProxy */;
			sourceTree = BUILT_PRODUCTS_DIR;
		};
		1AC6FB07180E9839004C840B /* libcocos2dx iOS.a */ = {
			isa = PBXReferenceProxy;
			fileType = archive.ar;
			path = "libcocos2dx iOS.a";
			remoteRef = 1AC6FB06180E9839004C840B /* PBXContainerItemProxy */;
			sourceTree = BUILT_PRODUCTS_DIR;
		};
		1AC6FB09180E9839004C840B /* libcocos2dx-extensions iOS.a */ = {
			isa = PBXReferenceProxy;
			fileType = archive.ar;
			path = "libcocos2dx-extensions iOS.a";
			remoteRef = 1AC6FB08180E9839004C840B /* PBXContainerItemProxy */;
			sourceTree = BUILT_PRODUCTS_DIR;
		};
		1AC6FB0B180E9839004C840B /* libchipmunk iOS.a */ = {
			isa = PBXReferenceProxy;
			fileType = archive.ar;
			path = "libchipmunk iOS.a";
			remoteRef = 1AC6FB0A180E9839004C840B /* PBXContainerItemProxy */;
			sourceTree = BUILT_PRODUCTS_DIR;
		};
		1AC6FB0D180E9839004C840B /* libbox2d iOS.a */ = {
			isa = PBXReferenceProxy;
			fileType = archive.ar;
			path = "libbox2d iOS.a";
			remoteRef = 1AC6FB0C180E9839004C840B /* PBXContainerItemProxy */;
			sourceTree = BUILT_PRODUCTS_DIR;
		};
		1AC6FB0F180E9839004C840B /* libCocosDenshion iOS.a */ = {
			isa = PBXReferenceProxy;
			fileType = archive.ar;
			path = "libCocosDenshion iOS.a";
			remoteRef = 1AC6FB0E180E9839004C840B /* PBXContainerItemProxy */;
			sourceTree = BUILT_PRODUCTS_DIR;
		};
/* End PBXReferenceProxy section */

/* Begin PBXResourcesBuildPhase section */
		1D60588D0D05DD3D006BFB54 /* Resources */ = {
			isa = PBXResourcesBuildPhase;
			buildActionMask = 2147483647;
			files = (
				B3BF01E118EDC597004E109E /* img in Resources */,
				B3BF985218E3283C0022EE49 /* default in Resources */,
				B331A06018E316A100270DDA /* .gitignore in Resources */,
				5087E78117EB970100C73F5D /* Icon-120.png in Resources */,
				B3BF985018E328330022EE49 /* lang in Resources */,
				5087E78617EB970100C73F5D /* Icon-76.png in Resources */,
				5087E77F17EB970100C73F5D /* Default@2x.png in Resources */,
				50EF629917ECD46A001EB2F8 /* Icon-100.png in Resources */,
				1AFAF8BC16D35E4900DB1158 /* CloseNormal.png in Resources */,
				5087E78317EB970100C73F5D /* Icon-152.png in Resources */,
				5087E77D17EB970100C73F5D /* Default-568h@2x.png in Resources */,
				5087E78517EB970100C73F5D /* Icon-72.png in Resources */,
				B331A0C218E316CF00270DDA /* LICENSE in Resources */,
				1AFAF8BD16D35E4900DB1158 /* CloseSelected.png in Resources */,
				B331A06B18E316A100270DDA /* qiniu.bat in Resources */,
				50EF62A317ECD613001EB2F8 /* Icon-50.png in Resources */,
				B331A06D18E316A100270DDA /* qiniu.dsp in Resources */,
				5087E78017EB970100C73F5D /* Icon-114.png in Resources */,
				B331A06118E316A100270DDA /* .travis.yml in Resources */,
				1AFAF8BE16D35E4900DB1158 /* HelloWorld.png in Resources */,
				50EF62A217ECD613001EB2F8 /* Icon-29.png in Resources */,
				50EF629617ECD46A001EB2F8 /* Icon-40.png in Resources */,
				5087E78217EB970100C73F5D /* Icon-144.png in Resources */,
				50EF629817ECD46A001EB2F8 /* Icon-80.png in Resources */,
				B3BF985518E3284A0022EE49 /* audio in Resources */,
				5087E78417EB970100C73F5D /* Icon-57.png in Resources */,
				5087E77E17EB970100C73F5D /* Default.png in Resources */,
				B331A06C18E316A100270DDA /* qiniu.def in Resources */,
				B3BF985618E3284A0022EE49 /* ui in Resources */,
				50EF629717ECD46A001EB2F8 /* Icon-58.png in Resources */,
			);
			runOnlyForDeploymentPostprocessing = 0;
		};
		5087E74817EB910900C73F5D /* Resources */ = {
			isa = PBXResourcesBuildPhase;
			buildActionMask = 2147483647;
			files = (
				5087E75317EB910900C73F5D /* CloseNormal.png in Resources */,
				503AE0F817EB97AB00D1A890 /* Icon.icns in Resources */,
				5087E75417EB910900C73F5D /* CloseSelected.png in Resources */,
				5087E75517EB910900C73F5D /* HelloWorld.png in Resources */,
			);
			runOnlyForDeploymentPostprocessing = 0;
		};
/* End PBXResourcesBuildPhase section */

/* Begin PBXSourcesBuildPhase section */
		1D60588E0D05DD3D006BFB54 /* Sources */ = {
			isa = PBXSourcesBuildPhase;
			buildActionMask = 2147483647;
			files = (
				B331A01418E315B200270DDA /* sha.cpp in Sources */,
				B331A06518E316A100270DDA /* auth_mac.c in Sources */,
				B3BF986F18E3357D0022EE49 /* pack.cpp in Sources */,
				B331A06618E316A100270DDA /* base.c in Sources */,
				B3BF01D118E94783004E109E /* egif_lib.c in Sources */,
				503AE10017EB989F00D1A890 /* AppController.mm in Sources */,
				503AE10217EB989F00D1A890 /* RootViewController.mm in Sources */,
				B3BF987218E335AB0022EE49 /* dragView.cpp in Sources */,
				B331A06A18E316A100270DDA /* io.c in Sources */,
				B331A00618E3153700270DDA /* util.cpp in Sources */,
				B331A01518E315B200270DDA /* jsonxx.cc in Sources */,
				1AFAF8B716D35DE700DB1158 /* AppDelegate.cpp in Sources */,
				B3BF01D018E94783004E109E /* dgif_lib.c in Sources */,
				B331A06218E316A100270DDA /* b64.c in Sources */,
				B3BF01D218E94783004E109E /* gif_err.c in Sources */,
				B331A06818E316A100270DDA /* conf.c in Sources */,
				B331A00518E3153700270DDA /* lang.cpp in Sources */,
				B3BF01DC18E94CFA004E109E /* sliderScene.cpp in Sources */,
				B3BF01D918E947CD004E109E /* spriteLoader.cpp in Sources */,
				B3BF01D318E94783004E109E /* gif_font.c in Sources */,
				B3BF986A18E333000022EE49 /* eventHomeScene.cpp in Sources */,
				B331A06318E316A100270DDA /* urlsafe_b64.c in Sources */,
				B3BF984918E324E90022EE49 /* db.cpp in Sources */,
				B331A00418E3153700270DDA /* http.cpp in Sources */,
				B331A06918E316A100270DDA /* http.c in Sources */,
				B331A06718E316A100270DDA /* base_io.c in Sources */,
				B3BF01D418E94783004E109E /* gif_hash.c in Sources */,
				B331A06F18E316A100270DDA /* rs.c in Sources */,
				B3BF01C018E944D1004E109E /* gifTexture.cpp in Sources */,
				B3BF01D518E94783004E109E /* gifalloc.c in Sources */,
				B3BF01D618E94783004E109E /* quantize.c in Sources */,
				B3BF01DF18E960F9004E109E /* packLoadingScene.cpp in Sources */,
				B3BF986B18E333000022EE49 /* eventListScene.cpp in Sources */,
				503AE10117EB989F00D1A890 /* main.m in Sources */,
				B3BF01BF18E944D1004E109E /* gameplay.cpp in Sources */,
				B331A06418E316A100270DDA /* cJSON.c in Sources */,
				B331A06E18E316A100270DDA /* resumable_io.c in Sources */,
				B3BF986C18E333000022EE49 /* eventRoundLayer.cpp in Sources */,
				B3319FFB18E3146700270DDA /* loginScene.cpp in Sources */,
				1AFAF8B816D35DE700DB1158 /* HelloWorldScene.cpp in Sources */,
				B3E752A418E5C96E00966119 /* button.cpp in Sources */,
			);
			runOnlyForDeploymentPostprocessing = 0;
		};
		5087E75617EB910900C73F5D /* Sources */ = {
			isa = PBXSourcesBuildPhase;
			buildActionMask = 2147483647;
			files = (
				5087E75717EB910900C73F5D /* AppDelegate.cpp in Sources */,
				5087E75817EB910900C73F5D /* HelloWorldScene.cpp in Sources */,
				503AE10517EB98FF00D1A890 /* main.cpp in Sources */,
			);
			runOnlyForDeploymentPostprocessing = 0;
		};
/* End PBXSourcesBuildPhase section */

/* Begin PBXTargetDependency section */
		1AC6FB16180E9959004C840B /* PBXTargetDependency */ = {
			isa = PBXTargetDependency;
			name = "cocos2dx Mac";
			targetProxy = 1AC6FB15180E9959004C840B /* PBXContainerItemProxy */;
		};
		1AC6FB18180E9959004C840B /* PBXTargetDependency */ = {
			isa = PBXTargetDependency;
			name = "cocos2dx-extensions Mac";
			targetProxy = 1AC6FB17180E9959004C840B /* PBXContainerItemProxy */;
		};
		1AC6FB1A180E9959004C840B /* PBXTargetDependency */ = {
			isa = PBXTargetDependency;
			name = "chipmunk Mac";
			targetProxy = 1AC6FB19180E9959004C840B /* PBXContainerItemProxy */;
		};
		1AC6FB1C180E9959004C840B /* PBXTargetDependency */ = {
			isa = PBXTargetDependency;
			name = "CocosDenshion Mac";
			targetProxy = 1AC6FB1B180E9959004C840B /* PBXContainerItemProxy */;
		};
		1AC6FB1E180E9963004C840B /* PBXTargetDependency */ = {
			isa = PBXTargetDependency;
			name = "box2d Mac";
			targetProxy = 1AC6FB1D180E9963004C840B /* PBXContainerItemProxy */;
		};
		1AC6FB25180E99E1004C840B /* PBXTargetDependency */ = {
			isa = PBXTargetDependency;
			name = "cocos2dx iOS";
			targetProxy = 1AC6FB24180E99E1004C840B /* PBXContainerItemProxy */;
		};
		1AC6FB27180E99E1004C840B /* PBXTargetDependency */ = {
			isa = PBXTargetDependency;
			name = "cocos2dx-extensions iOS";
			targetProxy = 1AC6FB26180E99E1004C840B /* PBXContainerItemProxy */;
		};
		1AC6FB29180E99E1004C840B /* PBXTargetDependency */ = {
			isa = PBXTargetDependency;
			name = "chipmunk iOS";
			targetProxy = 1AC6FB28180E99E1004C840B /* PBXContainerItemProxy */;
		};
		1AC6FB2B180E99E1004C840B /* PBXTargetDependency */ = {
			isa = PBXTargetDependency;
			name = "box2d iOS";
			targetProxy = 1AC6FB2A180E99E1004C840B /* PBXContainerItemProxy */;
		};
		1AC6FB2D180E99E1004C840B /* PBXTargetDependency */ = {
			isa = PBXTargetDependency;
			name = "CocosDenshion iOS";
			targetProxy = 1AC6FB2C180E99E1004C840B /* PBXContainerItemProxy */;
		};
/* End PBXTargetDependency section */

/* Begin XCBuildConfiguration section */
		1D6058940D05DD3E006BFB54 /* Debug */ = {
			isa = XCBuildConfiguration;
			buildSettings = {
				ALWAYS_SEARCH_USER_PATHS = YES;
				CODE_SIGN_IDENTITY = "iPhone Developer";
				"CODE_SIGN_IDENTITY[sdk=iphoneos*]" = "iPhone Developer";
				COMPRESS_PNG_FILES = NO;
				GCC_DYNAMIC_NO_PIC = NO;
				GCC_INLINES_ARE_PRIVATE_EXTERN = NO;
				GCC_PRECOMPILE_PREFIX_HEADER = YES;
				GCC_PREFIX_HEADER = ios/Prefix.pch;
				GCC_PREPROCESSOR_DEFINITIONS = (
					USE_FILE32API,
					CC_TARGET_OS_IPHONE,
					"COCOS2D_DEBUG=1",
					"CC_ENABLE_CHIPMUNK_INTEGRATION=1",
				);
				GCC_SYMBOLS_PRIVATE_EXTERN = NO;
				HEADER_SEARCH_PATHS = (
					"$(inherited)",
					"$(SRCROOT)/../cocos2d/cocos/2d/platform/ios",
					"$(SRCROOT)/../cocos2d/cocos/2d/platform/ios/Simulation",
					"$(SRCROOT)/../external",
					../external/qiniu,
					../external/openssl/include,
					../cocos2d/external/curl/include/ios,
				);
				INFOPLIST_FILE = ios/Info.plist;
				IPHONEOS_DEPLOYMENT_TARGET = 5.0;
				LIBRARY_SEARCH_PATHS = (
					/Users/weili/Documents/projects/2014/sliders/client/external/openssl/lib,
					/Users/weili/Documents/projects/2014/sliders/client/cocos2d/external/curl/prebuilt/ios,
					/Users/weili/Documents/projects/2014/delight/client2/cocos2d/external/curl/prebuilt/ios,
					/Users/weili/Documents/projects/2014/delight/client2/external/openssl/lib,
				);
				PROVISIONING_PROFILE = "";
				SDKROOT = iphoneos;
				TARGETED_DEVICE_FAMILY = "1,2";
				USER_HEADER_SEARCH_PATHS = "";
			};
			name = Debug;
		};
		1D6058950D05DD3E006BFB54 /* Release */ = {
			isa = XCBuildConfiguration;
			buildSettings = {
				ALWAYS_SEARCH_USER_PATHS = YES;
				CODE_SIGN_IDENTITY = "iPhone Developer";
				"CODE_SIGN_IDENTITY[sdk=iphoneos*]" = "iPhone Developer";
				COMPRESS_PNG_FILES = NO;
				GCC_INLINES_ARE_PRIVATE_EXTERN = NO;
				GCC_PRECOMPILE_PREFIX_HEADER = YES;
				GCC_PREFIX_HEADER = ios/Prefix.pch;
				GCC_PREPROCESSOR_DEFINITIONS = (
					USE_FILE32API,
					CC_TARGET_OS_IPHONE,
					"CC_ENABLE_CHIPMUNK_INTEGRATION=1",
				);
				GCC_SYMBOLS_PRIVATE_EXTERN = NO;
				HEADER_SEARCH_PATHS = (
					"$(inherited)",
					"$(SRCROOT)/../cocos2d/cocos/2d/platform/ios",
					"$(SRCROOT)/../cocos2d/cocos/2d/platform/ios/Simulation",
					"$(SRCROOT)/../external",
					../external/qiniu,
					../external/openssl/include,
					../cocos2d/external/curl/include/ios,
				);
				INFOPLIST_FILE = ios/Info.plist;
				IPHONEOS_DEPLOYMENT_TARGET = 5.0;
				LIBRARY_SEARCH_PATHS = (
					/Users/weili/Documents/projects/2014/sliders/client/external/openssl/lib,
					/Users/weili/Documents/projects/2014/sliders/client/cocos2d/external/curl/prebuilt/ios,
					/Users/weili/Documents/projects/2014/delight/client2/cocos2d/external/curl/prebuilt/ios,
					/Users/weili/Documents/projects/2014/delight/client2/external/openssl/lib,
				);
				PROVISIONING_PROFILE = "";
				SDKROOT = iphoneos;
				TARGETED_DEVICE_FAMILY = "1,2";
				USER_HEADER_SEARCH_PATHS = "";
			};
			name = Release;
		};
		5087E76D17EB910900C73F5D /* Debug */ = {
			isa = XCBuildConfiguration;
			buildSettings = {
				ALWAYS_SEARCH_USER_PATHS = YES;
				ARCHS = "$(ARCHS_STANDARD_64_BIT)";
				CLANG_CXX_LANGUAGE_STANDARD = "c++0x";
				CLANG_CXX_LIBRARY = "libc++";
				GCC_DYNAMIC_NO_PIC = NO;
				GCC_INLINES_ARE_PRIVATE_EXTERN = NO;
				GCC_PRECOMPILE_PREFIX_HEADER = YES;
				GCC_PREFIX_HEADER = mac/Prefix.pch;
				GCC_PREPROCESSOR_DEFINITIONS = (
					USE_FILE32API,
					CC_TARGET_OS_MAC,
					"COCOS2D_DEBUG=1",
					"CC_ENABLE_CHIPMUNK_INTEGRATION=1",
				);
				GCC_SYMBOLS_PRIVATE_EXTERN = NO;
				HEADER_SEARCH_PATHS = (
					"$(inherited)",
					"$(SRCROOT)/../cocos2d/cocos/2d/platform/mac",
					"$(SRCROOT)/../cocos2d/external/glfw3/include/mac",
				);
				INFOPLIST_FILE = mac/Info.plist;
				LIBRARY_SEARCH_PATHS = "";
				USER_HEADER_SEARCH_PATHS = "";
			};
			name = Debug;
		};
		5087E76E17EB910900C73F5D /* Release */ = {
			isa = XCBuildConfiguration;
			buildSettings = {
				ALWAYS_SEARCH_USER_PATHS = YES;
				ARCHS = "$(ARCHS_STANDARD_64_BIT)";
				CLANG_CXX_LANGUAGE_STANDARD = "c++0x";
				CLANG_CXX_LIBRARY = "libc++";
				GCC_INLINES_ARE_PRIVATE_EXTERN = NO;
				GCC_PRECOMPILE_PREFIX_HEADER = YES;
				GCC_PREFIX_HEADER = mac/Prefix.pch;
				GCC_PREPROCESSOR_DEFINITIONS = (
					USE_FILE32API,
					CC_TARGET_OS_MAC,
					"CC_ENABLE_CHIPMUNK_INTEGRATION=1",
				);
				GCC_SYMBOLS_PRIVATE_EXTERN = NO;
				HEADER_SEARCH_PATHS = (
					"$(inherited)",
					"$(SRCROOT)/../cocos2d/cocos/2d/platform/mac",
					"$(SRCROOT)/../cocos2d/external/glfw3/include/mac",
				);
				INFOPLIST_FILE = mac/Info.plist;
				LIBRARY_SEARCH_PATHS = "";
				USER_HEADER_SEARCH_PATHS = "";
			};
			name = Release;
		};
		C01FCF4F08A954540054247B /* Debug */ = {
			isa = XCBuildConfiguration;
			buildSettings = {
				CLANG_CXX_LANGUAGE_STANDARD = "c++0x";
				CLANG_CXX_LIBRARY = "libc++";
				COPY_PHASE_STRIP = NO;
				GCC_OPTIMIZATION_LEVEL = 0;
				GCC_WARN_ABOUT_RETURN_TYPE = YES;
				GCC_WARN_UNUSED_VARIABLE = YES;
				HEADER_SEARCH_PATHS = (
					"$(SRCROOT)/../cocos2d",
					"$(SRCROOT)/../cocos2d/cocos",
					"$(SRCROOT)/../cocos2d/cocos/base",
					"$(SRCROOT)/../cocos2d/cocos/physics",
					"$(SRCROOT)/../cocos2d/cocos/math/kazmath",
					"$(SRCROOT)/../cocos2d/cocos/2d",
					"$(SRCROOT)/../cocos2d/cocos/ui",
					"$(SRCROOT)/../cocos2d/cocos/network",
					"$(SRCROOT)/../cocos2d/cocos/audio/include",
					"$(SRCROOT)/../cocos2d/cocos/editor-support",
					"$(SRCROOT)/../cocos2d/extensions",
					"$(SRCROOT)/../cocos2d/external",
					"$(SRCROOT)/../cocos2d/external/chipmunk/include/chipmunk",
				);
				ONLY_ACTIVE_ARCH = YES;
				PRODUCT_NAME = "$(TARGET_NAME)";
				SDKROOT = macosx;
			};
			name = Debug;
		};
		C01FCF5008A954540054247B /* Release */ = {
			isa = XCBuildConfiguration;
			buildSettings = {
				CLANG_CXX_LANGUAGE_STANDARD = "c++0x";
				CLANG_CXX_LIBRARY = "libc++";
				GCC_WARN_ABOUT_RETURN_TYPE = YES;
				GCC_WARN_UNUSED_VARIABLE = YES;
				HEADER_SEARCH_PATHS = (
					"$(SRCROOT)/../cocos2d",
					"$(SRCROOT)/../cocos2d/cocos",
					"$(SRCROOT)/../cocos2d/cocos/base",
					"$(SRCROOT)/../cocos2d/cocos/physics",
					"$(SRCROOT)/../cocos2d/cocos/math/kazmath",
					"$(SRCROOT)/../cocos2d/cocos/2d",
					"$(SRCROOT)/../cocos2d/cocos/ui",
					"$(SRCROOT)/../cocos2d/cocos/network",
					"$(SRCROOT)/../cocos2d/cocos/audio/include",
					"$(SRCROOT)/../cocos2d/cocos/editor-support",
					"$(SRCROOT)/../cocos2d/extensions",
					"$(SRCROOT)/../cocos2d/external",
					"$(SRCROOT)/../cocos2d/external/chipmunk/include/chipmunk",
				);
				OTHER_CFLAGS = "-DNS_BLOCK_ASSERTIONS=1";
				PRODUCT_NAME = "$(TARGET_NAME)";
				SDKROOT = macosx;
				VALIDATE_PRODUCT = YES;
			};
			name = Release;
		};
/* End XCBuildConfiguration section */

/* Begin XCConfigurationList section */
		1D6058960D05DD3E006BFB54 /* Build configuration list for PBXNativeTarget "sliders iOS" */ = {
			isa = XCConfigurationList;
			buildConfigurations = (
				1D6058940D05DD3E006BFB54 /* Debug */,
				1D6058950D05DD3E006BFB54 /* Release */,
			);
			defaultConfigurationIsVisible = 0;
			defaultConfigurationName = Debug;
		};
		5087E76C17EB910900C73F5D /* Build configuration list for PBXNativeTarget "sliders Mac" */ = {
			isa = XCConfigurationList;
			buildConfigurations = (
				5087E76D17EB910900C73F5D /* Debug */,
				5087E76E17EB910900C73F5D /* Release */,
			);
			defaultConfigurationIsVisible = 0;
			defaultConfigurationName = Debug;
		};
		C01FCF4E08A954540054247B /* Build configuration list for PBXProject "sliders" */ = {
			isa = XCConfigurationList;
			buildConfigurations = (
				C01FCF4F08A954540054247B /* Debug */,
				C01FCF5008A954540054247B /* Release */,
			);
			defaultConfigurationIsVisible = 0;
			defaultConfigurationName = Debug;
		};
/* End XCConfigurationList section */
	};
	rootObject = 29B97313FDCFA39411CA2CEA /* Project object */;
}
